// !$*UTF8*$!
{
	archiveVersion = 1;
	classes = {
	};
	objectVersion = 46;
	objects = {

/* Begin PBXBuildFile section */
		801029051A82679F00D73C54 /* NSDictionary.swift in Sources */ = {isa = PBXBuildFile; fileRef = 801029041A82679F00D73C54 /* NSDictionary.swift */; };
		801029071A8277BE00D73C54 /* Friend.swift in Sources */ = {isa = PBXBuildFile; fileRef = 801029061A8277BE00D73C54 /* Friend.swift */; };
		801BA28B1A8A10FD008319C2 /* NSDateFormatter.swift in Sources */ = {isa = PBXBuildFile; fileRef = 801BA28A1A8A10FD008319C2 /* NSDateFormatter.swift */; };
		801BA28D1A8A1C2E008319C2 /* NSDate.swift in Sources */ = {isa = PBXBuildFile; fileRef = 801BA28C1A8A1C2E008319C2 /* NSDate.swift */; };
		801BA28F1A8A4FDC008319C2 /* FetchChunk.swift in Sources */ = {isa = PBXBuildFile; fileRef = 801BA28E1A8A4FDC008319C2 /* FetchChunk.swift */; };
		80205E8F1A7996670042E94A /* FriendEntity.swift in Sources */ = {isa = PBXBuildFile; fileRef = 80205E8E1A7996670042E94A /* FriendEntity.swift */; };
		80205E911A7996670042E94A /* PostEntity.swift in Sources */ = {isa = PBXBuildFile; fileRef = 80205E901A7996670042E94A /* PostEntity.swift */; };
		80205E931A7996670042E94A /* ProfileEntity.swift in Sources */ = {isa = PBXBuildFile; fileRef = 80205E921A7996670042E94A /* ProfileEntity.swift */; };
		803313521A74660100E54701 /* FacebookProfileViewerClasses.h in Headers */ = {isa = PBXBuildFile; fileRef = 803313511A74660100E54701 /* FacebookProfileViewerClasses.h */; settings = {ATTRIBUTES = (Public, ); }; };
		803313581A74660100E54701 /* FacebookProfileViewerClasses.framework in Frameworks */ = {isa = PBXBuildFile; fileRef = 8033134D1A74660100E54701 /* FacebookProfileViewerClasses.framework */; };
		803313611A74660100E54701 /* FacebookEndpointManagerTests.swift in Sources */ = {isa = PBXBuildFile; fileRef = 803313601A74660100E54701 /* FacebookEndpointManagerTests.swift */; };
		803313641A74660100E54701 /* FacebookProfileViewerClasses.framework in Frameworks */ = {isa = PBXBuildFile; fileRef = 8033134D1A74660100E54701 /* FacebookProfileViewerClasses.framework */; };
		803313651A74660100E54701 /* FacebookProfileViewerClasses.framework in Embed Frameworks */ = {isa = PBXBuildFile; fileRef = 8033134D1A74660100E54701 /* FacebookProfileViewerClasses.framework */; settings = {ATTRIBUTES = (CodeSignOnCopy, RemoveHeadersOnCopy, ); }; };
		803313771A74661500E54701 /* FacebookProfileViewerUI.h in Headers */ = {isa = PBXBuildFile; fileRef = 803313761A74661500E54701 /* FacebookProfileViewerUI.h */; settings = {ATTRIBUTES = (Public, ); }; };
		803313891A74661500E54701 /* FacebookProfileViewerUI.framework in Frameworks */ = {isa = PBXBuildFile; fileRef = 803313721A74661500E54701 /* FacebookProfileViewerUI.framework */; };
		8033138A1A74661500E54701 /* FacebookProfileViewerUI.framework in Embed Frameworks */ = {isa = PBXBuildFile; fileRef = 803313721A74661500E54701 /* FacebookProfileViewerUI.framework */; settings = {ATTRIBUTES = (CodeSignOnCopy, RemoveHeadersOnCopy, ); }; };
		803313941A7467EB00E54701 /* PersistenceStoreProvider.swift in Sources */ = {isa = PBXBuildFile; fileRef = 803313931A7467EB00E54701 /* PersistenceStoreProvider.swift */; };
		803313961A74687A00E54701 /* PersistenceStore.swift in Sources */ = {isa = PBXBuildFile; fileRef = 803313951A74687A00E54701 /* PersistenceStore.swift */; };
		8033139E1A746AE600E54701 /* FacebookEndpointManager.swift in Sources */ = {isa = PBXBuildFile; fileRef = 8033139D1A746AE600E54701 /* FacebookEndpointManager.swift */; };
		807E28631A7A578B005DBF05 /* UserProfile.xib in Resources */ = {isa = PBXBuildFile; fileRef = 807E28621A7A578B005DBF05 /* UserProfile.xib */; };
		807E28651A7A57EB005DBF05 /* UserProfile.swift in Sources */ = {isa = PBXBuildFile; fileRef = 807E28641A7A57EB005DBF05 /* UserProfile.swift */; };
		807E28671A7A58A3005DBF05 /* NibDesignable.swift in Sources */ = {isa = PBXBuildFile; fileRef = 807E28661A7A58A3005DBF05 /* NibDesignable.swift */; };
		807E28731A7AB703005DBF05 /* Logging.swift in Sources */ = {isa = PBXBuildFile; fileRef = 807E28721A7AB703005DBF05 /* Logging.swift */; };
		808A363C1A7EA19B00C18EC1 /* LoginScreenViewController.swift in Sources */ = {isa = PBXBuildFile; fileRef = 808A363B1A7EA19B00C18EC1 /* LoginScreenViewController.swift */; };
		808A363E1A7EA4F100C18EC1 /* NSURL.swift in Sources */ = {isa = PBXBuildFile; fileRef = 808A363D1A7EA4F100C18EC1 /* NSURL.swift */; };
		808A36401A7ECBCF00C18EC1 /* WelcomeScreenViewController.swift in Sources */ = {isa = PBXBuildFile; fileRef = 808A363F1A7ECBCF00C18EC1 /* WelcomeScreenViewController.swift */; };
		808A36421A7ED20800C18EC1 /* StoryboardSegues.swift in Sources */ = {isa = PBXBuildFile; fileRef = 808A36411A7ED20800C18EC1 /* StoryboardSegues.swift */; };
		80C3B05B1A70506A0004CBDE /* AppDelegate.swift in Sources */ = {isa = PBXBuildFile; fileRef = 80C3B05A1A70506A0004CBDE /* AppDelegate.swift */; };
		80C3B05E1A70506A0004CBDE /* FacebookProfileViewer.xcdatamodeld in Sources */ = {isa = PBXBuildFile; fileRef = 80C3B05C1A70506A0004CBDE /* FacebookProfileViewer.xcdatamodeld */; };
		80C3B0601A70506A0004CBDE /* MainViewController.swift in Sources */ = {isa = PBXBuildFile; fileRef = 80C3B05F1A70506A0004CBDE /* MainViewController.swift */; };
		80C3B0631A70506A0004CBDE /* Main.storyboard in Resources */ = {isa = PBXBuildFile; fileRef = 80C3B0611A70506A0004CBDE /* Main.storyboard */; };
		80C3B0651A70506A0004CBDE /* Images.xcassets in Resources */ = {isa = PBXBuildFile; fileRef = 80C3B0641A70506A0004CBDE /* Images.xcassets */; };
		80C3B0681A70506A0004CBDE /* LaunchScreen.xib in Resources */ = {isa = PBXBuildFile; fileRef = 80C3B0661A70506A0004CBDE /* LaunchScreen.xib */; };
		80CFEE961A7E986F00D47E62 /* AppState.swift in Sources */ = {isa = PBXBuildFile; fileRef = 80CFEE941A7E947B00D47E62 /* AppState.swift */; };
		80E4F3AD1A8A528B00254343 /* PersistenceStoreTests.swift in Sources */ = {isa = PBXBuildFile; fileRef = 80E4F3AC1A8A528B00254343 /* PersistenceStoreTests.swift */; };
		80F43D3C1A824C890084881F /* Errors.swift in Sources */ = {isa = PBXBuildFile; fileRef = 80F43D3B1A824C890084881F /* Errors.swift */; };
		80F43D3E1A8256390084881F /* EnpointTestCase.swift in Sources */ = {isa = PBXBuildFile; fileRef = 80F43D3D1A8256390084881F /* EnpointTestCase.swift */; };
		C5171BD61A837D000066E006 /* FacebookPostsLoadManager.swift in Sources */ = {isa = PBXBuildFile; fileRef = C5171BD51A837D000066E006 /* FacebookPostsLoadManager.swift */; };
		C5171BD81A83818A0066E006 /* FacebookPostsLoadManagerTests.swift in Sources */ = {isa = PBXBuildFile; fileRef = C5171BD71A83818A0066E006 /* FacebookPostsLoadManagerTests.swift */; };
		C51980DD1A811F5300BE4861 /* FacebookFriendsLoadManager.swift in Sources */ = {isa = PBXBuildFile; fileRef = C51980DC1A811F5300BE4861 /* FacebookFriendsLoadManager.swift */; };
		C51980DF1A81233A00BE4861 /* FacebookFriendsLoadManagerTests.swift in Sources */ = {isa = PBXBuildFile; fileRef = C51980DE1A81233A00BE4861 /* FacebookFriendsLoadManagerTests.swift */; };
		C51D0DDC1A839414001CBF19 /* Post.swift in Sources */ = {isa = PBXBuildFile; fileRef = C51D0DDB1A839414001CBF19 /* Post.swift */; };
		C57D70981A84E060005D488E /* FriendTableViewCell.swift in Sources */ = {isa = PBXBuildFile; fileRef = C57D70971A84E060005D488E /* FriendTableViewCell.swift */; };
		C57D709A1A84F5DD005D488E /* GlobalFunctions.swift in Sources */ = {isa = PBXBuildFile; fileRef = C57D70991A84F5DD005D488E /* GlobalFunctions.swift */; };
		C57D709C1A850689005D488E /* PostsTableViewCell.swift in Sources */ = {isa = PBXBuildFile; fileRef = C57D709B1A850689005D488E /* PostsTableViewCell.swift */; };
		C58C7BDC1A7FAF40007E3996 /* FriendsTableViewController.swift in Sources */ = {isa = PBXBuildFile; fileRef = C58C7BDA1A7FAF40007E3996 /* FriendsTableViewController.swift */; };
		C58C7BDD1A7FAF40007E3996 /* PostsTableViewController.swift in Sources */ = {isa = PBXBuildFile; fileRef = C58C7BDB1A7FAF40007E3996 /* PostsTableViewController.swift */; };
		C58C7BE01A7FB7F1007E3996 /* Profile.swift in Sources */ = {isa = PBXBuildFile; fileRef = C58C7BDF1A7FB7F1007E3996 /* Profile.swift */; };
		C58C7BE81A7FD36E007E3996 /* FacebookProfileLoadManager.swift in Sources */ = {isa = PBXBuildFile; fileRef = C58C7BE71A7FD36E007E3996 /* FacebookProfileLoadManager.swift */; };
		C5A750701A80E1930089703F /* FacebookProfileLoadManagerTests.swift in Sources */ = {isa = PBXBuildFile; fileRef = C5A7506F1A80E1930089703F /* FacebookProfileLoadManagerTests.swift */; };
/* End PBXBuildFile section */

/* Begin PBXContainerItemProxy section */
		803313591A74660100E54701 /* PBXContainerItemProxy */ = {
			isa = PBXContainerItemProxy;
			containerPortal = 80C3B04D1A70506A0004CBDE /* Project object */;
			proxyType = 1;
			remoteGlobalIDString = 8033134C1A74660100E54701;
			remoteInfo = FacebookProfileViewerClasses;
		};
		8033135B1A74660100E54701 /* PBXContainerItemProxy */ = {
			isa = PBXContainerItemProxy;
			containerPortal = 80C3B04D1A70506A0004CBDE /* Project object */;
			proxyType = 1;
			remoteGlobalIDString = 80C3B0541A70506A0004CBDE;
			remoteInfo = FacebookProfileViewer;
		};
		803313871A74661500E54701 /* PBXContainerItemProxy */ = {
			isa = PBXContainerItemProxy;
			containerPortal = 80C3B04D1A70506A0004CBDE /* Project object */;
			proxyType = 1;
			remoteGlobalIDString = 803313711A74661500E54701;
			remoteInfo = FacebookProfileViewerUI;
		};
		80493E961A8D4CAC00BDE2B8 /* PBXContainerItemProxy */ = {
			isa = PBXContainerItemProxy;
			containerPortal = 80C3B04D1A70506A0004CBDE /* Project object */;
			proxyType = 1;
			remoteGlobalIDString = 8033134C1A74660100E54701;
			remoteInfo = FacebookProfileViewerClasses;
		};
		C54D82D21A853661006A71EF /* PBXContainerItemProxy */ = {
			isa = PBXContainerItemProxy;
			containerPortal = 80C3B04D1A70506A0004CBDE /* Project object */;
			proxyType = 1;
			remoteGlobalIDString = 8033134C1A74660100E54701;
			remoteInfo = FacebookProfileViewerClasses;
		};
/* End PBXContainerItemProxy section */

/* Begin PBXCopyFilesBuildPhase section */
		8033136B1A74660100E54701 /* Embed Frameworks */ = {
			isa = PBXCopyFilesBuildPhase;
			buildActionMask = 2147483647;
			dstPath = "";
			dstSubfolderSpec = 10;
			files = (
				8033138A1A74661500E54701 /* FacebookProfileViewerUI.framework in Embed Frameworks */,
				803313651A74660100E54701 /* FacebookProfileViewerClasses.framework in Embed Frameworks */,
			);
			name = "Embed Frameworks";
			runOnlyForDeploymentPostprocessing = 0;
		};
/* End PBXCopyFilesBuildPhase section */

/* Begin PBXFileReference section */
		801029041A82679F00D73C54 /* NSDictionary.swift */ = {isa = PBXFileReference; fileEncoding = 4; lastKnownFileType = sourcecode.swift; path = NSDictionary.swift; sourceTree = "<group>"; };
		801029061A8277BE00D73C54 /* Friend.swift */ = {isa = PBXFileReference; fileEncoding = 4; lastKnownFileType = sourcecode.swift; path = Friend.swift; sourceTree = "<group>"; };
		801BA28A1A8A10FD008319C2 /* NSDateFormatter.swift */ = {isa = PBXFileReference; fileEncoding = 4; lastKnownFileType = sourcecode.swift; path = NSDateFormatter.swift; sourceTree = "<group>"; };
		801BA28C1A8A1C2E008319C2 /* NSDate.swift */ = {isa = PBXFileReference; fileEncoding = 4; lastKnownFileType = sourcecode.swift; path = NSDate.swift; sourceTree = "<group>"; };
		801BA28E1A8A4FDC008319C2 /* FetchChunk.swift */ = {isa = PBXFileReference; fileEncoding = 4; lastKnownFileType = sourcecode.swift; path = FetchChunk.swift; sourceTree = "<group>"; };
		80205E8E1A7996670042E94A /* FriendEntity.swift */ = {isa = PBXFileReference; fileEncoding = 4; lastKnownFileType = sourcecode.swift; path = FriendEntity.swift; sourceTree = "<group>"; };
		80205E901A7996670042E94A /* PostEntity.swift */ = {isa = PBXFileReference; fileEncoding = 4; lastKnownFileType = sourcecode.swift; path = PostEntity.swift; sourceTree = "<group>"; };
		80205E921A7996670042E94A /* ProfileEntity.swift */ = {isa = PBXFileReference; fileEncoding = 4; lastKnownFileType = sourcecode.swift; path = ProfileEntity.swift; sourceTree = "<group>"; };
		8033134D1A74660100E54701 /* FacebookProfileViewerClasses.framework */ = {isa = PBXFileReference; explicitFileType = wrapper.framework; includeInIndex = 0; path = FacebookProfileViewerClasses.framework; sourceTree = BUILT_PRODUCTS_DIR; };
		803313501A74660100E54701 /* Info.plist */ = {isa = PBXFileReference; lastKnownFileType = text.plist.xml; path = Info.plist; sourceTree = "<group>"; };
		803313511A74660100E54701 /* FacebookProfileViewerClasses.h */ = {isa = PBXFileReference; lastKnownFileType = sourcecode.c.h; path = FacebookProfileViewerClasses.h; sourceTree = "<group>"; };
		803313571A74660100E54701 /* FacebookProfileViewerClassesTests.xctest */ = {isa = PBXFileReference; explicitFileType = wrapper.cfbundle; includeInIndex = 0; path = FacebookProfileViewerClassesTests.xctest; sourceTree = BUILT_PRODUCTS_DIR; };
		8033135F1A74660100E54701 /* Info.plist */ = {isa = PBXFileReference; lastKnownFileType = text.plist.xml; path = Info.plist; sourceTree = "<group>"; };
		803313601A74660100E54701 /* FacebookEndpointManagerTests.swift */ = {isa = PBXFileReference; lastKnownFileType = sourcecode.swift; path = FacebookEndpointManagerTests.swift; sourceTree = "<group>"; };
		803313721A74661500E54701 /* FacebookProfileViewerUI.framework */ = {isa = PBXFileReference; explicitFileType = wrapper.framework; includeInIndex = 0; path = FacebookProfileViewerUI.framework; sourceTree = BUILT_PRODUCTS_DIR; };
		803313751A74661500E54701 /* Info.plist */ = {isa = PBXFileReference; lastKnownFileType = text.plist.xml; path = Info.plist; sourceTree = "<group>"; };
		803313761A74661500E54701 /* FacebookProfileViewerUI.h */ = {isa = PBXFileReference; lastKnownFileType = sourcecode.c.h; path = FacebookProfileViewerUI.h; sourceTree = "<group>"; };
		803313931A7467EB00E54701 /* PersistenceStoreProvider.swift */ = {isa = PBXFileReference; fileEncoding = 4; lastKnownFileType = sourcecode.swift; path = PersistenceStoreProvider.swift; sourceTree = "<group>"; };
		803313951A74687A00E54701 /* PersistenceStore.swift */ = {isa = PBXFileReference; fileEncoding = 4; lastKnownFileType = sourcecode.swift; path = PersistenceStore.swift; sourceTree = "<group>"; };
		8033139D1A746AE600E54701 /* FacebookEndpointManager.swift */ = {isa = PBXFileReference; fileEncoding = 4; lastKnownFileType = sourcecode.swift; path = FacebookEndpointManager.swift; sourceTree = "<group>"; };
		807E28621A7A578B005DBF05 /* UserProfile.xib */ = {isa = PBXFileReference; fileEncoding = 4; lastKnownFileType = file.xib; path = UserProfile.xib; sourceTree = "<group>"; };
		807E28641A7A57EB005DBF05 /* UserProfile.swift */ = {isa = PBXFileReference; fileEncoding = 4; lastKnownFileType = sourcecode.swift; path = UserProfile.swift; sourceTree = "<group>"; };
		807E28661A7A58A3005DBF05 /* NibDesignable.swift */ = {isa = PBXFileReference; fileEncoding = 4; lastKnownFileType = sourcecode.swift; path = NibDesignable.swift; sourceTree = "<group>"; };
		807E28721A7AB703005DBF05 /* Logging.swift */ = {isa = PBXFileReference; fileEncoding = 4; lastKnownFileType = sourcecode.swift; path = Logging.swift; sourceTree = "<group>"; };
		808A363B1A7EA19B00C18EC1 /* LoginScreenViewController.swift */ = {isa = PBXFileReference; fileEncoding = 4; lastKnownFileType = sourcecode.swift; path = LoginScreenViewController.swift; sourceTree = "<group>"; };
		808A363D1A7EA4F100C18EC1 /* NSURL.swift */ = {isa = PBXFileReference; fileEncoding = 4; lastKnownFileType = sourcecode.swift; path = NSURL.swift; sourceTree = "<group>"; };
		808A363F1A7ECBCF00C18EC1 /* WelcomeScreenViewController.swift */ = {isa = PBXFileReference; fileEncoding = 4; lastKnownFileType = sourcecode.swift; path = WelcomeScreenViewController.swift; sourceTree = "<group>"; };
		808A36411A7ED20800C18EC1 /* StoryboardSegues.swift */ = {isa = PBXFileReference; fileEncoding = 4; lastKnownFileType = sourcecode.swift; path = StoryboardSegues.swift; sourceTree = "<group>"; };
		80C3B0551A70506A0004CBDE /* FacebookProfileViewer.app */ = {isa = PBXFileReference; explicitFileType = wrapper.application; includeInIndex = 0; path = FacebookProfileViewer.app; sourceTree = BUILT_PRODUCTS_DIR; };
		80C3B0591A70506A0004CBDE /* Info.plist */ = {isa = PBXFileReference; lastKnownFileType = text.plist.xml; path = Info.plist; sourceTree = "<group>"; };
		80C3B05A1A70506A0004CBDE /* AppDelegate.swift */ = {isa = PBXFileReference; lastKnownFileType = sourcecode.swift; path = AppDelegate.swift; sourceTree = "<group>"; };
		80C3B05D1A70506A0004CBDE /* FacebookProfileViewer.xcdatamodel */ = {isa = PBXFileReference; lastKnownFileType = wrapper.xcdatamodel; path = FacebookProfileViewer.xcdatamodel; sourceTree = "<group>"; };
		80C3B05F1A70506A0004CBDE /* MainViewController.swift */ = {isa = PBXFileReference; lastKnownFileType = sourcecode.swift; path = MainViewController.swift; sourceTree = "<group>"; };
		80C3B0621A70506A0004CBDE /* Base */ = {isa = PBXFileReference; lastKnownFileType = file.storyboard; name = Base; path = Base.lproj/Main.storyboard; sourceTree = "<group>"; };
		80C3B0641A70506A0004CBDE /* Images.xcassets */ = {isa = PBXFileReference; lastKnownFileType = folder.assetcatalog; path = Images.xcassets; sourceTree = "<group>"; };
		80C3B0671A70506A0004CBDE /* Base */ = {isa = PBXFileReference; lastKnownFileType = file.xib; name = Base; path = Base.lproj/LaunchScreen.xib; sourceTree = "<group>"; };
		80CFEE941A7E947B00D47E62 /* AppState.swift */ = {isa = PBXFileReference; fileEncoding = 4; lastKnownFileType = sourcecode.swift; path = AppState.swift; sourceTree = "<group>"; };
		80E4F3AC1A8A528B00254343 /* PersistenceStoreTests.swift */ = {isa = PBXFileReference; fileEncoding = 4; lastKnownFileType = sourcecode.swift; path = PersistenceStoreTests.swift; sourceTree = "<group>"; };
		80F43D3B1A824C890084881F /* Errors.swift */ = {isa = PBXFileReference; fileEncoding = 4; lastKnownFileType = sourcecode.swift; path = Errors.swift; sourceTree = "<group>"; };
		80F43D3D1A8256390084881F /* EnpointTestCase.swift */ = {isa = PBXFileReference; fileEncoding = 4; lastKnownFileType = sourcecode.swift; path = EnpointTestCase.swift; sourceTree = "<group>"; };
		C5171BD51A837D000066E006 /* FacebookPostsLoadManager.swift */ = {isa = PBXFileReference; fileEncoding = 4; lastKnownFileType = sourcecode.swift; path = FacebookPostsLoadManager.swift; sourceTree = "<group>"; };
		C5171BD71A83818A0066E006 /* FacebookPostsLoadManagerTests.swift */ = {isa = PBXFileReference; fileEncoding = 4; lastKnownFileType = sourcecode.swift; path = FacebookPostsLoadManagerTests.swift; sourceTree = "<group>"; };
		C51980DC1A811F5300BE4861 /* FacebookFriendsLoadManager.swift */ = {isa = PBXFileReference; fileEncoding = 4; lastKnownFileType = sourcecode.swift; path = FacebookFriendsLoadManager.swift; sourceTree = "<group>"; };
		C51980DE1A81233A00BE4861 /* FacebookFriendsLoadManagerTests.swift */ = {isa = PBXFileReference; fileEncoding = 4; lastKnownFileType = sourcecode.swift; path = FacebookFriendsLoadManagerTests.swift; sourceTree = "<group>"; };
		C51D0DDB1A839414001CBF19 /* Post.swift */ = {isa = PBXFileReference; fileEncoding = 4; lastKnownFileType = sourcecode.swift; path = Post.swift; sourceTree = "<group>"; };
		C57D70971A84E060005D488E /* FriendTableViewCell.swift */ = {isa = PBXFileReference; fileEncoding = 4; lastKnownFileType = sourcecode.swift; path = FriendTableViewCell.swift; sourceTree = "<group>"; };
		C57D70991A84F5DD005D488E /* GlobalFunctions.swift */ = {isa = PBXFileReference; fileEncoding = 4; lastKnownFileType = sourcecode.swift; path = GlobalFunctions.swift; sourceTree = "<group>"; };
		C57D709B1A850689005D488E /* PostsTableViewCell.swift */ = {isa = PBXFileReference; fileEncoding = 4; lastKnownFileType = sourcecode.swift; path = PostsTableViewCell.swift; sourceTree = "<group>"; };
		C58C7BDA1A7FAF40007E3996 /* FriendsTableViewController.swift */ = {isa = PBXFileReference; fileEncoding = 4; lastKnownFileType = sourcecode.swift; path = FriendsTableViewController.swift; sourceTree = "<group>"; };
		C58C7BDB1A7FAF40007E3996 /* PostsTableViewController.swift */ = {isa = PBXFileReference; fileEncoding = 4; lastKnownFileType = sourcecode.swift; path = PostsTableViewController.swift; sourceTree = "<group>"; };
		C58C7BDF1A7FB7F1007E3996 /* Profile.swift */ = {isa = PBXFileReference; fileEncoding = 4; lastKnownFileType = sourcecode.swift; path = Profile.swift; sourceTree = "<group>"; };
		C58C7BE71A7FD36E007E3996 /* FacebookProfileLoadManager.swift */ = {isa = PBXFileReference; fileEncoding = 4; lastKnownFileType = sourcecode.swift; path = FacebookProfileLoadManager.swift; sourceTree = "<group>"; };
		C5A7506F1A80E1930089703F /* FacebookProfileLoadManagerTests.swift */ = {isa = PBXFileReference; fileEncoding = 4; lastKnownFileType = sourcecode.swift; path = FacebookProfileLoadManagerTests.swift; sourceTree = "<group>"; };
/* End PBXFileReference section */

/* Begin PBXFrameworksBuildPhase section */
		803313491A74660100E54701 /* Frameworks */ = {
			isa = PBXFrameworksBuildPhase;
			buildActionMask = 2147483647;
			files = (
			);
			runOnlyForDeploymentPostprocessing = 0;
		};
		803313541A74660100E54701 /* Frameworks */ = {
			isa = PBXFrameworksBuildPhase;
			buildActionMask = 2147483647;
			files = (
				803313581A74660100E54701 /* FacebookProfileViewerClasses.framework in Frameworks */,
			);
			runOnlyForDeploymentPostprocessing = 0;
		};
		8033136E1A74661500E54701 /* Frameworks */ = {
			isa = PBXFrameworksBuildPhase;
			buildActionMask = 2147483647;
			files = (
			);
			runOnlyForDeploymentPostprocessing = 0;
		};
		80C3B0521A70506A0004CBDE /* Frameworks */ = {
			isa = PBXFrameworksBuildPhase;
			buildActionMask = 2147483647;
			files = (
				803313891A74661500E54701 /* FacebookProfileViewerUI.framework in Frameworks */,
				803313641A74660100E54701 /* FacebookProfileViewerClasses.framework in Frameworks */,
			);
			runOnlyForDeploymentPostprocessing = 0;
		};
/* End PBXFrameworksBuildPhase section */

/* Begin PBXGroup section */
		8033134E1A74660100E54701 /* FacebookProfileViewerClasses */ = {
			isa = PBXGroup;
			children = (
				807E28611A7A50DC005DBF05 /* Supporting Files */,
				807E28601A7A50A4005DBF05 /* Core Data */,
				C58C7BE11A7FB7F5007E3996 /* Model */,
				8033139D1A746AE600E54701 /* FacebookEndpointManager.swift */,
				C58C7BE71A7FD36E007E3996 /* FacebookProfileLoadManager.swift */,
				C51980DC1A811F5300BE4861 /* FacebookFriendsLoadManager.swift */,
				C5171BD51A837D000066E006 /* FacebookPostsLoadManager.swift */,
				803313931A7467EB00E54701 /* PersistenceStoreProvider.swift */,
				803313951A74687A00E54701 /* PersistenceStore.swift */,
				801BA28E1A8A4FDC008319C2 /* FetchChunk.swift */,
				80CFEE941A7E947B00D47E62 /* AppState.swift */,
				807E28721A7AB703005DBF05 /* Logging.swift */,
				80F43D3B1A824C890084881F /* Errors.swift */,
				C57D70991A84F5DD005D488E /* GlobalFunctions.swift */,
				808A363D1A7EA4F100C18EC1 /* NSURL.swift */,
				801029041A82679F00D73C54 /* NSDictionary.swift */,
				801BA28A1A8A10FD008319C2 /* NSDateFormatter.swift */,
				801BA28C1A8A1C2E008319C2 /* NSDate.swift */,
			);
			path = FacebookProfileViewerClasses;
			sourceTree = "<group>";
		};
		8033135D1A74660100E54701 /* FacebookProfileViewerClassesTests */ = {
			isa = PBXGroup;
			children = (
				80F43D3D1A8256390084881F /* EnpointTestCase.swift */,
				803313601A74660100E54701 /* FacebookEndpointManagerTests.swift */,
				C5A7506F1A80E1930089703F /* FacebookProfileLoadManagerTests.swift */,
				C51980DE1A81233A00BE4861 /* FacebookFriendsLoadManagerTests.swift */,
				C5171BD71A83818A0066E006 /* FacebookPostsLoadManagerTests.swift */,
				8033135F1A74660100E54701 /* Info.plist */,
				80E4F3AC1A8A528B00254343 /* PersistenceStoreTests.swift */,
			);
			path = FacebookProfileViewerClassesTests;
			sourceTree = "<group>";
		};
		803313731A74661500E54701 /* FacebookProfileViewerUI */ = {
			isa = PBXGroup;
			children = (
				803313741A74661500E54701 /* Supporting Files */,
				807E28661A7A58A3005DBF05 /* NibDesignable.swift */,
				808A36411A7ED20800C18EC1 /* StoryboardSegues.swift */,
				807E28641A7A57EB005DBF05 /* UserProfile.swift */,
				807E28621A7A578B005DBF05 /* UserProfile.xib */,
				C57D70971A84E060005D488E /* FriendTableViewCell.swift */,
				C57D709B1A850689005D488E /* PostsTableViewCell.swift */,
			);
			path = FacebookProfileViewerUI;
			sourceTree = "<group>";
		};
		803313741A74661500E54701 /* Supporting Files */ = {
			isa = PBXGroup;
			children = (
				803313761A74661500E54701 /* FacebookProfileViewerUI.h */,
				803313751A74661500E54701 /* Info.plist */,
			);
			name = "Supporting Files";
			sourceTree = "<group>";
		};
		807E28601A7A50A4005DBF05 /* Core Data */ = {
			isa = PBXGroup;
			children = (
				80205E921A7996670042E94A /* ProfileEntity.swift */,
				80205E901A7996670042E94A /* PostEntity.swift */,
				80205E8E1A7996670042E94A /* FriendEntity.swift */,
			);
			name = "Core Data";
			sourceTree = "<group>";
		};
		807E28611A7A50DC005DBF05 /* Supporting Files */ = {
			isa = PBXGroup;
			children = (
				803313501A74660100E54701 /* Info.plist */,
				803313511A74660100E54701 /* FacebookProfileViewerClasses.h */,
			);
			name = "Supporting Files";
			sourceTree = "<group>";
		};
		80C3B04C1A70506A0004CBDE = {
			isa = PBXGroup;
			children = (
				80C3B0571A70506A0004CBDE /* FacebookProfileViewer */,
				803313731A74661500E54701 /* FacebookProfileViewerUI */,
				8033134E1A74660100E54701 /* FacebookProfileViewerClasses */,
				8033135D1A74660100E54701 /* FacebookProfileViewerClassesTests */,
				80C3B0561A70506A0004CBDE /* Products */,
			);
			indentWidth = 2;
			sourceTree = "<group>";
			tabWidth = 2;
		};
		80C3B0561A70506A0004CBDE /* Products */ = {
			isa = PBXGroup;
			children = (
				80C3B0551A70506A0004CBDE /* FacebookProfileViewer.app */,
				8033134D1A74660100E54701 /* FacebookProfileViewerClasses.framework */,
				803313571A74660100E54701 /* FacebookProfileViewerClassesTests.xctest */,
				803313721A74661500E54701 /* FacebookProfileViewerUI.framework */,
			);
			name = Products;
			sourceTree = "<group>";
		};
		80C3B0571A70506A0004CBDE /* FacebookProfileViewer */ = {
			isa = PBXGroup;
			children = (
				C58C7BDE1A7FAF4F007E3996 /* Supporting Files */,
				80C3B05F1A70506A0004CBDE /* MainViewController.swift */,
				C58C7BDA1A7FAF40007E3996 /* FriendsTableViewController.swift */,
				C58C7BDB1A7FAF40007E3996 /* PostsTableViewController.swift */,
				808A363F1A7ECBCF00C18EC1 /* WelcomeScreenViewController.swift */,
				808A363B1A7EA19B00C18EC1 /* LoginScreenViewController.swift */,
				80C3B0611A70506A0004CBDE /* Main.storyboard */,
				80C3B0661A70506A0004CBDE /* LaunchScreen.xib */,
				80C3B0641A70506A0004CBDE /* Images.xcassets */,
				80C3B05C1A70506A0004CBDE /* FacebookProfileViewer.xcdatamodeld */,
			);
			path = FacebookProfileViewer;
			sourceTree = "<group>";
		};
		C58C7BDE1A7FAF4F007E3996 /* Supporting Files */ = {
			isa = PBXGroup;
			children = (
				80C3B05A1A70506A0004CBDE /* AppDelegate.swift */,
				80C3B0591A70506A0004CBDE /* Info.plist */,
			);
			name = "Supporting Files";
			sourceTree = "<group>";
		};
		C58C7BE11A7FB7F5007E3996 /* Model */ = {
			isa = PBXGroup;
			children = (
				C58C7BDF1A7FB7F1007E3996 /* Profile.swift */,
				801029061A8277BE00D73C54 /* Friend.swift */,
				C51D0DDB1A839414001CBF19 /* Post.swift */,
			);
			name = Model;
			sourceTree = "<group>";
		};
/* End PBXGroup section */

/* Begin PBXHeadersBuildPhase section */
		8033134A1A74660100E54701 /* Headers */ = {
			isa = PBXHeadersBuildPhase;
			buildActionMask = 2147483647;
			files = (
				803313521A74660100E54701 /* FacebookProfileViewerClasses.h in Headers */,
			);
			runOnlyForDeploymentPostprocessing = 0;
		};
		8033136F1A74661500E54701 /* Headers */ = {
			isa = PBXHeadersBuildPhase;
			buildActionMask = 2147483647;
			files = (
				803313771A74661500E54701 /* FacebookProfileViewerUI.h in Headers */,
			);
			runOnlyForDeploymentPostprocessing = 0;
		};
/* End PBXHeadersBuildPhase section */

/* Begin PBXNativeTarget section */
		8033134C1A74660100E54701 /* FacebookProfileViewerClasses */ = {
			isa = PBXNativeTarget;
			buildConfigurationList = 8033136A1A74660100E54701 /* Build configuration list for PBXNativeTarget "FacebookProfileViewerClasses" */;
			buildPhases = (
				803313481A74660100E54701 /* Sources */,
				803313491A74660100E54701 /* Frameworks */,
				8033134A1A74660100E54701 /* Headers */,
				8033134B1A74660100E54701 /* Resources */,
			);
			buildRules = (
			);
			dependencies = (
			);
			name = FacebookProfileViewerClasses;
			productName = FacebookProfileViewerClasses;
			productReference = 8033134D1A74660100E54701 /* FacebookProfileViewerClasses.framework */;
			productType = "com.apple.product-type.framework";
		};
		803313561A74660100E54701 /* FacebookProfileViewerClassesTests */ = {
			isa = PBXNativeTarget;
			buildConfigurationList = 8033136C1A74660100E54701 /* Build configuration list for PBXNativeTarget "FacebookProfileViewerClassesTests" */;
			buildPhases = (
				803313531A74660100E54701 /* Sources */,
				803313541A74660100E54701 /* Frameworks */,
				803313551A74660100E54701 /* Resources */,
			);
			buildRules = (
			);
			dependencies = (
				8033135A1A74660100E54701 /* PBXTargetDependency */,
				8033135C1A74660100E54701 /* PBXTargetDependency */,
			);
			name = FacebookProfileViewerClassesTests;
			productName = FacebookProfileViewerClassesTests;
			productReference = 803313571A74660100E54701 /* FacebookProfileViewerClassesTests.xctest */;
			productType = "com.apple.product-type.bundle.unit-test";
		};
		803313711A74661500E54701 /* FacebookProfileViewerUI */ = {
			isa = PBXNativeTarget;
			buildConfigurationList = 8033138B1A74661500E54701 /* Build configuration list for PBXNativeTarget "FacebookProfileViewerUI" */;
			buildPhases = (
				8033136D1A74661500E54701 /* Sources */,
				8033136E1A74661500E54701 /* Frameworks */,
				8033136F1A74661500E54701 /* Headers */,
				803313701A74661500E54701 /* Resources */,
			);
			buildRules = (
			);
			dependencies = (
				C54D82D31A853661006A71EF /* PBXTargetDependency */,
			);
			name = FacebookProfileViewerUI;
			productName = FacebookProfileViewerUI;
			productReference = 803313721A74661500E54701 /* FacebookProfileViewerUI.framework */;
			productType = "com.apple.product-type.framework";
		};
		80C3B0541A70506A0004CBDE /* FacebookProfileViewer */ = {
			isa = PBXNativeTarget;
			buildConfigurationList = 80C3B0771A70506A0004CBDE /* Build configuration list for PBXNativeTarget "FacebookProfileViewer" */;
			buildPhases = (
				80C3B0511A70506A0004CBDE /* Sources */,
				80C3B0521A70506A0004CBDE /* Frameworks */,
				80C3B0531A70506A0004CBDE /* Resources */,
				8033136B1A74660100E54701 /* Embed Frameworks */,
			);
			buildRules = (
			);
			dependencies = (
				80493E971A8D4CAC00BDE2B8 /* PBXTargetDependency */,
				803313881A74661500E54701 /* PBXTargetDependency */,
			);
			name = FacebookProfileViewer;
			productName = FacebookProfileViewer;
			productReference = 80C3B0551A70506A0004CBDE /* FacebookProfileViewer.app */;
			productType = "com.apple.product-type.application";
		};
/* End PBXNativeTarget section */

/* Begin PBXProject section */
		80C3B04D1A70506A0004CBDE /* Project object */ = {
			isa = PBXProject;
			attributes = {
				LastUpgradeCheck = 0610;
				ORGANIZATIONNAME = WaveLabs;
				TargetAttributes = {
					8033134C1A74660100E54701 = {
						CreatedOnToolsVersion = 6.1.1;
					};
					803313561A74660100E54701 = {
						CreatedOnToolsVersion = 6.1.1;
						TestTargetID = 80C3B0541A70506A0004CBDE;
					};
					803313711A74661500E54701 = {
						CreatedOnToolsVersion = 6.1.1;
					};
					80C3B0541A70506A0004CBDE = {
						CreatedOnToolsVersion = 6.1.1;
					};
				};
			};
			buildConfigurationList = 80C3B0501A70506A0004CBDE /* Build configuration list for PBXProject "FacebookProfileViewer" */;
			compatibilityVersion = "Xcode 3.2";
			developmentRegion = English;
			hasScannedForEncodings = 0;
			knownRegions = (
				en,
				Base,
			);
			mainGroup = 80C3B04C1A70506A0004CBDE;
			productRefGroup = 80C3B0561A70506A0004CBDE /* Products */;
			projectDirPath = "";
			projectRoot = "";
			targets = (
				80C3B0541A70506A0004CBDE /* FacebookProfileViewer */,
				8033134C1A74660100E54701 /* FacebookProfileViewerClasses */,
				803313561A74660100E54701 /* FacebookProfileViewerClassesTests */,
				803313711A74661500E54701 /* FacebookProfileViewerUI */,
			);
		};
/* End PBXProject section */

/* Begin PBXResourcesBuildPhase section */
		8033134B1A74660100E54701 /* Resources */ = {
			isa = PBXResourcesBuildPhase;
			buildActionMask = 2147483647;
			files = (
			);
			runOnlyForDeploymentPostprocessing = 0;
		};
		803313551A74660100E54701 /* Resources */ = {
			isa = PBXResourcesBuildPhase;
			buildActionMask = 2147483647;
			files = (
			);
			runOnlyForDeploymentPostprocessing = 0;
		};
		803313701A74661500E54701 /* Resources */ = {
			isa = PBXResourcesBuildPhase;
			buildActionMask = 2147483647;
			files = (
				807E28631A7A578B005DBF05 /* UserProfile.xib in Resources */,
			);
			runOnlyForDeploymentPostprocessing = 0;
		};
		80C3B0531A70506A0004CBDE /* Resources */ = {
			isa = PBXResourcesBuildPhase;
			buildActionMask = 2147483647;
			files = (
				80C3B0631A70506A0004CBDE /* Main.storyboard in Resources */,
				80C3B0681A70506A0004CBDE /* LaunchScreen.xib in Resources */,
				80C3B0651A70506A0004CBDE /* Images.xcassets in Resources */,
			);
			runOnlyForDeploymentPostprocessing = 0;
		};
/* End PBXResourcesBuildPhase section */

/* Begin PBXSourcesBuildPhase section */
		803313481A74660100E54701 /* Sources */ = {
			isa = PBXSourcesBuildPhase;
			buildActionMask = 2147483647;
			files = (
				C58C7BE81A7FD36E007E3996 /* FacebookProfileLoadManager.swift in Sources */,
				803313941A7467EB00E54701 /* PersistenceStoreProvider.swift in Sources */,
				801029051A82679F00D73C54 /* NSDictionary.swift in Sources */,
				C51980DD1A811F5300BE4861 /* FacebookFriendsLoadManager.swift in Sources */,
				C51D0DDC1A839414001CBF19 /* Post.swift in Sources */,
				801BA28B1A8A10FD008319C2 /* NSDateFormatter.swift in Sources */,
				C58C7BE01A7FB7F1007E3996 /* Profile.swift in Sources */,
				80205E931A7996670042E94A /* ProfileEntity.swift in Sources */,
				8033139E1A746AE600E54701 /* FacebookEndpointManager.swift in Sources */,
				801BA28F1A8A4FDC008319C2 /* FetchChunk.swift in Sources */,
				C5171BD61A837D000066E006 /* FacebookPostsLoadManager.swift in Sources */,
				807E28731A7AB703005DBF05 /* Logging.swift in Sources */,
				80F43D3C1A824C890084881F /* Errors.swift in Sources */,
				C57D709A1A84F5DD005D488E /* GlobalFunctions.swift in Sources */,
				803313961A74687A00E54701 /* PersistenceStore.swift in Sources */,
				801BA28D1A8A1C2E008319C2 /* NSDate.swift in Sources */,
				80205E8F1A7996670042E94A /* FriendEntity.swift in Sources */,
				808A363E1A7EA4F100C18EC1 /* NSURL.swift in Sources */,
				801029071A8277BE00D73C54 /* Friend.swift in Sources */,
				80CFEE961A7E986F00D47E62 /* AppState.swift in Sources */,
				80205E911A7996670042E94A /* PostEntity.swift in Sources */,
			);
			runOnlyForDeploymentPostprocessing = 0;
		};
		803313531A74660100E54701 /* Sources */ = {
			isa = PBXSourcesBuildPhase;
			buildActionMask = 2147483647;
			files = (
				C5171BD81A83818A0066E006 /* FacebookPostsLoadManagerTests.swift in Sources */,
				80E4F3AD1A8A528B00254343 /* PersistenceStoreTests.swift in Sources */,
				C51980DF1A81233A00BE4861 /* FacebookFriendsLoadManagerTests.swift in Sources */,
				80F43D3E1A8256390084881F /* EnpointTestCase.swift in Sources */,
				803313611A74660100E54701 /* FacebookEndpointManagerTests.swift in Sources */,
				C5A750701A80E1930089703F /* FacebookProfileLoadManagerTests.swift in Sources */,
			);
			runOnlyForDeploymentPostprocessing = 0;
		};
		8033136D1A74661500E54701 /* Sources */ = {
			isa = PBXSourcesBuildPhase;
			buildActionMask = 2147483647;
			files = (
				807E28651A7A57EB005DBF05 /* UserProfile.swift in Sources */,
				808A36421A7ED20800C18EC1 /* StoryboardSegues.swift in Sources */,
				C57D709C1A850689005D488E /* PostsTableViewCell.swift in Sources */,
				807E28671A7A58A3005DBF05 /* NibDesignable.swift in Sources */,
				C57D70981A84E060005D488E /* FriendTableViewCell.swift in Sources */,
			);
			runOnlyForDeploymentPostprocessing = 0;
		};
		80C3B0511A70506A0004CBDE /* Sources */ = {
			isa = PBXSourcesBuildPhase;
			buildActionMask = 2147483647;
			files = (
				80C3B0601A70506A0004CBDE /* MainViewController.swift in Sources */,
				808A363C1A7EA19B00C18EC1 /* LoginScreenViewController.swift in Sources */,
				C58C7BDC1A7FAF40007E3996 /* FriendsTableViewController.swift in Sources */,
				80C3B05B1A70506A0004CBDE /* AppDelegate.swift in Sources */,
				808A36401A7ECBCF00C18EC1 /* WelcomeScreenViewController.swift in Sources */,
				80C3B05E1A70506A0004CBDE /* FacebookProfileViewer.xcdatamodeld in Sources */,
				C58C7BDD1A7FAF40007E3996 /* PostsTableViewController.swift in Sources */,
			);
			runOnlyForDeploymentPostprocessing = 0;
		};
/* End PBXSourcesBuildPhase section */

/* Begin PBXTargetDependency section */
		8033135A1A74660100E54701 /* PBXTargetDependency */ = {
			isa = PBXTargetDependency;
			target = 8033134C1A74660100E54701 /* FacebookProfileViewerClasses */;
			targetProxy = 803313591A74660100E54701 /* PBXContainerItemProxy */;
		};
		8033135C1A74660100E54701 /* PBXTargetDependency */ = {
			isa = PBXTargetDependency;
			target = 80C3B0541A70506A0004CBDE /* FacebookProfileViewer */;
			targetProxy = 8033135B1A74660100E54701 /* PBXContainerItemProxy */;
		};
		803313881A74661500E54701 /* PBXTargetDependency */ = {
			isa = PBXTargetDependency;
			target = 803313711A74661500E54701 /* FacebookProfileViewerUI */;
			targetProxy = 803313871A74661500E54701 /* PBXContainerItemProxy */;
		};
		80493E971A8D4CAC00BDE2B8 /* PBXTargetDependency */ = {
			isa = PBXTargetDependency;
			target = 8033134C1A74660100E54701 /* FacebookProfileViewerClasses */;
			targetProxy = 80493E961A8D4CAC00BDE2B8 /* PBXContainerItemProxy */;
		};
		C54D82D31A853661006A71EF /* PBXTargetDependency */ = {
			isa = PBXTargetDependency;
			target = 8033134C1A74660100E54701 /* FacebookProfileViewerClasses */;
			targetProxy = C54D82D21A853661006A71EF /* PBXContainerItemProxy */;
		};
/* End PBXTargetDependency section */

/* Begin PBXVariantGroup section */
		80C3B0611A70506A0004CBDE /* Main.storyboard */ = {
			isa = PBXVariantGroup;
			children = (
				80C3B0621A70506A0004CBDE /* Base */,
			);
			name = Main.storyboard;
			sourceTree = "<group>";
		};
		80C3B0661A70506A0004CBDE /* LaunchScreen.xib */ = {
			isa = PBXVariantGroup;
			children = (
				80C3B0671A70506A0004CBDE /* Base */,
			);
			name = LaunchScreen.xib;
			sourceTree = "<group>";
		};
/* End PBXVariantGroup section */

/* Begin XCBuildConfiguration section */
		803313661A74660100E54701 /* Debug */ = {
			isa = XCBuildConfiguration;
			buildSettings = {
				CLANG_ENABLE_MODULES = YES;
				CURRENT_PROJECT_VERSION = 1;
				DEFINES_MODULE = YES;
				DYLIB_COMPATIBILITY_VERSION = 1;
				DYLIB_CURRENT_VERSION = 1;
				DYLIB_INSTALL_NAME_BASE = "@rpath";
				GCC_PREPROCESSOR_DEFINITIONS = (
					"DEBUG=1",
					"$(inherited)",
				);
				INFOPLIST_FILE = FacebookProfileViewerClasses/Info.plist;
				INSTALL_PATH = "$(LOCAL_LIBRARY_DIR)/Frameworks";
				LD_RUNPATH_SEARCH_PATHS = "$(inherited) @executable_path/Frameworks @loader_path/Frameworks";
				PRODUCT_NAME = "$(TARGET_NAME)";
				SKIP_INSTALL = YES;
				SWIFT_OPTIMIZATION_LEVEL = "-Onone";
				TARGETED_DEVICE_FAMILY = "1,2";
				VERSIONING_SYSTEM = "apple-generic";
				VERSION_INFO_PREFIX = "";
			};
			name = Debug;
		};
		803313671A74660100E54701 /* Release */ = {
			isa = XCBuildConfiguration;
			buildSettings = {
				CLANG_ENABLE_MODULES = YES;
				CURRENT_PROJECT_VERSION = 1;
				DEFINES_MODULE = YES;
				DYLIB_COMPATIBILITY_VERSION = 1;
				DYLIB_CURRENT_VERSION = 1;
				DYLIB_INSTALL_NAME_BASE = "@rpath";
				INFOPLIST_FILE = FacebookProfileViewerClasses/Info.plist;
				INSTALL_PATH = "$(LOCAL_LIBRARY_DIR)/Frameworks";
				LD_RUNPATH_SEARCH_PATHS = "$(inherited) @executable_path/Frameworks @loader_path/Frameworks";
				PRODUCT_NAME = "$(TARGET_NAME)";
				SKIP_INSTALL = YES;
				TARGETED_DEVICE_FAMILY = "1,2";
				VERSIONING_SYSTEM = "apple-generic";
				VERSION_INFO_PREFIX = "";
			};
			name = Release;
		};
		803313681A74660100E54701 /* Debug */ = {
			isa = XCBuildConfiguration;
			buildSettings = {
				FRAMEWORK_SEARCH_PATHS = (
					"$(SDKROOT)/Developer/Library/Frameworks",
					"$(inherited)",
				);
				GCC_PREPROCESSOR_DEFINITIONS = (
					"DEBUG=1",
					"$(inherited)",
				);
				INFOPLIST_FILE = FacebookProfileViewerClassesTests/Info.plist;
				LD_RUNPATH_SEARCH_PATHS = "$(inherited) @executable_path/Frameworks @loader_path/Frameworks";
				PRODUCT_NAME = "$(TARGET_NAME)";
				TEST_HOST = "$(BUILT_PRODUCTS_DIR)/FacebookProfileViewer.app/FacebookProfileViewer";
			};
			name = Debug;
		};
		803313691A74660100E54701 /* Release */ = {
			isa = XCBuildConfiguration;
			buildSettings = {
				FRAMEWORK_SEARCH_PATHS = (
					"$(SDKROOT)/Developer/Library/Frameworks",
					"$(inherited)",
				);
				INFOPLIST_FILE = FacebookProfileViewerClassesTests/Info.plist;
				LD_RUNPATH_SEARCH_PATHS = "$(inherited) @executable_path/Frameworks @loader_path/Frameworks";
				PRODUCT_NAME = "$(TARGET_NAME)";
				TEST_HOST = "$(BUILT_PRODUCTS_DIR)/FacebookProfileViewer.app/FacebookProfileViewer";
			};
			name = Release;
		};
		8033138C1A74661500E54701 /* Debug */ = {
			isa = XCBuildConfiguration;
			buildSettings = {
				CLANG_ENABLE_MODULES = YES;
				CURRENT_PROJECT_VERSION = 1;
				DEFINES_MODULE = YES;
				DYLIB_COMPATIBILITY_VERSION = 1;
				DYLIB_CURRENT_VERSION = 1;
				DYLIB_INSTALL_NAME_BASE = "@rpath";
				GCC_PREPROCESSOR_DEFINITIONS = (
					"DEBUG=1",
					"$(inherited)",
				);
				INFOPLIST_FILE = FacebookProfileViewerUI/Info.plist;
				INSTALL_PATH = "$(LOCAL_LIBRARY_DIR)/Frameworks";
				LD_RUNPATH_SEARCH_PATHS = "$(inherited) @executable_path/Frameworks @loader_path/Frameworks";
				PRODUCT_NAME = "$(TARGET_NAME)";
				SKIP_INSTALL = YES;
				SWIFT_OPTIMIZATION_LEVEL = "-Onone";
				TARGETED_DEVICE_FAMILY = "1,2";
				VERSIONING_SYSTEM = "apple-generic";
				VERSION_INFO_PREFIX = "";
			};
			name = Debug;
		};
		8033138D1A74661500E54701 /* Release */ = {
			isa = XCBuildConfiguration;
			buildSettings = {
				CLANG_ENABLE_MODULES = YES;
				CURRENT_PROJECT_VERSION = 1;
				DEFINES_MODULE = YES;
				DYLIB_COMPATIBILITY_VERSION = 1;
				DYLIB_CURRENT_VERSION = 1;
				DYLIB_INSTALL_NAME_BASE = "@rpath";
				INFOPLIST_FILE = FacebookProfileViewerUI/Info.plist;
				INSTALL_PATH = "$(LOCAL_LIBRARY_DIR)/Frameworks";
				LD_RUNPATH_SEARCH_PATHS = "$(inherited) @executable_path/Frameworks @loader_path/Frameworks";
				PRODUCT_NAME = "$(TARGET_NAME)";
				SKIP_INSTALL = YES;
				TARGETED_DEVICE_FAMILY = "1,2";
				VERSIONING_SYSTEM = "apple-generic";
				VERSION_INFO_PREFIX = "";
			};
			name = Release;
		};
		80C3B0751A70506A0004CBDE /* Debug */ = {
			isa = XCBuildConfiguration;
			buildSettings = {
				ALWAYS_SEARCH_USER_PATHS = NO;
				CLANG_CXX_LANGUAGE_STANDARD = "gnu++0x";
				CLANG_CXX_LIBRARY = "libc++";
				CLANG_ENABLE_MODULES = YES;
				CLANG_ENABLE_OBJC_ARC = YES;
				CLANG_WARN_BOOL_CONVERSION = YES;
				CLANG_WARN_CONSTANT_CONVERSION = YES;
				CLANG_WARN_DIRECT_OBJC_ISA_USAGE = YES_ERROR;
				CLANG_WARN_EMPTY_BODY = YES;
				CLANG_WARN_ENUM_CONVERSION = YES;
				CLANG_WARN_INT_CONVERSION = YES;
				CLANG_WARN_OBJC_ROOT_CLASS = YES_ERROR;
				CLANG_WARN_UNREACHABLE_CODE = YES;
				CLANG_WARN__DUPLICATE_METHOD_MATCH = YES;
				"CODE_SIGN_IDENTITY[sdk=iphoneos*]" = "iPhone Developer";
				COPY_PHASE_STRIP = NO;
				ENABLE_STRICT_OBJC_MSGSEND = YES;
				GCC_C_LANGUAGE_STANDARD = gnu99;
				GCC_DYNAMIC_NO_PIC = NO;
				GCC_OPTIMIZATION_LEVEL = 0;
				GCC_PREPROCESSOR_DEFINITIONS = (
					"DEBUG=1",
					"$(inherited)",
				);
				GCC_SYMBOLS_PRIVATE_EXTERN = NO;
				GCC_WARN_64_TO_32_BIT_CONVERSION = YES;
				GCC_WARN_ABOUT_RETURN_TYPE = YES_ERROR;
				GCC_WARN_UNDECLARED_SELECTOR = YES;
				GCC_WARN_UNINITIALIZED_AUTOS = YES_AGGRESSIVE;
				GCC_WARN_UNUSED_FUNCTION = YES;
				GCC_WARN_UNUSED_VARIABLE = YES;
				IPHONEOS_DEPLOYMENT_TARGET = 8.1;
				MTL_ENABLE_DEBUG_INFO = YES;
				ONLY_ACTIVE_ARCH = YES;
				OTHER_SWIFT_FLAGS = "-DDEBUG";
				SDKROOT = iphoneos;
				SWIFT_OPTIMIZATION_LEVEL = "-Onone";
			};
			name = Debug;
		};
		80C3B0761A70506A0004CBDE /* Release */ = {
			isa = XCBuildConfiguration;
			buildSettings = {
				ALWAYS_SEARCH_USER_PATHS = NO;
				CLANG_CXX_LANGUAGE_STANDARD = "gnu++0x";
				CLANG_CXX_LIBRARY = "libc++";
				CLANG_ENABLE_MODULES = YES;
				CLANG_ENABLE_OBJC_ARC = YES;
				CLANG_WARN_BOOL_CONVERSION = YES;
				CLANG_WARN_CONSTANT_CONVERSION = YES;
				CLANG_WARN_DIRECT_OBJC_ISA_USAGE = YES_ERROR;
				CLANG_WARN_EMPTY_BODY = YES;
				CLANG_WARN_ENUM_CONVERSION = YES;
				CLANG_WARN_INT_CONVERSION = YES;
				CLANG_WARN_OBJC_ROOT_CLASS = YES_ERROR;
				CLANG_WARN_UNREACHABLE_CODE = YES;
				CLANG_WARN__DUPLICATE_METHOD_MATCH = YES;
				"CODE_SIGN_IDENTITY[sdk=iphoneos*]" = "iPhone Developer";
				COPY_PHASE_STRIP = YES;
				ENABLE_NS_ASSERTIONS = NO;
				ENABLE_STRICT_OBJC_MSGSEND = YES;
				GCC_C_LANGUAGE_STANDARD = gnu99;
				GCC_WARN_64_TO_32_BIT_CONVERSION = YES;
				GCC_WARN_ABOUT_RETURN_TYPE = YES_ERROR;
				GCC_WARN_UNDECLARED_SELECTOR = YES;
				GCC_WARN_UNINITIALIZED_AUTOS = YES_AGGRESSIVE;
				GCC_WARN_UNUSED_FUNCTION = YES;
				GCC_WARN_UNUSED_VARIABLE = YES;
				IPHONEOS_DEPLOYMENT_TARGET = 8.1;
				MTL_ENABLE_DEBUG_INFO = NO;
				OTHER_SWIFT_FLAGS = "-DRELEASE";
				SDKROOT = iphoneos;
				VALIDATE_PRODUCT = YES;
			};
			name = Release;
		};
		80C3B0781A70506A0004CBDE /* Debug */ = {
			isa = XCBuildConfiguration;
			buildSettings = {
				ASSETCATALOG_COMPILER_APPICON_NAME = AppIcon;
				INFOPLIST_FILE = FacebookProfileViewer/Info.plist;
				LD_RUNPATH_SEARCH_PATHS = "$(inherited) @executable_path/Frameworks";
				PRODUCT_NAME = "$(TARGET_NAME)";
			};
			name = Debug;
		};
		80C3B0791A70506A0004CBDE /* Release */ = {
			isa = XCBuildConfiguration;
			buildSettings = {
				ASSETCATALOG_COMPILER_APPICON_NAME = AppIcon;
				INFOPLIST_FILE = FacebookProfileViewer/Info.plist;
				LD_RUNPATH_SEARCH_PATHS = "$(inherited) @executable_path/Frameworks";
				PRODUCT_NAME = "$(TARGET_NAME)";
			};
			name = Release;
		};
		C58C7BE21A7FBEC1007E3996 /* Test */ = {
			isa = XCBuildConfiguration;
			buildSettings = {
				ALWAYS_SEARCH_USER_PATHS = NO;
				CLANG_CXX_LANGUAGE_STANDARD = "gnu++0x";
				CLANG_CXX_LIBRARY = "libc++";
				CLANG_ENABLE_MODULES = YES;
				CLANG_ENABLE_OBJC_ARC = YES;
				CLANG_WARN_BOOL_CONVERSION = YES;
				CLANG_WARN_CONSTANT_CONVERSION = YES;
				CLANG_WARN_DIRECT_OBJC_ISA_USAGE = YES_ERROR;
				CLANG_WARN_EMPTY_BODY = YES;
				CLANG_WARN_ENUM_CONVERSION = YES;
				CLANG_WARN_INT_CONVERSION = YES;
				CLANG_WARN_OBJC_ROOT_CLASS = YES_ERROR;
				CLANG_WARN_UNREACHABLE_CODE = YES;
				CLANG_WARN__DUPLICATE_METHOD_MATCH = YES;
				"CODE_SIGN_IDENTITY[sdk=iphoneos*]" = "iPhone Developer";
				COPY_PHASE_STRIP = NO;
				ENABLE_STRICT_OBJC_MSGSEND = YES;
				GCC_C_LANGUAGE_STANDARD = gnu99;
				GCC_DYNAMIC_NO_PIC = NO;
				GCC_OPTIMIZATION_LEVEL = 0;
				GCC_PREPROCESSOR_DEFINITIONS = (
					"TEST=1",
					"$(inherited)",
				);
				GCC_SYMBOLS_PRIVATE_EXTERN = NO;
				GCC_WARN_64_TO_32_BIT_CONVERSION = YES;
				GCC_WARN_ABOUT_RETURN_TYPE = YES_ERROR;
				GCC_WARN_UNDECLARED_SELECTOR = YES;
				GCC_WARN_UNINITIALIZED_AUTOS = YES_AGGRESSIVE;
				GCC_WARN_UNUSED_FUNCTION = YES;
				GCC_WARN_UNUSED_VARIABLE = YES;
				IPHONEOS_DEPLOYMENT_TARGET = 8.1;
				MTL_ENABLE_DEBUG_INFO = YES;
				ONLY_ACTIVE_ARCH = YES;
				OTHER_SWIFT_FLAGS = "-DTEST";
				SDKROOT = iphoneos;
				SWIFT_OPTIMIZATION_LEVEL = "-Onone";
			};
			name = Test;
		};
		C58C7BE31A7FBEC1007E3996 /* Test */ = {
			isa = XCBuildConfiguration;
			buildSettings = {
				ASSETCATALOG_COMPILER_APPICON_NAME = AppIcon;
				INFOPLIST_FILE = FacebookProfileViewer/Info.plist;
				LD_RUNPATH_SEARCH_PATHS = "$(inherited) @executable_path/Frameworks";
				PRODUCT_NAME = "$(TARGET_NAME)";
			};
			name = Test;
		};
		C58C7BE41A7FBEC1007E3996 /* Test */ = {
			isa = XCBuildConfiguration;
			buildSettings = {
				CLANG_ENABLE_MODULES = YES;
				CURRENT_PROJECT_VERSION = 1;
				DEFINES_MODULE = YES;
				DYLIB_COMPATIBILITY_VERSION = 1;
				DYLIB_CURRENT_VERSION = 1;
				DYLIB_INSTALL_NAME_BASE = "@rpath";
				GCC_PREPROCESSOR_DEFINITIONS = (
					"DEBUG=1",
					"$(inherited)",
				);
				INFOPLIST_FILE = FacebookProfileViewerClasses/Info.plist;
				INSTALL_PATH = "$(LOCAL_LIBRARY_DIR)/Frameworks";
				LD_RUNPATH_SEARCH_PATHS = "$(inherited) @executable_path/Frameworks @loader_path/Frameworks";
				PRODUCT_NAME = "$(TARGET_NAME)";
				SKIP_INSTALL = YES;
				SWIFT_OPTIMIZATION_LEVEL = "-Onone";
				TARGETED_DEVICE_FAMILY = "1,2";
				VERSIONING_SYSTEM = "apple-generic";
				VERSION_INFO_PREFIX = "";
			};
			name = Test;
		};
		C58C7BE51A7FBEC1007E3996 /* Test */ = {
			isa = XCBuildConfiguration;
			buildSettings = {
				FRAMEWORK_SEARCH_PATHS = (
					"$(SDKROOT)/Developer/Library/Frameworks",
					"$(inherited)",
				);
				GCC_PREPROCESSOR_DEFINITIONS = (
					"DEBUG=1",
					"$(inherited)",
				);
				INFOPLIST_FILE = FacebookProfileViewerClassesTests/Info.plist;
				LD_RUNPATH_SEARCH_PATHS = "$(inherited) @executable_path/Frameworks @loader_path/Frameworks";
				PRODUCT_NAME = "$(TARGET_NAME)";
				TEST_HOST = "$(BUILT_PRODUCTS_DIR)/FacebookProfileViewer.app/FacebookProfileViewer";
			};
			name = Test;
		};
		C58C7BE61A7FBEC1007E3996 /* Test */ = {
			isa = XCBuildConfiguration;
			buildSettings = {
				CLANG_ENABLE_MODULES = YES;
				CURRENT_PROJECT_VERSION = 1;
				DEFINES_MODULE = YES;
				DYLIB_COMPATIBILITY_VERSION = 1;
				DYLIB_CURRENT_VERSION = 1;
				DYLIB_INSTALL_NAME_BASE = "@rpath";
				GCC_PREPROCESSOR_DEFINITIONS = (
					"DEBUG=1",
					"$(inherited)",
				);
				INFOPLIST_FILE = FacebookProfileViewerUI/Info.plist;
				INSTALL_PATH = "$(LOCAL_LIBRARY_DIR)/Frameworks";
				LD_RUNPATH_SEARCH_PATHS = "$(inherited) @executable_path/Frameworks @loader_path/Frameworks";
				PRODUCT_NAME = "$(TARGET_NAME)";
				SKIP_INSTALL = YES;
				SWIFT_OPTIMIZATION_LEVEL = "-Onone";
				TARGETED_DEVICE_FAMILY = "1,2";
				VERSIONING_SYSTEM = "apple-generic";
				VERSION_INFO_PREFIX = "";
			};
			name = Test;
		};
/* End XCBuildConfiguration section */

/* Begin XCConfigurationList section */
		8033136A1A74660100E54701 /* Build configuration list for PBXNativeTarget "FacebookProfileViewerClasses" */ = {
			isa = XCConfigurationList;
			buildConfigurations = (
				803313661A74660100E54701 /* Debug */,
				C58C7BE41A7FBEC1007E3996 /* Test */,
				803313671A74660100E54701 /* Release */,
			);
			defaultConfigurationIsVisible = 0;
			defaultConfigurationName = Release;
		};
		8033136C1A74660100E54701 /* Build configuration list for PBXNativeTarget "FacebookProfileViewerClassesTests" */ = {
			isa = XCConfigurationList;
			buildConfigurations = (
				803313681A74660100E54701 /* Debug */,
				C58C7BE51A7FBEC1007E3996 /* Test */,
				803313691A74660100E54701 /* Release */,
			);
			defaultConfigurationIsVisible = 0;
			defaultConfigurationName = Release;
		};
		8033138B1A74661500E54701 /* Build configuration list for PBXNativeTarget "FacebookProfileViewerUI" */ = {
			isa = XCConfigurationList;
			buildConfigurations = (
				8033138C1A74661500E54701 /* Debug */,
				C58C7BE61A7FBEC1007E3996 /* Test */,
				8033138D1A74661500E54701 /* Release */,
			);
			defaultConfigurationIsVisible = 0;
			defaultConfigurationName = Release;
		};
		80C3B0501A70506A0004CBDE /* Build configuration list for PBXProject "FacebookProfileViewer" */ = {
			isa = XCConfigurationList;
			buildConfigurations = (
				80C3B0751A70506A0004CBDE /* Debug */,
				C58C7BE21A7FBEC1007E3996 /* Test */,
				80C3B0761A70506A0004CBDE /* Release */,
			);
			defaultConfigurationIsVisible = 0;
			defaultConfigurationName = Release;
		};
		80C3B0771A70506A0004CBDE /* Build configuration list for PBXNativeTarget "FacebookProfileViewer" */ = {
			isa = XCConfigurationList;
			buildConfigurations = (
				80C3B0781A70506A0004CBDE /* Debug */,
				C58C7BE31A7FBEC1007E3996 /* Test */,
				80C3B0791A70506A0004CBDE /* Release */,
			);
			defaultConfigurationIsVisible = 0;
			defaultConfigurationName = Release;
		};
/* End XCConfigurationList section */

/* Begin XCVersionGroup section */
		80C3B05C1A70506A0004CBDE /* FacebookProfileViewer.xcdatamodeld */ = {
			isa = XCVersionGroup;
			children = (
				80C3B05D1A70506A0004CBDE /* FacebookProfileViewer.xcdatamodel */,
			);
			currentVersion = 80C3B05D1A70506A0004CBDE /* FacebookProfileViewer.xcdatamodel */;
			path = FacebookProfileViewer.xcdatamodeld;
			sourceTree = "<group>";
			versionGroupType = wrapper.xcdatamodel;
		};
/* End XCVersionGroup section */
	};
	rootObject = 80C3B04D1A70506A0004CBDE /* Project object */;
}
