// !$*UTF8*$!
{
	archiveVersion = 1;
	classes = {
	};
	objectVersion = 46;
	objects = {

/* Begin PBXBuildFile section */
		80C3B05B1A70506A0004CBDE /* AppDelegate.swift in Sources */ = {isa = PBXBuildFile; fileRef = 80C3B05A1A70506A0004CBDE /* AppDelegate.swift */; };
		80C3B05E1A70506A0004CBDE /* FacebookProfileViewer.xcdatamodeld in Sources */ = {isa = PBXBuildFile; fileRef = 80C3B05C1A70506A0004CBDE /* FacebookProfileViewer.xcdatamodeld */; };
		80C3B0601A70506A0004CBDE /* ViewController.swift in Sources */ = {isa = PBXBuildFile; fileRef = 80C3B05F1A70506A0004CBDE /* ViewController.swift */; };
		80C3B0631A70506A0004CBDE /* Main.storyboard in Resources */ = {isa = PBXBuildFile; fileRef = 80C3B0611A70506A0004CBDE /* Main.storyboard */; };
		80C3B0651A70506A0004CBDE /* Images.xcassets in Resources */ = {isa = PBXBuildFile; fileRef = 80C3B0641A70506A0004CBDE /* Images.xcassets */; };
		80C3B0681A70506A0004CBDE /* LaunchScreen.xib in Resources */ = {isa = PBXBuildFile; fileRef = 80C3B0661A70506A0004CBDE /* LaunchScreen.xib */; };
		80C3B0741A70506A0004CBDE /* FacebookProfileViewerTests.swift in Sources */ = {isa = PBXBuildFile; fileRef = 80C3B0731A70506A0004CBDE /* FacebookProfileViewerTests.swift */; };
/* End PBXBuildFile section */

/* Begin PBXContainerItemProxy section */
		80C3B06E1A70506A0004CBDE /* PBXContainerItemProxy */ = {
			isa = PBXContainerItemProxy;
			containerPortal = 80C3B04D1A70506A0004CBDE /* Project object */;
			proxyType = 1;
			remoteGlobalIDString = 80C3B0541A70506A0004CBDE;
			remoteInfo = FacebookProfileViewer;
		};
/* End PBXContainerItemProxy section */

/* Begin PBXFileReference section */
		80C3B0551A70506A0004CBDE /* FacebookProfileViewer.app */ = {isa = PBXFileReference; explicitFileType = wrapper.application; includeInIndex = 0; path = FacebookProfileViewer.app; sourceTree = BUILT_PRODUCTS_DIR; };
		80C3B0591A70506A0004CBDE /* Info.plist */ = {isa = PBXFileReference; lastKnownFileType = text.plist.xml; path = Info.plist; sourceTree = "<group>"; };
		80C3B05A1A70506A0004CBDE /* AppDelegate.swift */ = {isa = PBXFileReference; lastKnownFileType = sourcecode.swift; path = AppDelegate.swift; sourceTree = "<group>"; };
		80C3B05D1A70506A0004CBDE /* FacebookProfileViewer.xcdatamodel */ = {isa = PBXFileReference; lastKnownFileType = wrapper.xcdatamodel; path = FacebookProfileViewer.xcdatamodel; sourceTree = "<group>"; };
		80C3B05F1A70506A0004CBDE /* ViewController.swift */ = {isa = PBXFileReference; lastKnownFileType = sourcecode.swift; path = ViewController.swift; sourceTree = "<group>"; };
		80C3B0621A70506A0004CBDE /* Base */ = {isa = PBXFileReference; lastKnownFileType = file.storyboard; name = Base; path = Base.lproj/Main.storyboard; sourceTree = "<group>"; };
		80C3B0641A70506A0004CBDE /* Images.xcassets */ = {isa = PBXFileReference; lastKnownFileType = folder.assetcatalog; path = Images.xcassets; sourceTree = "<group>"; };
		80C3B0671A70506A0004CBDE /* Base */ = {isa = PBXFileReference; lastKnownFileType = file.xib; name = Base; path = Base.lproj/LaunchScreen.xib; sourceTree = "<group>"; };
		80C3B06D1A70506A0004CBDE /* FacebookProfileViewerTests.xctest */ = {isa = PBXFileReference; explicitFileType = wrapper.cfbundle; includeInIndex = 0; path = FacebookProfileViewerTests.xctest; sourceTree = BUILT_PRODUCTS_DIR; };
		80C3B0721A70506A0004CBDE /* Info.plist */ = {isa = PBXFileReference; lastKnownFileType = text.plist.xml; path = Info.plist; sourceTree = "<group>"; };
		80C3B0731A70506A0004CBDE /* FacebookProfileViewerTests.swift */ = {isa = PBXFileReference; lastKnownFileType = sourcecode.swift; path = FacebookProfileViewerTests.swift; sourceTree = "<group>"; };
/* End PBXFileReference section */

/* Begin PBXFrameworksBuildPhase section */
		80C3B0521A70506A0004CBDE /* Frameworks */ = {
			isa = PBXFrameworksBuildPhase;
			buildActionMask = 2147483647;
			files = (
			);
			runOnlyForDeploymentPostprocessing = 0;
		};
		80C3B06A1A70506A0004CBDE /* Frameworks */ = {
			isa = PBXFrameworksBuildPhase;
			buildActionMask = 2147483647;
			files = (
			);
			runOnlyForDeploymentPostprocessing = 0;
		};
/* End PBXFrameworksBuildPhase section */

/* Begin PBXGroup section */
		80C3B04C1A70506A0004CBDE = {
			isa = PBXGroup;
			children = (
				80C3B0571A70506A0004CBDE /* FacebookProfileViewer */,
				80C3B0701A70506A0004CBDE /* FacebookProfileViewerTests */,
				80C3B0561A70506A0004CBDE /* Products */,
			);
			sourceTree = "<group>";
		};
		80C3B0561A70506A0004CBDE /* Products */ = {
			isa = PBXGroup;
			children = (
				80C3B0551A70506A0004CBDE /* FacebookProfileViewer.app */,
				80C3B06D1A70506A0004CBDE /* FacebookProfileViewerTests.xctest */,
			);
			name = Products;
			sourceTree = "<group>";
		};
		80C3B0571A70506A0004CBDE /* FacebookProfileViewer */ = {
			isa = PBXGroup;
			children = (
				80C3B05A1A70506A0004CBDE /* AppDelegate.swift */,
				80C3B05F1A70506A0004CBDE /* ViewController.swift */,
				80C3B0611A70506A0004CBDE /* Main.storyboard */,
				80C3B0641A70506A0004CBDE /* Images.xcassets */,
				80C3B0661A70506A0004CBDE /* LaunchScreen.xib */,
				80C3B05C1A70506A0004CBDE /* FacebookProfileViewer.xcdatamodeld */,
				80C3B0591A70506A0004CBDE /* Info.plist */,
			);
			path = FacebookProfileViewer;
			sourceTree = "<group>";
		};
		80C3B0701A70506A0004CBDE /* FacebookProfileViewerTests */ = {
			isa = PBXGroup;
			children = (
				80C3B0731A70506A0004CBDE /* FacebookProfileViewerTests.swift */,
				80C3B0721A70506A0004CBDE /* Info.plist */,
			);
			path = FacebookProfileViewerTests;
			sourceTree = "<group>";
		};
/* End PBXGroup section */

/* Begin PBXNativeTarget section */
		80C3B0541A70506A0004CBDE /* FacebookProfileViewer */ = {
			isa = PBXNativeTarget;
			buildConfigurationList = 80C3B0771A70506A0004CBDE /* Build configuration list for PBXNativeTarget "FacebookProfileViewer" */;
			buildPhases = (
				80C3B0511A70506A0004CBDE /* Sources */,
				80C3B0521A70506A0004CBDE /* Frameworks */,
				80C3B0531A70506A0004CBDE /* Resources */,
			);
			buildRules = (
			);
			dependencies = (
			);
			name = FacebookProfileViewer;
			productName = FacebookProfileViewer;
			productReference = 80C3B0551A70506A0004CBDE /* FacebookProfileViewer.app */;
			productType = "com.apple.product-type.application";
		};
		80C3B06C1A70506A0004CBDE /* FacebookProfileViewerTests */ = {
			isa = PBXNativeTarget;
			buildConfigurationList = 80C3B07A1A70506A0004CBDE /* Build configuration list for PBXNativeTarget "FacebookProfileViewerTests" */;
			buildPhases = (
				80C3B0691A70506A0004CBDE /* Sources */,
				80C3B06A1A70506A0004CBDE /* Frameworks */,
				80C3B06B1A70506A0004CBDE /* Resources */,
			);
			buildRules = (
			);
			dependencies = (
				80C3B06F1A70506A0004CBDE /* PBXTargetDependency */,
			);
			name = FacebookProfileViewerTests;
			productName = FacebookProfileViewerTests;
			productReference = 80C3B06D1A70506A0004CBDE /* FacebookProfileViewerTests.xctest */;
			productType = "com.apple.product-type.bundle.unit-test";
		};
/* End PBXNativeTarget section */

/* Begin PBXProject section */
		80C3B04D1A70506A0004CBDE /* Project object */ = {
			isa = PBXProject;
			attributes = {
				LastUpgradeCheck = 0610;
				ORGANIZATIONNAME = WaveLabs;
				TargetAttributes = {
					80C3B0541A70506A0004CBDE = {
						CreatedOnToolsVersion = 6.1.1;
					};
					80C3B06C1A70506A0004CBDE = {
						CreatedOnToolsVersion = 6.1.1;
						TestTargetID = 80C3B0541A70506A0004CBDE;
					};
				};
			};
			buildConfigurationList = 80C3B0501A70506A0004CBDE /* Build configuration list for PBXProject "FacebookProfileViewer" */;
			compatibilityVersion = "Xcode 3.2";
			developmentRegion = English;
			hasScannedForEncodings = 0;
			knownRegions = (
				en,
				Base,
			);
			mainGroup = 80C3B04C1A70506A0004CBDE;
			productRefGroup = 80C3B0561A70506A0004CBDE /* Products */;
			projectDirPath = "";
			projectRoot = "";
			targets = (
				80C3B0541A70506A0004CBDE /* FacebookProfileViewer */,
				80C3B06C1A70506A0004CBDE /* FacebookProfileViewerTests */,
			);
		};
/* End PBXProject section */

/* Begin PBXResourcesBuildPhase section */
		80C3B0531A70506A0004CBDE /* Resources */ = {
			isa = PBXResourcesBuildPhase;
			buildActionMask = 2147483647;
			files = (
				80C3B0631A70506A0004CBDE /* Main.storyboard in Resources */,
				80C3B0681A70506A0004CBDE /* LaunchScreen.xib in Resources */,
				80C3B0651A70506A0004CBDE /* Images.xcassets in Resources */,
			);
			runOnlyForDeploymentPostprocessing = 0;
		};
		80C3B06B1A70506A0004CBDE /* Resources */ = {
			isa = PBXResourcesBuildPhase;
			buildActionMask = 2147483647;
			files = (
			);
			runOnlyForDeploymentPostprocessing = 0;
		};
/* End PBXResourcesBuildPhase section */

/* Begin PBXSourcesBuildPhase section */
		80C3B0511A70506A0004CBDE /* Sources */ = {
			isa = PBXSourcesBuildPhase;
			buildActionMask = 2147483647;
			files = (
				80C3B0601A70506A0004CBDE /* ViewController.swift in Sources */,
				80C3B05B1A70506A0004CBDE /* AppDelegate.swift in Sources */,
				80C3B05E1A70506A0004CBDE /* FacebookProfileViewer.xcdatamodeld in Sources */,
			);
			runOnlyForDeploymentPostprocessing = 0;
		};
		80C3B0691A70506A0004CBDE /* Sources */ = {
			isa = PBXSourcesBuildPhase;
			buildActionMask = 2147483647;
			files = (
				80C3B0741A70506A0004CBDE /* FacebookProfileViewerTests.swift in Sources */,
			);
			runOnlyForDeploymentPostprocessing = 0;
		};
/* End PBXSourcesBuildPhase section */

/* Begin PBXTargetDependency section */
		80C3B06F1A70506A0004CBDE /* PBXTargetDependency */ = {
			isa = PBXTargetDependency;
			target = 80C3B0541A70506A0004CBDE /* FacebookProfileViewer */;
			targetProxy = 80C3B06E1A70506A0004CBDE /* PBXContainerItemProxy */;
		};
/* End PBXTargetDependency section */

/* Begin PBXVariantGroup section */
		80C3B0611A70506A0004CBDE /* Main.storyboard */ = {
			isa = PBXVariantGroup;
			children = (
				80C3B0621A70506A0004CBDE /* Base */,
			);
			name = Main.storyboard;
			sourceTree = "<group>";
		};
		80C3B0661A70506A0004CBDE /* LaunchScreen.xib */ = {
			isa = PBXVariantGroup;
			children = (
				80C3B0671A70506A0004CBDE /* Base */,
			);
			name = LaunchScreen.xib;
			sourceTree = "<group>";
		};
/* End PBXVariantGroup section */

/* Begin XCBuildConfiguration section */
		80C3B0751A70506A0004CBDE /* Debug */ = {
			isa = XCBuildConfiguration;
			buildSettings = {
				ALWAYS_SEARCH_USER_PATHS = NO;
				CLANG_CXX_LANGUAGE_STANDARD = "gnu++0x";
				CLANG_CXX_LIBRARY = "libc++";
				CLANG_ENABLE_MODULES = YES;
				CLANG_ENABLE_OBJC_ARC = YES;
				CLANG_WARN_BOOL_CONVERSION = YES;
				CLANG_WARN_CONSTANT_CONVERSION = YES;
				CLANG_WARN_DIRECT_OBJC_ISA_USAGE = YES_ERROR;
				CLANG_WARN_EMPTY_BODY = YES;
				CLANG_WARN_ENUM_CONVERSION = YES;
				CLANG_WARN_INT_CONVERSION = YES;
				CLANG_WARN_OBJC_ROOT_CLASS = YES_ERROR;
				CLANG_WARN_UNREACHABLE_CODE = YES;
				CLANG_WARN__DUPLICATE_METHOD_MATCH = YES;
				"CODE_SIGN_IDENTITY[sdk=iphoneos*]" = "iPhone Developer";
				COPY_PHASE_STRIP = NO;
				ENABLE_STRICT_OBJC_MSGSEND = YES;
				GCC_C_LANGUAGE_STANDARD = gnu99;
				GCC_DYNAMIC_NO_PIC = NO;
				GCC_OPTIMIZATION_LEVEL = 0;
				GCC_PREPROCESSOR_DEFINITIONS = (
					"DEBUG=1",
					"$(inherited)",
				);
				GCC_SYMBOLS_PRIVATE_EXTERN = NO;
				GCC_WARN_64_TO_32_BIT_CONVERSION = YES;
				GCC_WARN_ABOUT_RETURN_TYPE = YES_ERROR;
				GCC_WARN_UNDECLARED_SELECTOR = YES;
				GCC_WARN_UNINITIALIZED_AUTOS = YES_AGGRESSIVE;
				GCC_WARN_UNUSED_FUNCTION = YES;
				GCC_WARN_UNUSED_VARIABLE = YES;
				IPHONEOS_DEPLOYMENT_TARGET = 8.1;
				MTL_ENABLE_DEBUG_INFO = YES;
				ONLY_ACTIVE_ARCH = YES;
				SDKROOT = iphoneos;
				SWIFT_OPTIMIZATION_LEVEL = "-Onone";
			};
			name = Debug;
		};
		80C3B0761A70506A0004CBDE /* Release */ = {
			isa = XCBuildConfiguration;
			buildSettings = {
				ALWAYS_SEARCH_USER_PATHS = NO;
				CLANG_CXX_LANGUAGE_STANDARD = "gnu++0x";
				CLANG_CXX_LIBRARY = "libc++";
				CLANG_ENABLE_MODULES = YES;
				CLANG_ENABLE_OBJC_ARC = YES;
				CLANG_WARN_BOOL_CONVERSION = YES;
				CLANG_WARN_CONSTANT_CONVERSION = YES;
				CLANG_WARN_DIRECT_OBJC_ISA_USAGE = YES_ERROR;
				CLANG_WARN_EMPTY_BODY = YES;
				CLANG_WARN_ENUM_CONVERSION = YES;
				CLANG_WARN_INT_CONVERSION = YES;
				CLANG_WARN_OBJC_ROOT_CLASS = YES_ERROR;
				CLANG_WARN_UNREACHABLE_CODE = YES;
				CLANG_WARN__DUPLICATE_METHOD_MATCH = YES;
				"CODE_SIGN_IDENTITY[sdk=iphoneos*]" = "iPhone Developer";
				COPY_PHASE_STRIP = YES;
				ENABLE_NS_ASSERTIONS = NO;
				ENABLE_STRICT_OBJC_MSGSEND = YES;
				GCC_C_LANGUAGE_STANDARD = gnu99;
				GCC_WARN_64_TO_32_BIT_CONVERSION = YES;
				GCC_WARN_ABOUT_RETURN_TYPE = YES_ERROR;
				GCC_WARN_UNDECLARED_SELECTOR = YES;
				GCC_WARN_UNINITIALIZED_AUTOS = YES_AGGRESSIVE;
				GCC_WARN_UNUSED_FUNCTION = YES;
				GCC_WARN_UNUSED_VARIABLE = YES;
				IPHONEOS_DEPLOYMENT_TARGET = 8.1;
				MTL_ENABLE_DEBUG_INFO = NO;
				SDKROOT = iphoneos;
				VALIDATE_PRODUCT = YES;
			};
			name = Release;
		};
		80C3B0781A70506A0004CBDE /* Debug */ = {
			isa = XCBuildConfiguration;
			buildSettings = {
				ASSETCATALOG_COMPILER_APPICON_NAME = AppIcon;
				INFOPLIST_FILE = FacebookProfileViewer/Info.plist;
				LD_RUNPATH_SEARCH_PATHS = "$(inherited) @executable_path/Frameworks";
				PRODUCT_NAME = "$(TARGET_NAME)";
			};
			name = Debug;
		};
		80C3B0791A70506A0004CBDE /* Release */ = {
			isa = XCBuildConfiguration;
			buildSettings = {
				ASSETCATALOG_COMPILER_APPICON_NAME = AppIcon;
				INFOPLIST_FILE = FacebookProfileViewer/Info.plist;
				LD_RUNPATH_SEARCH_PATHS = "$(inherited) @executable_path/Frameworks";
				PRODUCT_NAME = "$(TARGET_NAME)";
			};
			name = Release;
		};
		80C3B07B1A70506A0004CBDE /* Debug */ = {
			isa = XCBuildConfiguration;
			buildSettings = {
				BUNDLE_LOADER = "$(TEST_HOST)";
				FRAMEWORK_SEARCH_PATHS = (
					"$(SDKROOT)/Developer/Library/Frameworks",
					"$(inherited)",
				);
				GCC_PREPROCESSOR_DEFINITIONS = (
					"DEBUG=1",
					"$(inherited)",
				);
				INFOPLIST_FILE = FacebookProfileViewerTests/Info.plist;
				LD_RUNPATH_SEARCH_PATHS = "$(inherited) @executable_path/Frameworks @loader_path/Frameworks";
				PRODUCT_NAME = "$(TARGET_NAME)";
				TEST_HOST = "$(BUILT_PRODUCTS_DIR)/FacebookProfileViewer.app/FacebookProfileViewer";
			};
			name = Debug;
		};
		80C3B07C1A70506A0004CBDE /* Release */ = {
			isa = XCBuildConfiguration;
			buildSettings = {
				BUNDLE_LOADER = "$(TEST_HOST)";
				FRAMEWORK_SEARCH_PATHS = (
					"$(SDKROOT)/Developer/Library/Frameworks",
					"$(inherited)",
				);
				INFOPLIST_FILE = FacebookProfileViewerTests/Info.plist;
				LD_RUNPATH_SEARCH_PATHS = "$(inherited) @executable_path/Frameworks @loader_path/Frameworks";
				PRODUCT_NAME = "$(TARGET_NAME)";
				TEST_HOST = "$(BUILT_PRODUCTS_DIR)/FacebookProfileViewer.app/FacebookProfileViewer";
			};
			name = Release;
		};
/* End XCBuildConfiguration section */

/* Begin XCConfigurationList section */
		80C3B0501A70506A0004CBDE /* Build configuration list for PBXProject "FacebookProfileViewer" */ = {
			isa = XCConfigurationList;
			buildConfigurations = (
				80C3B0751A70506A0004CBDE /* Debug */,
				80C3B0761A70506A0004CBDE /* Release */,
			);
			defaultConfigurationIsVisible = 0;
			defaultConfigurationName = Release;
		};
		80C3B0771A70506A0004CBDE /* Build configuration list for PBXNativeTarget "FacebookProfileViewer" */ = {
			isa = XCConfigurationList;
			buildConfigurations = (
				80C3B0781A70506A0004CBDE /* Debug */,
				80C3B0791A70506A0004CBDE /* Release */,
			);
			defaultConfigurationIsVisible = 0;
			defaultConfigurationName = Release;
		};
		80C3B07A1A70506A0004CBDE /* Build configuration list for PBXNativeTarget "FacebookProfileViewerTests" */ = {
			isa = XCConfigurationList;
			buildConfigurations = (
				80C3B07B1A70506A0004CBDE /* Debug */,
				80C3B07C1A70506A0004CBDE /* Release */,
			);
			defaultConfigurationIsVisible = 0;
			defaultConfigurationName = Release;
		};
/* End XCConfigurationList section */

/* Begin XCVersionGroup section */
		80C3B05C1A70506A0004CBDE /* FacebookProfileViewer.xcdatamodeld */ = {
			isa = XCVersionGroup;
			children = (
				80C3B05D1A70506A0004CBDE /* FacebookProfileViewer.xcdatamodel */,
			);
			currentVersion = 80C3B05D1A70506A0004CBDE /* FacebookProfileViewer.xcdatamodel */;
			path = FacebookProfileViewer.xcdatamodeld;
			sourceTree = "<group>";
			versionGroupType = wrapper.xcdatamodel;
		};
/* End XCVersionGroup section */
	};
	rootObject = 80C3B04D1A70506A0004CBDE /* Project object */;
}
