// !$*UTF8*$!
{
	archiveVersion = 1;
	classes = {
	};
	objectVersion = 46;
	objects = {

/* Begin PBXBuildFile section */
		375320A8F3E094F2542339C4 /* NSError.swift in Sources */ = {isa = PBXBuildFile; fileRef = 37532224F8A1C41A77EBCE53 /* NSError.swift */; };
		3753221360C8AEA53727C54F /* StoryboardSegues.swift in Sources */ = {isa = PBXBuildFile; fileRef = 37532465DCFF2754FB77D40D /* StoryboardSegues.swift */; };
		375323727A0C11BD0F7A833A /* PostEntity.swift in Sources */ = {isa = PBXBuildFile; fileRef = 37532D4AFE37570632B1C14C /* PostEntity.swift */; };
		3753245C458C32272993A7AA /* NSDictionary.swift in Sources */ = {isa = PBXBuildFile; fileRef = 37532AA4F48CA59F462AC4E6 /* NSDictionary.swift */; };
		375324DB613D5B1FFF83B99C /* NSFileManager.swift in Sources */ = {isa = PBXBuildFile; fileRef = 37532E7B820A7E0D82759F6F /* NSFileManager.swift */; };
		375326D0B9607E310EDD75A2 /* NSDateFormatter.swift in Sources */ = {isa = PBXBuildFile; fileRef = 375326839A79DE2CD78ED098 /* NSDateFormatter.swift */; };
		3753272F043A29F2A8DC6BEE /* ProfileEntity.swift in Sources */ = {isa = PBXBuildFile; fileRef = 3753219C8038AE062CC53CC9 /* ProfileEntity.swift */; };
		375327E6D0AAA758F50864C7 /* NSDate.swift in Sources */ = {isa = PBXBuildFile; fileRef = 37532EC9C263E5899B18AC96 /* NSDate.swift */; };
		3753280F9A9D923F22985153 /* EmptyUserProfileViewSubviews.swift in Sources */ = {isa = PBXBuildFile; fileRef = 3753226AF8210C38142C8A50 /* EmptyUserProfileViewSubviews.swift */; };
		375329553D6BD36B02816865 /* FriendEntity.swift in Sources */ = {isa = PBXBuildFile; fileRef = 37532B5BAF74887199BAC09F /* FriendEntity.swift */; };
		37532A0A869EDD952EB97DCD /* NSFetchedResultsChangeType.swift in Sources */ = {isa = PBXBuildFile; fileRef = 37532F59C9395B3E5F4C7F4B /* NSFetchedResultsChangeType.swift */; };
		37532C19E99F08B3CA22CD6A /* NSURL.swift in Sources */ = {isa = PBXBuildFile; fileRef = 37532D6947F9F0F19529E4A2 /* NSURL.swift */; };
		37532D0EF1BE75498BABF26D /* IBDesignableImageView.swift in Sources */ = {isa = PBXBuildFile; fileRef = 37532F48136918F472C88935 /* IBDesignableImageView.swift */; };
		37532D3228EEC8ED3257F81E /* UIApplication.swift in Sources */ = {isa = PBXBuildFile; fileRef = 37532E25C54C0E60F4483873 /* UIApplication.swift */; };
		37532D397FDAA84C77C8BBBC /* IBDesignableLabel.swift in Sources */ = {isa = PBXBuildFile; fileRef = 375327BB69C45DFF72DAE550 /* IBDesignableLabel.swift */; };
		37532D3DB270012D15E59D3E /* String.swift in Sources */ = {isa = PBXBuildFile; fileRef = 3753204E035A887625E6E3B9 /* String.swift */; };
		37532DB3E31FE65B805B14BA /* UIImage.swift in Sources */ = {isa = PBXBuildFile; fileRef = 37532596ADC21B67531D9149 /* UIImage.swift */; };
		37532DE9F98552A8C392E866 /* IBDesignableButton.swift in Sources */ = {isa = PBXBuildFile; fileRef = 37532272363C8EFC61A18428 /* IBDesignableButton.swift */; };
		37532EF80BE962E666CFBD95 /* IBDesignableView.swift in Sources */ = {isa = PBXBuildFile; fileRef = 37532E51DCEBAC72103DE0B8 /* IBDesignableView.swift */; };
		801707AA1AC8A9D300A7CD1E /* FBPVClasses.framework in Embed Frameworks */ = {isa = PBXBuildFile; fileRef = 8033134D1A74660100E54701 /* FBPVClasses.framework */; settings = {ATTRIBUTES = (CodeSignOnCopy, RemoveHeadersOnCopy, ); }; };
		801707AE1AC8B53700A7CD1E /* LoggerClient.m in Sources */ = {isa = PBXBuildFile; fileRef = 80B16D891AC8A69B0033725B /* LoggerClient.m */; settings = {COMPILER_FLAGS = "-Wno-gnu-zero-variadic-macro-arguments -Wno-pedantic -Wno-sign-conversion"; }; };
		801707AF1AC8B5DB00A7CD1E /* NSLoggerClient.framework in Frameworks */ = {isa = PBXBuildFile; fileRef = 80B16D6C1AC8A6300033725B /* NSLoggerClient.framework */; };
		801707B11AC8B6E400A7CD1E /* FBPVUI.framework in Embed Frameworks */ = {isa = PBXBuildFile; fileRef = 803313721A74661500E54701 /* FBPVUI.framework */; settings = {ATTRIBUTES = (CodeSignOnCopy, RemoveHeadersOnCopy, ); }; };
		801707B21AC8B6E400A7CD1E /* NSLoggerClient.framework in Embed Frameworks */ = {isa = PBXBuildFile; fileRef = 80B16D6C1AC8A6300033725B /* NSLoggerClient.framework */; settings = {ATTRIBUTES = (CodeSignOnCopy, RemoveHeadersOnCopy, ); }; };
		803313581A74660100E54701 /* FBPVClasses.framework in Frameworks */ = {isa = PBXBuildFile; fileRef = 8033134D1A74660100E54701 /* FBPVClasses.framework */; };
		803313611A74660100E54701 /* FacebookEndpointManagerTests.swift in Sources */ = {isa = PBXBuildFile; fileRef = 803313601A74660100E54701 /* FacebookEndpointManagerTests.swift */; };
		803313641A74660100E54701 /* FBPVClasses.framework in Frameworks */ = {isa = PBXBuildFile; fileRef = 8033134D1A74660100E54701 /* FBPVClasses.framework */; };
		803313891A74661500E54701 /* FBPVUI.framework in Frameworks */ = {isa = PBXBuildFile; fileRef = 803313721A74661500E54701 /* FBPVUI.framework */; };
		8033139E1A746AE600E54701 /* FacebookEndpointManager.swift in Sources */ = {isa = PBXBuildFile; fileRef = 8033139D1A746AE600E54701 /* FacebookEndpointManager.swift */; };
		8034CBF11AC782FA0074F973 /* GenericTableViewController.swift in Sources */ = {isa = PBXBuildFile; fileRef = 8034CBF01AC782FA0074F973 /* GenericTableViewController.swift */; };
		807E28671A7A58A3005DBF05 /* NibDesignable.swift in Sources */ = {isa = PBXBuildFile; fileRef = 807E28661A7A58A3005DBF05 /* NibDesignable.swift */; };
		807E28731A7AB703005DBF05 /* Logging.swift in Sources */ = {isa = PBXBuildFile; fileRef = 807E28721A7AB703005DBF05 /* Logging.swift */; };
		8083DFD21AA129D1009FA37A /* UIColor.swift in Sources */ = {isa = PBXBuildFile; fileRef = 8083DFD11AA129D1009FA37A /* UIColor.swift */; };
		8083DFD31AA12A65009FA37A /* FriendTableViewCell.swift in Sources */ = {isa = PBXBuildFile; fileRef = 37532D5B4C8CB43D1B745708 /* FriendTableViewCell.swift */; };
		8083DFD41AA12A65009FA37A /* LinkPostTableViewCell.swift in Sources */ = {isa = PBXBuildFile; fileRef = 37532CE7757DCE1861B0C7D4 /* LinkPostTableViewCell.swift */; };
		8083DFD51AA12A65009FA37A /* PhotoPostTableViewCell.swift in Sources */ = {isa = PBXBuildFile; fileRef = 375321942C31AAA7167BB90B /* PhotoPostTableViewCell.swift */; };
		8083DFD61AA12A65009FA37A /* StatusPostTableViewCell.swift in Sources */ = {isa = PBXBuildFile; fileRef = 375321CA60DC5D1E9CF571ED /* StatusPostTableViewCell.swift */; };
		808D45241AA4F7D100727D07 /* Protocols.swift in Sources */ = {isa = PBXBuildFile; fileRef = 808D45231AA4F7D100727D07 /* Protocols.swift */; };
		808FB2801AA512790067C15B /* EmptyUserProfileView.swift in Sources */ = {isa = PBXBuildFile; fileRef = 808FB27F1AA512790067C15B /* EmptyUserProfileView.swift */; };
		809FDAC91AA4D78900BEB830 /* OverlayErrorView.swift in Sources */ = {isa = PBXBuildFile; fileRef = 809FDAC81AA4D78900BEB830 /* OverlayErrorView.swift */; };
		809FDACD1AA4DD7E00BEB830 /* OverlayErrorViewSubviews.swift in Sources */ = {isa = PBXBuildFile; fileRef = 809FDACC1AA4DD7E00BEB830 /* OverlayErrorViewSubviews.swift */; };
		80A9592D1AB21C7200F552FC /* IBDesignableTableViewCell.swift in Sources */ = {isa = PBXBuildFile; fileRef = 80A9592C1AB21C7200F552FC /* IBDesignableTableViewCell.swift */; };
		80B16D711AC8A6300033725B /* NSLoggerClient.h in Headers */ = {isa = PBXBuildFile; fileRef = 80B16D701AC8A6300033725B /* NSLoggerClient.h */; settings = {ATTRIBUTES = (Public, ); }; };
		80B16D8C1AC8A6A80033725B /* LoggerClient.h in Headers */ = {isa = PBXBuildFile; fileRef = 80B16D881AC8A69B0033725B /* LoggerClient.h */; settings = {ATTRIBUTES = (Public, ); }; };
		80B16D8D1AC8A6A80033725B /* LoggerCommon.h in Headers */ = {isa = PBXBuildFile; fileRef = 80B16D8A1AC8A69B0033725B /* LoggerCommon.h */; settings = {ATTRIBUTES = (Public, ); }; };
		80B596451AC8B93D003C2DCD /* TestingView.xib in Resources */ = {isa = PBXBuildFile; fileRef = 80B596471AC8B93D003C2DCD /* TestingView.xib */; };
		80B596481AC8B994003C2DCD /* OverlayErrorView.xib in Resources */ = {isa = PBXBuildFile; fileRef = 80B5964A1AC8B994003C2DCD /* OverlayErrorView.xib */; };
		80B5964B1AC8B99B003C2DCD /* EmptyUserProfileView.xib in Resources */ = {isa = PBXBuildFile; fileRef = 80B5964D1AC8B99B003C2DCD /* EmptyUserProfileView.xib */; };
		80B5964E1AC8B99F003C2DCD /* UserProfileView.xib in Resources */ = {isa = PBXBuildFile; fileRef = 80B596501AC8B99F003C2DCD /* UserProfileView.xib */; };
		80B596511AC8B9A6003C2DCD /* StatusPostTableViewCell.xib in Resources */ = {isa = PBXBuildFile; fileRef = 80B596531AC8B9A6003C2DCD /* StatusPostTableViewCell.xib */; };
		80B596541AC8B9AA003C2DCD /* PhotoPostTableViewCell.xib in Resources */ = {isa = PBXBuildFile; fileRef = 80B596561AC8B9AA003C2DCD /* PhotoPostTableViewCell.xib */; };
		80B596571AC8B9AE003C2DCD /* LinkPostTableViewCell.xib in Resources */ = {isa = PBXBuildFile; fileRef = 80B596591AC8B9AE003C2DCD /* LinkPostTableViewCell.xib */; };
		80B5965A1AC8B9B2003C2DCD /* LinkWithoutPhotoPostTableViewCell.xib in Resources */ = {isa = PBXBuildFile; fileRef = 80B5965C1AC8B9B2003C2DCD /* LinkWithoutPhotoPostTableViewCell.xib */; };
		80B5965D1AC8B9B5003C2DCD /* FriendTableViewCell.xib in Resources */ = {isa = PBXBuildFile; fileRef = 80B5965F1AC8B9B5003C2DCD /* FriendTableViewCell.xib */; };
		80BACFA91AA26196000A3093 /* IBDesignableHelper.swift in Sources */ = {isa = PBXBuildFile; fileRef = 80BACFA61AA259ED000A3093 /* IBDesignableHelper.swift */; };
		80BACFAB1AA262C4000A3093 /* UIView.swift in Sources */ = {isa = PBXBuildFile; fileRef = 80BACFAA1AA262C4000A3093 /* UIView.swift */; };
		80BACFAD1AA28E43000A3093 /* LoadMorePostsButton.swift in Sources */ = {isa = PBXBuildFile; fileRef = 80BACFAC1AA28E43000A3093 /* LoadMorePostsButton.swift */; };
		80BACFAF1AA28F9C000A3093 /* WelcomeScreenView.swift in Sources */ = {isa = PBXBuildFile; fileRef = 80BACFAE1AA28F9C000A3093 /* WelcomeScreenView.swift */; };
		80BACFB11AA290A9000A3093 /* LoginScreenView.swift in Sources */ = {isa = PBXBuildFile; fileRef = 80BACFB01AA290A9000A3093 /* LoginScreenView.swift */; };
		80BACFB51AA29C78000A3093 /* GenericNavigationViewController.swift in Sources */ = {isa = PBXBuildFile; fileRef = 80BACFB41AA29C78000A3093 /* GenericNavigationViewController.swift */; };
		80BACFB71AA29FDA000A3093 /* LoadingProgressView.swift in Sources */ = {isa = PBXBuildFile; fileRef = 80BACFB61AA29FDA000A3093 /* LoadingProgressView.swift */; };
		80C3B0631A70506A0004CBDE /* Main.storyboard in Resources */ = {isa = PBXBuildFile; fileRef = 80C3B0611A70506A0004CBDE /* Main.storyboard */; };
		80C3B0651A70506A0004CBDE /* AppIcons.xcassets in Resources */ = {isa = PBXBuildFile; fileRef = 80C3B0641A70506A0004CBDE /* AppIcons.xcassets */; };
		80C3B0681A70506A0004CBDE /* LaunchScreen.xib in Resources */ = {isa = PBXBuildFile; fileRef = 80C3B0661A70506A0004CBDE /* LaunchScreen.xib */; };
		80CDE7BD1A8E242A00499B4E /* CoreDataHelper.swift in Sources */ = {isa = PBXBuildFile; fileRef = 80CDE7BC1A8E242A00499B4E /* CoreDataHelper.swift */; };
		80CFEE961A7E986F00D47E62 /* AppState.swift in Sources */ = {isa = PBXBuildFile; fileRef = 80CFEE941A7E947B00D47E62 /* AppState.swift */; };
		80D4F5911AC612CA00E2783A /* FacebookProfileViewer.xcdatamodeld in Sources */ = {isa = PBXBuildFile; fileRef = 80C3B05C1A70506A0004CBDE /* FacebookProfileViewer.xcdatamodeld */; };
		80D731C81AC80F7D00C687E1 /* RemoteDebugServer.swift in Sources */ = {isa = PBXBuildFile; fileRef = 80D731C71AC80F7D00C687E1 /* RemoteDebugServer.swift */; };
		80E342331AA38B7E00F9C050 /* PostLinkTitleLabel.swift in Sources */ = {isa = PBXBuildFile; fileRef = 80E342321AA38B7E00F9C050 /* PostLinkTitleLabel.swift */; };
		80E342351AA38B9000F9C050 /* PostLinkSubtitleLabel.swift in Sources */ = {isa = PBXBuildFile; fileRef = 80E342341AA38B9000F9C050 /* PostLinkSubtitleLabel.swift */; };
		80E342371AA38C9300F9C050 /* GenericPostTableViewCell.swift in Sources */ = {isa = PBXBuildFile; fileRef = 80E342361AA38C9300F9C050 /* GenericPostTableViewCell.swift */; };
		80FBA43B1AA1288200887F25 /* XCTestCase.swift in Sources */ = {isa = PBXBuildFile; fileRef = 80FBA43A1AA1288200887F25 /* XCTestCase.swift */; };
		80FBA43F1AA128B600887F25 /* LoginButton.swift in Sources */ = {isa = PBXBuildFile; fileRef = 80FBA43D1AA128B600887F25 /* LoginButton.swift */; };
		80FBA4401AA128B600887F25 /* SegmentedControl.swift in Sources */ = {isa = PBXBuildFile; fileRef = 80FBA43E1AA128B600887F25 /* SegmentedControl.swift */; };
		80FBA4491AA128C100887F25 /* UserProfileView.swift in Sources */ = {isa = PBXBuildFile; fileRef = 80FBA4441AA128C100887F25 /* UserProfileView.swift */; };
		80FBA44B1AA128C100887F25 /* UserProfileViewSubviews.swift in Sources */ = {isa = PBXBuildFile; fileRef = 80FBA4461AA128C100887F25 /* UserProfileViewSubviews.swift */; };
		80FBA4531AA1291500887F25 /* AppDelegate.swift in Sources */ = {isa = PBXBuildFile; fileRef = 80FBA44D1AA1291500887F25 /* AppDelegate.swift */; };
		80FBA4541AA1291500887F25 /* FriendsTableViewController.swift in Sources */ = {isa = PBXBuildFile; fileRef = 80FBA44E1AA1291500887F25 /* FriendsTableViewController.swift */; };
		80FBA4551AA1291500887F25 /* LoginScreenViewController.swift in Sources */ = {isa = PBXBuildFile; fileRef = 80FBA44F1AA1291500887F25 /* LoginScreenViewController.swift */; };
		80FBA4561AA1291500887F25 /* MainViewController.swift in Sources */ = {isa = PBXBuildFile; fileRef = 80FBA4501AA1291500887F25 /* MainViewController.swift */; };
		80FBA4571AA1291500887F25 /* PostsTableViewController.swift in Sources */ = {isa = PBXBuildFile; fileRef = 80FBA4511AA1291500887F25 /* PostsTableViewController.swift */; };
		80FBA4581AA1291500887F25 /* WelcomeScreenViewController.swift in Sources */ = {isa = PBXBuildFile; fileRef = 80FBA4521AA1291500887F25 /* WelcomeScreenViewController.swift */; };
		80FE73341AA34420006453B6 /* LinkWithoutPhotoPostTableViewCell.swift in Sources */ = {isa = PBXBuildFile; fileRef = 80FE73321AA34420006453B6 /* LinkWithoutPhotoPostTableViewCell.swift */; };
		80FE73391AA34801006453B6 /* UINib.swift in Sources */ = {isa = PBXBuildFile; fileRef = 80FE73381AA34801006453B6 /* UINib.swift */; };
		80FE733B1AA35F39006453B6 /* PostDateLabel.swift in Sources */ = {isa = PBXBuildFile; fileRef = 80FE733A1AA35F39006453B6 /* PostDateLabel.swift */; };
		80FE733D1AA35FF0006453B6 /* PostTitleLabel.swift in Sources */ = {isa = PBXBuildFile; fileRef = 80FE733C1AA35FF0006453B6 /* PostTitleLabel.swift */; };
		80FF71461A9AAD0D005715BA /* Apache License.txt in Resources */ = {isa = PBXBuildFile; fileRef = 80FF713B1A9AAAF2005715BA /* Apache License.txt */; };
		80FF71471A9AAD0D005715BA /* OpenSans-Bold.ttf in Resources */ = {isa = PBXBuildFile; fileRef = 80FF713C1A9AAAF2005715BA /* OpenSans-Bold.ttf */; };
		80FF71481A9AAD0D005715BA /* OpenSans-BoldItalic.ttf in Resources */ = {isa = PBXBuildFile; fileRef = 80FF713D1A9AAAF2005715BA /* OpenSans-BoldItalic.ttf */; };
		80FF71491A9AAD0D005715BA /* OpenSans-ExtraBold.ttf in Resources */ = {isa = PBXBuildFile; fileRef = 80FF713E1A9AAAF2005715BA /* OpenSans-ExtraBold.ttf */; };
		80FF714A1A9AAD0D005715BA /* OpenSans-ExtraBoldItalic.ttf in Resources */ = {isa = PBXBuildFile; fileRef = 80FF713F1A9AAAF2005715BA /* OpenSans-ExtraBoldItalic.ttf */; };
		80FF714B1A9AAD0D005715BA /* OpenSans-Italic.ttf in Resources */ = {isa = PBXBuildFile; fileRef = 80FF71401A9AAAF2005715BA /* OpenSans-Italic.ttf */; };
		80FF714C1A9AAD0D005715BA /* OpenSans-Light.ttf in Resources */ = {isa = PBXBuildFile; fileRef = 80FF71411A9AAAF2005715BA /* OpenSans-Light.ttf */; };
		80FF714D1A9AAD0D005715BA /* OpenSans-LightItalic.ttf in Resources */ = {isa = PBXBuildFile; fileRef = 80FF71421A9AAAF2005715BA /* OpenSans-LightItalic.ttf */; };
		80FF714E1A9AAD0D005715BA /* OpenSans-Regular.ttf in Resources */ = {isa = PBXBuildFile; fileRef = 80FF71431A9AAAF2005715BA /* OpenSans-Regular.ttf */; };
		80FF714F1A9AAD0D005715BA /* OpenSans-Semibold.ttf in Resources */ = {isa = PBXBuildFile; fileRef = 80FF71441A9AAAF2005715BA /* OpenSans-Semibold.ttf */; };
		80FF71501A9AAD0D005715BA /* OpenSans-SemiboldItalic.ttf in Resources */ = {isa = PBXBuildFile; fileRef = 80FF71451A9AAAF2005715BA /* OpenSans-SemiboldItalic.ttf */; };
		C5171BD61A837D000066E006 /* FacebookPostsLoadManager.swift in Sources */ = {isa = PBXBuildFile; fileRef = C5171BD51A837D000066E006 /* FacebookPostsLoadManager.swift */; };
		C5171BD81A83818A0066E006 /* FacebookPostsLoadManagerTests.swift in Sources */ = {isa = PBXBuildFile; fileRef = C5171BD71A83818A0066E006 /* FacebookPostsLoadManagerTests.swift */; };
		C51980DD1A811F5300BE4861 /* FacebookFriendsLoadManager.swift in Sources */ = {isa = PBXBuildFile; fileRef = C51980DC1A811F5300BE4861 /* FacebookFriendsLoadManager.swift */; };
		C51980DF1A81233A00BE4861 /* FacebookFriendsLoadManagerTests.swift in Sources */ = {isa = PBXBuildFile; fileRef = C51980DE1A81233A00BE4861 /* FacebookFriendsLoadManagerTests.swift */; };
		C566DE971A936EDD009117E5 /* CoreDataHelperProfileTests.swift in Sources */ = {isa = PBXBuildFile; fileRef = C566DE961A936EDD009117E5 /* CoreDataHelperProfileTests.swift */; };
		C58C7BE81A7FD36E007E3996 /* FacebookProfileLoadManager.swift in Sources */ = {isa = PBXBuildFile; fileRef = C58C7BE71A7FD36E007E3996 /* FacebookProfileLoadManager.swift */; };
		C5921A2E1A920E6600298543 /* CoreDataHelperFriendsTests.swift in Sources */ = {isa = PBXBuildFile; fileRef = C5921A2D1A920E6600298543 /* CoreDataHelperFriendsTests.swift */; };
		C5921A301A923BBA00298543 /* Reflection.swift in Sources */ = {isa = PBXBuildFile; fileRef = C5921A2F1A923BBA00298543 /* Reflection.swift */; };
		C5A31F431A9B4DAB00CC89D6 /* Media.xcassets in Resources */ = {isa = PBXBuildFile; fileRef = 80FF71321A9A9E54005715BA /* Media.xcassets */; };
		C5A750701A80E1930089703F /* FacebookProfileLoadManagerTests.swift in Sources */ = {isa = PBXBuildFile; fileRef = C5A7506F1A80E1930089703F /* FacebookProfileLoadManagerTests.swift */; };
		C5AD127F1A97485700B1DE89 /* Settings.bundle in Resources */ = {isa = PBXBuildFile; fileRef = C5AD127E1A97485700B1DE89 /* Settings.bundle */; };
		C5BAB5F61AC180950086ED6C /* SketchStyleKit.swift in Sources */ = {isa = PBXBuildFile; fileRef = C5BAB5F41AC17FFF0086ED6C /* SketchStyleKit.swift */; };
		C5F235571A935B0E00D8D28C /* CoreDataHelperPostsTests.swift in Sources */ = {isa = PBXBuildFile; fileRef = C5F235561A935B0E00D8D28C /* CoreDataHelperPostsTests.swift */; };
/* End PBXBuildFile section */

/* Begin PBXContainerItemProxy section */
		803313591A74660100E54701 /* PBXContainerItemProxy */ = {
			isa = PBXContainerItemProxy;
			containerPortal = 80C3B04D1A70506A0004CBDE /* Project object */;
			proxyType = 1;
			remoteGlobalIDString = 8033134C1A74660100E54701;
			remoteInfo = FacebookProfileViewerClasses;
		};
		8033135B1A74660100E54701 /* PBXContainerItemProxy */ = {
			isa = PBXContainerItemProxy;
			containerPortal = 80C3B04D1A70506A0004CBDE /* Project object */;
			proxyType = 1;
			remoteGlobalIDString = 80C3B0541A70506A0004CBDE;
			remoteInfo = FacebookProfileViewer;
		};
		803313871A74661500E54701 /* PBXContainerItemProxy */ = {
			isa = PBXContainerItemProxy;
			containerPortal = 80C3B04D1A70506A0004CBDE /* Project object */;
			proxyType = 1;
			remoteGlobalIDString = 803313711A74661500E54701;
			remoteInfo = FacebookProfileViewerUI;
		};
		80493E961A8D4CAC00BDE2B8 /* PBXContainerItemProxy */ = {
			isa = PBXContainerItemProxy;
			containerPortal = 80C3B04D1A70506A0004CBDE /* Project object */;
			proxyType = 1;
			remoteGlobalIDString = 8033134C1A74660100E54701;
			remoteInfo = FacebookProfileViewerClasses;
		};
		80B16D8E1AC8A7210033725B /* PBXContainerItemProxy */ = {
			isa = PBXContainerItemProxy;
			containerPortal = 80C3B04D1A70506A0004CBDE /* Project object */;
			proxyType = 1;
			remoteGlobalIDString = 80B16D6B1AC8A6300033725B;
			remoteInfo = NSLoggerClient;
		};
/* End PBXContainerItemProxy section */

/* Begin PBXCopyFilesBuildPhase section */
		8033136B1A74660100E54701 /* Embed Frameworks */ = {
			isa = PBXCopyFilesBuildPhase;
			buildActionMask = 2147483647;
			dstPath = "";
			dstSubfolderSpec = 10;
			files = (
				801707B11AC8B6E400A7CD1E /* FBPVUI.framework in Embed Frameworks */,
				801707B21AC8B6E400A7CD1E /* NSLoggerClient.framework in Embed Frameworks */,
				801707AA1AC8A9D300A7CD1E /* FBPVClasses.framework in Embed Frameworks */,
			);
			name = "Embed Frameworks";
			runOnlyForDeploymentPostprocessing = 0;
		};
/* End PBXCopyFilesBuildPhase section */

/* Begin PBXFileReference section */
		3753204E035A887625E6E3B9 /* String.swift */ = {isa = PBXFileReference; fileEncoding = 4; lastKnownFileType = sourcecode.swift; path = String.swift; sourceTree = "<group>"; };
		375321942C31AAA7167BB90B /* PhotoPostTableViewCell.swift */ = {isa = PBXFileReference; fileEncoding = 4; lastKnownFileType = sourcecode.swift; path = PhotoPostTableViewCell.swift; sourceTree = "<group>"; };
		3753219C8038AE062CC53CC9 /* ProfileEntity.swift */ = {isa = PBXFileReference; fileEncoding = 4; lastKnownFileType = sourcecode.swift; path = ProfileEntity.swift; sourceTree = "<group>"; };
		375321CA60DC5D1E9CF571ED /* StatusPostTableViewCell.swift */ = {isa = PBXFileReference; fileEncoding = 4; lastKnownFileType = sourcecode.swift; path = StatusPostTableViewCell.swift; sourceTree = "<group>"; };
		37532224F8A1C41A77EBCE53 /* NSError.swift */ = {isa = PBXFileReference; fileEncoding = 4; lastKnownFileType = sourcecode.swift; path = NSError.swift; sourceTree = "<group>"; };
		3753226AF8210C38142C8A50 /* EmptyUserProfileViewSubviews.swift */ = {isa = PBXFileReference; fileEncoding = 4; lastKnownFileType = sourcecode.swift; path = EmptyUserProfileViewSubviews.swift; sourceTree = "<group>"; };
		37532272363C8EFC61A18428 /* IBDesignableButton.swift */ = {isa = PBXFileReference; fileEncoding = 4; lastKnownFileType = sourcecode.swift; path = IBDesignableButton.swift; sourceTree = "<group>"; };
		37532465DCFF2754FB77D40D /* StoryboardSegues.swift */ = {isa = PBXFileReference; fileEncoding = 4; lastKnownFileType = sourcecode.swift; path = StoryboardSegues.swift; sourceTree = "<group>"; };
		37532596ADC21B67531D9149 /* UIImage.swift */ = {isa = PBXFileReference; fileEncoding = 4; lastKnownFileType = sourcecode.swift; path = UIImage.swift; sourceTree = "<group>"; };
		375326839A79DE2CD78ED098 /* NSDateFormatter.swift */ = {isa = PBXFileReference; fileEncoding = 4; lastKnownFileType = sourcecode.swift; path = NSDateFormatter.swift; sourceTree = "<group>"; };
		375327BB69C45DFF72DAE550 /* IBDesignableLabel.swift */ = {isa = PBXFileReference; fileEncoding = 4; lastKnownFileType = sourcecode.swift; path = IBDesignableLabel.swift; sourceTree = "<group>"; };
		37532AA4F48CA59F462AC4E6 /* NSDictionary.swift */ = {isa = PBXFileReference; fileEncoding = 4; lastKnownFileType = sourcecode.swift; path = NSDictionary.swift; sourceTree = "<group>"; };
		37532B5BAF74887199BAC09F /* FriendEntity.swift */ = {isa = PBXFileReference; fileEncoding = 4; lastKnownFileType = sourcecode.swift; path = FriendEntity.swift; sourceTree = "<group>"; };
		37532CE7757DCE1861B0C7D4 /* LinkPostTableViewCell.swift */ = {isa = PBXFileReference; fileEncoding = 4; lastKnownFileType = sourcecode.swift; path = LinkPostTableViewCell.swift; sourceTree = "<group>"; };
		37532D4AFE37570632B1C14C /* PostEntity.swift */ = {isa = PBXFileReference; fileEncoding = 4; lastKnownFileType = sourcecode.swift; path = PostEntity.swift; sourceTree = "<group>"; };
		37532D5B4C8CB43D1B745708 /* FriendTableViewCell.swift */ = {isa = PBXFileReference; fileEncoding = 4; lastKnownFileType = sourcecode.swift; lineEnding = 0; path = FriendTableViewCell.swift; sourceTree = "<group>"; xcLanguageSpecificationIdentifier = xcode.lang.swift; };
		37532D6947F9F0F19529E4A2 /* NSURL.swift */ = {isa = PBXFileReference; fileEncoding = 4; lastKnownFileType = sourcecode.swift; path = NSURL.swift; sourceTree = "<group>"; };
		37532E25C54C0E60F4483873 /* UIApplication.swift */ = {isa = PBXFileReference; fileEncoding = 4; lastKnownFileType = sourcecode.swift; path = UIApplication.swift; sourceTree = "<group>"; };
		37532E51DCEBAC72103DE0B8 /* IBDesignableView.swift */ = {isa = PBXFileReference; fileEncoding = 4; lastKnownFileType = sourcecode.swift; path = IBDesignableView.swift; sourceTree = "<group>"; };
		37532E7B820A7E0D82759F6F /* NSFileManager.swift */ = {isa = PBXFileReference; fileEncoding = 4; lastKnownFileType = sourcecode.swift; path = NSFileManager.swift; sourceTree = "<group>"; };
		37532EC9C263E5899B18AC96 /* NSDate.swift */ = {isa = PBXFileReference; fileEncoding = 4; lastKnownFileType = sourcecode.swift; path = NSDate.swift; sourceTree = "<group>"; };
		37532F48136918F472C88935 /* IBDesignableImageView.swift */ = {isa = PBXFileReference; fileEncoding = 4; lastKnownFileType = sourcecode.swift; path = IBDesignableImageView.swift; sourceTree = "<group>"; };
		37532F59C9395B3E5F4C7F4B /* NSFetchedResultsChangeType.swift */ = {isa = PBXFileReference; fileEncoding = 4; lastKnownFileType = sourcecode.swift; path = NSFetchedResultsChangeType.swift; sourceTree = "<group>"; };
		8033134D1A74660100E54701 /* FBPVClasses.framework */ = {isa = PBXFileReference; explicitFileType = wrapper.framework; includeInIndex = 0; path = FBPVClasses.framework; sourceTree = BUILT_PRODUCTS_DIR; };
		803313501A74660100E54701 /* Info.plist */ = {isa = PBXFileReference; lastKnownFileType = text.plist.xml; path = Info.plist; sourceTree = "<group>"; };
		803313571A74660100E54701 /* FBPVClassesTests.xctest */ = {isa = PBXFileReference; explicitFileType = wrapper.cfbundle; includeInIndex = 0; path = FBPVClassesTests.xctest; sourceTree = BUILT_PRODUCTS_DIR; };
		8033135F1A74660100E54701 /* Info.plist */ = {isa = PBXFileReference; lastKnownFileType = text.plist.xml; path = Info.plist; sourceTree = "<group>"; };
		803313601A74660100E54701 /* FacebookEndpointManagerTests.swift */ = {isa = PBXFileReference; lastKnownFileType = sourcecode.swift; lineEnding = 0; path = FacebookEndpointManagerTests.swift; sourceTree = "<group>"; xcLanguageSpecificationIdentifier = xcode.lang.swift; };
		803313721A74661500E54701 /* FBPVUI.framework */ = {isa = PBXFileReference; explicitFileType = wrapper.framework; includeInIndex = 0; path = FBPVUI.framework; sourceTree = BUILT_PRODUCTS_DIR; };
		803313751A74661500E54701 /* Info.plist */ = {isa = PBXFileReference; lastKnownFileType = text.plist.xml; path = Info.plist; sourceTree = "<group>"; };
		8033139D1A746AE600E54701 /* FacebookEndpointManager.swift */ = {isa = PBXFileReference; fileEncoding = 4; lastKnownFileType = sourcecode.swift; path = FacebookEndpointManager.swift; sourceTree = "<group>"; };
		8034CBF01AC782FA0074F973 /* GenericTableViewController.swift */ = {isa = PBXFileReference; fileEncoding = 4; lastKnownFileType = sourcecode.swift; path = GenericTableViewController.swift; sourceTree = "<group>"; };
		807E28661A7A58A3005DBF05 /* NibDesignable.swift */ = {isa = PBXFileReference; fileEncoding = 4; lastKnownFileType = sourcecode.swift; path = NibDesignable.swift; sourceTree = "<group>"; };
		807E28721A7AB703005DBF05 /* Logging.swift */ = {isa = PBXFileReference; fileEncoding = 4; lastKnownFileType = sourcecode.swift; path = Logging.swift; sourceTree = "<group>"; };
		8083DFD11AA129D1009FA37A /* UIColor.swift */ = {isa = PBXFileReference; fileEncoding = 4; lastKnownFileType = sourcecode.swift; path = UIColor.swift; sourceTree = "<group>"; };
		808D45231AA4F7D100727D07 /* Protocols.swift */ = {isa = PBXFileReference; fileEncoding = 4; lastKnownFileType = sourcecode.swift; path = Protocols.swift; sourceTree = "<group>"; };
		808FB27F1AA512790067C15B /* EmptyUserProfileView.swift */ = {isa = PBXFileReference; fileEncoding = 4; lastKnownFileType = sourcecode.swift; path = EmptyUserProfileView.swift; sourceTree = "<group>"; };
		8099BD891A9E902600DF7225 /* Common.xcconfig */ = {isa = PBXFileReference; fileEncoding = 4; lastKnownFileType = text.xcconfig; path = Common.xcconfig; sourceTree = "<group>"; };
		809FDAC81AA4D78900BEB830 /* OverlayErrorView.swift */ = {isa = PBXFileReference; fileEncoding = 4; lastKnownFileType = sourcecode.swift; path = OverlayErrorView.swift; sourceTree = "<group>"; };
		809FDACC1AA4DD7E00BEB830 /* OverlayErrorViewSubviews.swift */ = {isa = PBXFileReference; fileEncoding = 4; lastKnownFileType = sourcecode.swift; path = OverlayErrorViewSubviews.swift; sourceTree = "<group>"; };
		80A9592C1AB21C7200F552FC /* IBDesignableTableViewCell.swift */ = {isa = PBXFileReference; fileEncoding = 4; lastKnownFileType = sourcecode.swift; path = IBDesignableTableViewCell.swift; sourceTree = "<group>"; };
		80B16D6C1AC8A6300033725B /* NSLoggerClient.framework */ = {isa = PBXFileReference; explicitFileType = wrapper.framework; includeInIndex = 0; path = NSLoggerClient.framework; sourceTree = BUILT_PRODUCTS_DIR; };
		80B16D6F1AC8A6300033725B /* Info.plist */ = {isa = PBXFileReference; lastKnownFileType = text.plist.xml; path = Info.plist; sourceTree = "<group>"; };
		80B16D701AC8A6300033725B /* NSLoggerClient.h */ = {isa = PBXFileReference; lastKnownFileType = sourcecode.c.h; path = NSLoggerClient.h; sourceTree = "<group>"; };
		80B16D881AC8A69B0033725B /* LoggerClient.h */ = {isa = PBXFileReference; lastKnownFileType = sourcecode.c.h; path = LoggerClient.h; sourceTree = "<group>"; };
		80B16D891AC8A69B0033725B /* LoggerClient.m */ = {isa = PBXFileReference; lastKnownFileType = sourcecode.c.objc; path = LoggerClient.m; sourceTree = "<group>"; };
		80B16D8A1AC8A69B0033725B /* LoggerCommon.h */ = {isa = PBXFileReference; lastKnownFileType = sourcecode.c.h; path = LoggerCommon.h; sourceTree = "<group>"; };
		80B16D8B1AC8A69B0033725B /* NSLogger.h */ = {isa = PBXFileReference; lastKnownFileType = sourcecode.c.h; path = NSLogger.h; sourceTree = "<group>"; };
		80B596461AC8B93D003C2DCD /* Base */ = {isa = PBXFileReference; lastKnownFileType = file.xib; name = Base; path = Base.lproj/TestingView.xib; sourceTree = "<group>"; };
		80B596491AC8B994003C2DCD /* Base */ = {isa = PBXFileReference; lastKnownFileType = file.xib; name = Base; path = Base.lproj/OverlayErrorView.xib; sourceTree = "<group>"; };
		80B5964C1AC8B99B003C2DCD /* Base */ = {isa = PBXFileReference; lastKnownFileType = file.xib; name = Base; path = Base.lproj/EmptyUserProfileView.xib; sourceTree = "<group>"; };
		80B5964F1AC8B99F003C2DCD /* Base */ = {isa = PBXFileReference; lastKnownFileType = file.xib; name = Base; path = Base.lproj/UserProfileView.xib; sourceTree = "<group>"; };
		80B596521AC8B9A6003C2DCD /* Base */ = {isa = PBXFileReference; lastKnownFileType = file.xib; name = Base; path = Base.lproj/StatusPostTableViewCell.xib; sourceTree = "<group>"; };
		80B596551AC8B9AA003C2DCD /* Base */ = {isa = PBXFileReference; lastKnownFileType = file.xib; name = Base; path = Base.lproj/PhotoPostTableViewCell.xib; sourceTree = "<group>"; };
		80B596581AC8B9AE003C2DCD /* Base */ = {isa = PBXFileReference; lastKnownFileType = file.xib; name = Base; path = Base.lproj/LinkPostTableViewCell.xib; sourceTree = "<group>"; };
		80B5965B1AC8B9B2003C2DCD /* Base */ = {isa = PBXFileReference; lastKnownFileType = file.xib; name = Base; path = Base.lproj/LinkWithoutPhotoPostTableViewCell.xib; sourceTree = "<group>"; };
		80B5965E1AC8B9B5003C2DCD /* Base */ = {isa = PBXFileReference; lastKnownFileType = file.xib; name = Base; path = Base.lproj/FriendTableViewCell.xib; sourceTree = "<group>"; };
		80BACFA61AA259ED000A3093 /* IBDesignableHelper.swift */ = {isa = PBXFileReference; fileEncoding = 4; lastKnownFileType = sourcecode.swift; path = IBDesignableHelper.swift; sourceTree = "<group>"; };
		80BACFA81AA25EA1000A3093 /* IBSupport.xcassets */ = {isa = PBXFileReference; lastKnownFileType = folder.assetcatalog; path = IBSupport.xcassets; sourceTree = "<group>"; };
		80BACFAA1AA262C4000A3093 /* UIView.swift */ = {isa = PBXFileReference; fileEncoding = 4; lastKnownFileType = sourcecode.swift; path = UIView.swift; sourceTree = "<group>"; };
		80BACFAC1AA28E43000A3093 /* LoadMorePostsButton.swift */ = {isa = PBXFileReference; fileEncoding = 4; lastKnownFileType = sourcecode.swift; lineEnding = 0; path = LoadMorePostsButton.swift; sourceTree = "<group>"; xcLanguageSpecificationIdentifier = xcode.lang.swift; };
		80BACFAE1AA28F9C000A3093 /* WelcomeScreenView.swift */ = {isa = PBXFileReference; fileEncoding = 4; lastKnownFileType = sourcecode.swift; lineEnding = 0; path = WelcomeScreenView.swift; sourceTree = "<group>"; xcLanguageSpecificationIdentifier = xcode.lang.swift; };
		80BACFB01AA290A9000A3093 /* LoginScreenView.swift */ = {isa = PBXFileReference; fileEncoding = 4; lastKnownFileType = sourcecode.swift; path = LoginScreenView.swift; sourceTree = "<group>"; };
		80BACFB41AA29C78000A3093 /* GenericNavigationViewController.swift */ = {isa = PBXFileReference; fileEncoding = 4; lastKnownFileType = sourcecode.swift; lineEnding = 0; path = GenericNavigationViewController.swift; sourceTree = "<group>"; xcLanguageSpecificationIdentifier = xcode.lang.swift; };
		80BACFB61AA29FDA000A3093 /* LoadingProgressView.swift */ = {isa = PBXFileReference; fileEncoding = 4; lastKnownFileType = sourcecode.swift; lineEnding = 0; path = LoadingProgressView.swift; sourceTree = "<group>"; xcLanguageSpecificationIdentifier = xcode.lang.swift; };
		80C3B0551A70506A0004CBDE /* FBPV.app */ = {isa = PBXFileReference; explicitFileType = wrapper.application; includeInIndex = 0; path = FBPV.app; sourceTree = BUILT_PRODUCTS_DIR; };
		80C3B0591A70506A0004CBDE /* Info.plist */ = {isa = PBXFileReference; lastKnownFileType = text.plist.xml; path = Info.plist; sourceTree = "<group>"; };
		80C3B05D1A70506A0004CBDE /* FacebookProfileViewer.xcdatamodel */ = {isa = PBXFileReference; lastKnownFileType = wrapper.xcdatamodel; path = FacebookProfileViewer.xcdatamodel; sourceTree = "<group>"; };
		80C3B0621A70506A0004CBDE /* Base */ = {isa = PBXFileReference; lastKnownFileType = file.storyboard; name = Base; path = Base.lproj/Main.storyboard; sourceTree = "<group>"; };
		80C3B0641A70506A0004CBDE /* AppIcons.xcassets */ = {isa = PBXFileReference; lastKnownFileType = folder.assetcatalog; path = AppIcons.xcassets; sourceTree = "<group>"; };
		80C3B0671A70506A0004CBDE /* Base */ = {isa = PBXFileReference; lastKnownFileType = file.xib; name = Base; path = Base.lproj/LaunchScreen.xib; sourceTree = "<group>"; };
		80CDE7BC1A8E242A00499B4E /* CoreDataHelper.swift */ = {isa = PBXFileReference; fileEncoding = 4; lastKnownFileType = sourcecode.swift; path = CoreDataHelper.swift; sourceTree = "<group>"; };
		80CFEE941A7E947B00D47E62 /* AppState.swift */ = {isa = PBXFileReference; fileEncoding = 4; lastKnownFileType = sourcecode.swift; path = AppState.swift; sourceTree = "<group>"; };
		80D731C71AC80F7D00C687E1 /* RemoteDebugServer.swift */ = {isa = PBXFileReference; fileEncoding = 4; lastKnownFileType = sourcecode.swift; path = RemoteDebugServer.swift; sourceTree = "<group>"; };
		80E342321AA38B7E00F9C050 /* PostLinkTitleLabel.swift */ = {isa = PBXFileReference; fileEncoding = 4; lastKnownFileType = sourcecode.swift; lineEnding = 0; path = PostLinkTitleLabel.swift; sourceTree = "<group>"; xcLanguageSpecificationIdentifier = xcode.lang.swift; };
		80E342341AA38B9000F9C050 /* PostLinkSubtitleLabel.swift */ = {isa = PBXFileReference; fileEncoding = 4; lastKnownFileType = sourcecode.swift; lineEnding = 0; path = PostLinkSubtitleLabel.swift; sourceTree = "<group>"; xcLanguageSpecificationIdentifier = xcode.lang.swift; };
		80E342361AA38C9300F9C050 /* GenericPostTableViewCell.swift */ = {isa = PBXFileReference; fileEncoding = 4; lastKnownFileType = sourcecode.swift; lineEnding = 0; path = GenericPostTableViewCell.swift; sourceTree = "<group>"; xcLanguageSpecificationIdentifier = xcode.lang.swift; };
		80FBA43A1AA1288200887F25 /* XCTestCase.swift */ = {isa = PBXFileReference; fileEncoding = 4; lastKnownFileType = sourcecode.swift; path = XCTestCase.swift; sourceTree = "<group>"; };
		80FBA43D1AA128B600887F25 /* LoginButton.swift */ = {isa = PBXFileReference; fileEncoding = 4; lastKnownFileType = sourcecode.swift; lineEnding = 0; path = LoginButton.swift; sourceTree = "<group>"; xcLanguageSpecificationIdentifier = xcode.lang.swift; };
		80FBA43E1AA128B600887F25 /* SegmentedControl.swift */ = {isa = PBXFileReference; fileEncoding = 4; lastKnownFileType = sourcecode.swift; path = SegmentedControl.swift; sourceTree = "<group>"; };
		80FBA4441AA128C100887F25 /* UserProfileView.swift */ = {isa = PBXFileReference; fileEncoding = 4; lastKnownFileType = sourcecode.swift; lineEnding = 0; path = UserProfileView.swift; sourceTree = "<group>"; xcLanguageSpecificationIdentifier = xcode.lang.swift; };
		80FBA4461AA128C100887F25 /* UserProfileViewSubviews.swift */ = {isa = PBXFileReference; fileEncoding = 4; lastKnownFileType = sourcecode.swift; lineEnding = 0; path = UserProfileViewSubviews.swift; sourceTree = "<group>"; xcLanguageSpecificationIdentifier = xcode.lang.swift; };
		80FBA44D1AA1291500887F25 /* AppDelegate.swift */ = {isa = PBXFileReference; fileEncoding = 4; lastKnownFileType = sourcecode.swift; path = AppDelegate.swift; sourceTree = "<group>"; };
		80FBA44E1AA1291500887F25 /* FriendsTableViewController.swift */ = {isa = PBXFileReference; fileEncoding = 4; lastKnownFileType = sourcecode.swift; lineEnding = 0; path = FriendsTableViewController.swift; sourceTree = "<group>"; xcLanguageSpecificationIdentifier = xcode.lang.swift; };
		80FBA44F1AA1291500887F25 /* LoginScreenViewController.swift */ = {isa = PBXFileReference; fileEncoding = 4; lastKnownFileType = sourcecode.swift; path = LoginScreenViewController.swift; sourceTree = "<group>"; };
		80FBA4501AA1291500887F25 /* MainViewController.swift */ = {isa = PBXFileReference; fileEncoding = 4; lastKnownFileType = sourcecode.swift; path = MainViewController.swift; sourceTree = "<group>"; };
		80FBA4511AA1291500887F25 /* PostsTableViewController.swift */ = {isa = PBXFileReference; fileEncoding = 4; lastKnownFileType = sourcecode.swift; lineEnding = 0; path = PostsTableViewController.swift; sourceTree = "<group>"; xcLanguageSpecificationIdentifier = xcode.lang.swift; };
		80FBA4521AA1291500887F25 /* WelcomeScreenViewController.swift */ = {isa = PBXFileReference; fileEncoding = 4; lastKnownFileType = sourcecode.swift; path = WelcomeScreenViewController.swift; sourceTree = "<group>"; };
		80FE73321AA34420006453B6 /* LinkWithoutPhotoPostTableViewCell.swift */ = {isa = PBXFileReference; fileEncoding = 4; lastKnownFileType = sourcecode.swift; path = LinkWithoutPhotoPostTableViewCell.swift; sourceTree = "<group>"; };
		80FE73381AA34801006453B6 /* UINib.swift */ = {isa = PBXFileReference; fileEncoding = 4; lastKnownFileType = sourcecode.swift; path = UINib.swift; sourceTree = "<group>"; };
		80FE733A1AA35F39006453B6 /* PostDateLabel.swift */ = {isa = PBXFileReference; fileEncoding = 4; lastKnownFileType = sourcecode.swift; lineEnding = 0; path = PostDateLabel.swift; sourceTree = "<group>"; xcLanguageSpecificationIdentifier = xcode.lang.swift; };
		80FE733C1AA35FF0006453B6 /* PostTitleLabel.swift */ = {isa = PBXFileReference; fileEncoding = 4; lastKnownFileType = sourcecode.swift; lineEnding = 0; path = PostTitleLabel.swift; sourceTree = "<group>"; xcLanguageSpecificationIdentifier = xcode.lang.swift; };
		80FF71321A9A9E54005715BA /* Media.xcassets */ = {isa = PBXFileReference; lastKnownFileType = folder.assetcatalog; path = Media.xcassets; sourceTree = "<group>"; };
		80FF713B1A9AAAF2005715BA /* Apache License.txt */ = {isa = PBXFileReference; lastKnownFileType = text; path = "Apache License.txt"; sourceTree = "<group>"; };
		80FF713C1A9AAAF2005715BA /* OpenSans-Bold.ttf */ = {isa = PBXFileReference; lastKnownFileType = file; path = "OpenSans-Bold.ttf"; sourceTree = "<group>"; };
		80FF713D1A9AAAF2005715BA /* OpenSans-BoldItalic.ttf */ = {isa = PBXFileReference; lastKnownFileType = file; path = "OpenSans-BoldItalic.ttf"; sourceTree = "<group>"; };
		80FF713E1A9AAAF2005715BA /* OpenSans-ExtraBold.ttf */ = {isa = PBXFileReference; lastKnownFileType = file; path = "OpenSans-ExtraBold.ttf"; sourceTree = "<group>"; };
		80FF713F1A9AAAF2005715BA /* OpenSans-ExtraBoldItalic.ttf */ = {isa = PBXFileReference; lastKnownFileType = file; path = "OpenSans-ExtraBoldItalic.ttf"; sourceTree = "<group>"; };
		80FF71401A9AAAF2005715BA /* OpenSans-Italic.ttf */ = {isa = PBXFileReference; lastKnownFileType = file; path = "OpenSans-Italic.ttf"; sourceTree = "<group>"; };
		80FF71411A9AAAF2005715BA /* OpenSans-Light.ttf */ = {isa = PBXFileReference; lastKnownFileType = file; path = "OpenSans-Light.ttf"; sourceTree = "<group>"; };
		80FF71421A9AAAF2005715BA /* OpenSans-LightItalic.ttf */ = {isa = PBXFileReference; lastKnownFileType = file; path = "OpenSans-LightItalic.ttf"; sourceTree = "<group>"; };
		80FF71431A9AAAF2005715BA /* OpenSans-Regular.ttf */ = {isa = PBXFileReference; lastKnownFileType = file; path = "OpenSans-Regular.ttf"; sourceTree = "<group>"; };
		80FF71441A9AAAF2005715BA /* OpenSans-Semibold.ttf */ = {isa = PBXFileReference; lastKnownFileType = file; path = "OpenSans-Semibold.ttf"; sourceTree = "<group>"; };
		80FF71451A9AAAF2005715BA /* OpenSans-SemiboldItalic.ttf */ = {isa = PBXFileReference; lastKnownFileType = file; path = "OpenSans-SemiboldItalic.ttf"; sourceTree = "<group>"; };
		C5171BD51A837D000066E006 /* FacebookPostsLoadManager.swift */ = {isa = PBXFileReference; fileEncoding = 4; lastKnownFileType = sourcecode.swift; path = FacebookPostsLoadManager.swift; sourceTree = "<group>"; };
		C5171BD71A83818A0066E006 /* FacebookPostsLoadManagerTests.swift */ = {isa = PBXFileReference; fileEncoding = 4; lastKnownFileType = sourcecode.swift; lineEnding = 0; path = FacebookPostsLoadManagerTests.swift; sourceTree = "<group>"; xcLanguageSpecificationIdentifier = xcode.lang.swift; };
		C51980DC1A811F5300BE4861 /* FacebookFriendsLoadManager.swift */ = {isa = PBXFileReference; fileEncoding = 4; lastKnownFileType = sourcecode.swift; path = FacebookFriendsLoadManager.swift; sourceTree = "<group>"; };
		C51980DE1A81233A00BE4861 /* FacebookFriendsLoadManagerTests.swift */ = {isa = PBXFileReference; fileEncoding = 4; lastKnownFileType = sourcecode.swift; lineEnding = 0; path = FacebookFriendsLoadManagerTests.swift; sourceTree = "<group>"; xcLanguageSpecificationIdentifier = xcode.lang.swift; };
		C566DE961A936EDD009117E5 /* CoreDataHelperProfileTests.swift */ = {isa = PBXFileReference; fileEncoding = 4; lastKnownFileType = sourcecode.swift; lineEnding = 0; path = CoreDataHelperProfileTests.swift; sourceTree = "<group>"; xcLanguageSpecificationIdentifier = xcode.lang.swift; };
		C58C7BE71A7FD36E007E3996 /* FacebookProfileLoadManager.swift */ = {isa = PBXFileReference; fileEncoding = 4; lastKnownFileType = sourcecode.swift; path = FacebookProfileLoadManager.swift; sourceTree = "<group>"; };
		C5921A2D1A920E6600298543 /* CoreDataHelperFriendsTests.swift */ = {isa = PBXFileReference; fileEncoding = 4; lastKnownFileType = sourcecode.swift; lineEnding = 0; path = CoreDataHelperFriendsTests.swift; sourceTree = "<group>"; xcLanguageSpecificationIdentifier = xcode.lang.swift; };
		C5921A2F1A923BBA00298543 /* Reflection.swift */ = {isa = PBXFileReference; fileEncoding = 4; lastKnownFileType = sourcecode.swift; path = Reflection.swift; sourceTree = "<group>"; };
		C5A7506F1A80E1930089703F /* FacebookProfileLoadManagerTests.swift */ = {isa = PBXFileReference; fileEncoding = 4; lastKnownFileType = sourcecode.swift; lineEnding = 0; path = FacebookProfileLoadManagerTests.swift; sourceTree = "<group>"; xcLanguageSpecificationIdentifier = xcode.lang.swift; };
		C5AD127E1A97485700B1DE89 /* Settings.bundle */ = {isa = PBXFileReference; lastKnownFileType = "wrapper.plug-in"; path = Settings.bundle; sourceTree = "<group>"; };
		C5BAB5F41AC17FFF0086ED6C /* SketchStyleKit.swift */ = {isa = PBXFileReference; fileEncoding = 4; lastKnownFileType = sourcecode.swift; path = SketchStyleKit.swift; sourceTree = "<group>"; };
		C5F235561A935B0E00D8D28C /* CoreDataHelperPostsTests.swift */ = {isa = PBXFileReference; fileEncoding = 4; lastKnownFileType = sourcecode.swift; lineEnding = 0; path = CoreDataHelperPostsTests.swift; sourceTree = "<group>"; xcLanguageSpecificationIdentifier = xcode.lang.swift; };
/* End PBXFileReference section */

/* Begin PBXFrameworksBuildPhase section */
		803313491A74660100E54701 /* Frameworks */ = {
			isa = PBXFrameworksBuildPhase;
			buildActionMask = 2147483647;
			files = (
				801707AF1AC8B5DB00A7CD1E /* NSLoggerClient.framework in Frameworks */,
			);
			runOnlyForDeploymentPostprocessing = 0;
		};
		803313541A74660100E54701 /* Frameworks */ = {
			isa = PBXFrameworksBuildPhase;
			buildActionMask = 2147483647;
			files = (
				803313581A74660100E54701 /* FBPVClasses.framework in Frameworks */,
			);
			runOnlyForDeploymentPostprocessing = 0;
		};
		8033136E1A74661500E54701 /* Frameworks */ = {
			isa = PBXFrameworksBuildPhase;
			buildActionMask = 2147483647;
			files = (
			);
			runOnlyForDeploymentPostprocessing = 0;
		};
		80B16D681AC8A6300033725B /* Frameworks */ = {
			isa = PBXFrameworksBuildPhase;
			buildActionMask = 2147483647;
			files = (
			);
			runOnlyForDeploymentPostprocessing = 0;
		};
		80C3B0521A70506A0004CBDE /* Frameworks */ = {
			isa = PBXFrameworksBuildPhase;
			buildActionMask = 2147483647;
			files = (
				803313891A74661500E54701 /* FBPVUI.framework in Frameworks */,
				803313641A74660100E54701 /* FBPVClasses.framework in Frameworks */,
			);
			runOnlyForDeploymentPostprocessing = 0;
		};
/* End PBXFrameworksBuildPhase section */

/* Begin PBXGroup section */
		375323871085C478C71CD8D6 /* Cells */ = {
			isa = PBXGroup;
			children = (
				37532D5B4C8CB43D1B745708 /* FriendTableViewCell.swift */,
				80B5965F1AC8B9B5003C2DCD /* FriendTableViewCell.xib */,
				80E342361AA38C9300F9C050 /* GenericPostTableViewCell.swift */,
				80FE73321AA34420006453B6 /* LinkWithoutPhotoPostTableViewCell.swift */,
				80B5965C1AC8B9B2003C2DCD /* LinkWithoutPhotoPostTableViewCell.xib */,
				37532CE7757DCE1861B0C7D4 /* LinkPostTableViewCell.swift */,
				80B596591AC8B9AE003C2DCD /* LinkPostTableViewCell.xib */,
				375321942C31AAA7167BB90B /* PhotoPostTableViewCell.swift */,
				80B596561AC8B9AA003C2DCD /* PhotoPostTableViewCell.xib */,
				375321CA60DC5D1E9CF571ED /* StatusPostTableViewCell.swift */,
				80B596531AC8B9A6003C2DCD /* StatusPostTableViewCell.xib */,
				80A9592C1AB21C7200F552FC /* IBDesignableTableViewCell.swift */,
			);
			path = Cells;
			sourceTree = "<group>";
		};
		8033134E1A74660100E54701 /* Classes */ = {
			isa = PBXGroup;
			children = (
				807E28601A7A50A4005DBF05 /* NSManaged */,
				80ED1E131A94CC370000547C /* Extensions */,
				803313501A74660100E54701 /* Info.plist */,
				8033139D1A746AE600E54701 /* FacebookEndpointManager.swift */,
				C58C7BE71A7FD36E007E3996 /* FacebookProfileLoadManager.swift */,
				C51980DC1A811F5300BE4861 /* FacebookFriendsLoadManager.swift */,
				C5171BD51A837D000066E006 /* FacebookPostsLoadManager.swift */,
				80CFEE941A7E947B00D47E62 /* AppState.swift */,
				80CDE7BC1A8E242A00499B4E /* CoreDataHelper.swift */,
				807E28721A7AB703005DBF05 /* Logging.swift */,
				C5921A2F1A923BBA00298543 /* Reflection.swift */,
			);
			path = Classes;
			sourceTree = "<group>";
		};
		8033135D1A74660100E54701 /* ClassesTests */ = {
			isa = PBXGroup;
			children = (
				80FBA4391AA1288200887F25 /* Extensions */,
				8033135F1A74660100E54701 /* Info.plist */,
				C5921A2D1A920E6600298543 /* CoreDataHelperFriendsTests.swift */,
				C5F235561A935B0E00D8D28C /* CoreDataHelperPostsTests.swift */,
				C566DE961A936EDD009117E5 /* CoreDataHelperProfileTests.swift */,
				803313601A74660100E54701 /* FacebookEndpointManagerTests.swift */,
				C51980DE1A81233A00BE4861 /* FacebookFriendsLoadManagerTests.swift */,
				C5171BD71A83818A0066E006 /* FacebookPostsLoadManagerTests.swift */,
				C5A7506F1A80E1930089703F /* FacebookProfileLoadManagerTests.swift */,
			);
			path = ClassesTests;
			sourceTree = "<group>";
		};
		803313731A74661500E54701 /* UI */ = {
			isa = PBXGroup;
			children = (
				C5BAB5F31AC17FDD0086ED6C /* Generated */,
				375323871085C478C71CD8D6 /* Cells */,
				80FBA43C1AA128B600887F25 /* Controls */,
				8083DFD01AA129D1009FA37A /* Extensions */,
				80FBA4411AA128C100887F25 /* Views */,
				803313751A74661500E54701 /* Info.plist */,
				807E28661A7A58A3005DBF05 /* NibDesignable.swift */,
				80BACFA61AA259ED000A3093 /* IBDesignableHelper.swift */,
			);
			path = UI;
			sourceTree = "<group>";
		};
		807E28601A7A50A4005DBF05 /* NSManaged */ = {
			isa = PBXGroup;
			children = (
				37532D4AFE37570632B1C14C /* PostEntity.swift */,
				3753219C8038AE062CC53CC9 /* ProfileEntity.swift */,
				37532B5BAF74887199BAC09F /* FriendEntity.swift */,
			);
			path = NSManaged;
			sourceTree = "<group>";
		};
		8083DFD01AA129D1009FA37A /* Extensions */ = {
			isa = PBXGroup;
			children = (
				8083DFD11AA129D1009FA37A /* UIColor.swift */,
				80BACFAA1AA262C4000A3093 /* UIView.swift */,
				80FE73381AA34801006453B6 /* UINib.swift */,
			);
			path = Extensions;
			sourceTree = "<group>";
		};
		80B16D6D1AC8A6300033725B /* NSLoggerClient */ = {
			isa = PBXGroup;
			children = (
				80B16D871AC8A65B0033725B /* Vendor/NSLogger */,
				80B16D701AC8A6300033725B /* NSLoggerClient.h */,
				80B16D6F1AC8A6300033725B /* Info.plist */,
			);
			path = NSLoggerClient;
			sourceTree = "<group>";
		};
		80B16D871AC8A65B0033725B /* Vendor/NSLogger */ = {
			isa = PBXGroup;
			children = (
				80B16D881AC8A69B0033725B /* LoggerClient.h */,
				80B16D891AC8A69B0033725B /* LoggerClient.m */,
				80B16D8A1AC8A69B0033725B /* LoggerCommon.h */,
				80B16D8B1AC8A69B0033725B /* NSLogger.h */,
			);
			name = Vendor/NSLogger;
			path = "../Vendor/NSLogger/Client Logger/iOS";
			sourceTree = "<group>";
		};
		80C3B04C1A70506A0004CBDE = {
			isa = PBXGroup;
			children = (
				80C3B0571A70506A0004CBDE /* FBPV */,
				803313731A74661500E54701 /* UI */,
				8033134E1A74660100E54701 /* Classes */,
				8033135D1A74660100E54701 /* ClassesTests */,
				80FF71381A9AAAF2005715BA /* Vendor */,
				80B16D6D1AC8A6300033725B /* NSLoggerClient */,
				80C3B0561A70506A0004CBDE /* Products */,
			);
			indentWidth = 2;
			sourceTree = "<group>";
			tabWidth = 2;
		};
		80C3B0561A70506A0004CBDE /* Products */ = {
			isa = PBXGroup;
			children = (
				80C3B0551A70506A0004CBDE /* FBPV.app */,
				8033134D1A74660100E54701 /* FBPVClasses.framework */,
				803313571A74660100E54701 /* FBPVClassesTests.xctest */,
				803313721A74661500E54701 /* FBPVUI.framework */,
				80B16D6C1AC8A6300033725B /* NSLoggerClient.framework */,
			);
			name = Products;
			sourceTree = "<group>";
		};
		80C3B0571A70506A0004CBDE /* FBPV */ = {
			isa = PBXGroup;
			children = (
				80FBA44C1AA1291500887F25 /* Sources */,
				80C3B0591A70506A0004CBDE /* Info.plist */,
				C5AD127E1A97485700B1DE89 /* Settings.bundle */,
				80C3B0641A70506A0004CBDE /* AppIcons.xcassets */,
				80FF71321A9A9E54005715BA /* Media.xcassets */,
				80BACFA81AA25EA1000A3093 /* IBSupport.xcassets */,
				8099BD891A9E902600DF7225 /* Common.xcconfig */,
				80C3B05C1A70506A0004CBDE /* FacebookProfileViewer.xcdatamodeld */,
				80C3B0661A70506A0004CBDE /* LaunchScreen.xib */,
				80C3B0611A70506A0004CBDE /* Main.storyboard */,
				80B596471AC8B93D003C2DCD /* TestingView.xib */,
			);
			path = FBPV;
			sourceTree = "<group>";
		};
		80ED1E131A94CC370000547C /* Extensions */ = {
			isa = PBXGroup;
			children = (
				37532EC9C263E5899B18AC96 /* NSDate.swift */,
				37532596ADC21B67531D9149 /* UIImage.swift */,
				37532F59C9395B3E5F4C7F4B /* NSFetchedResultsChangeType.swift */,
				3753204E035A887625E6E3B9 /* String.swift */,
				37532224F8A1C41A77EBCE53 /* NSError.swift */,
				37532E25C54C0E60F4483873 /* UIApplication.swift */,
				37532AA4F48CA59F462AC4E6 /* NSDictionary.swift */,
				37532E7B820A7E0D82759F6F /* NSFileManager.swift */,
				375326839A79DE2CD78ED098 /* NSDateFormatter.swift */,
				37532D6947F9F0F19529E4A2 /* NSURL.swift */,
			);
			path = Extensions;
			sourceTree = "<group>";
		};
		80FBA4391AA1288200887F25 /* Extensions */ = {
			isa = PBXGroup;
			children = (
				80FBA43A1AA1288200887F25 /* XCTestCase.swift */,
			);
			path = Extensions;
			sourceTree = "<group>";
		};
		80FBA43C1AA128B600887F25 /* Controls */ = {
			isa = PBXGroup;
			children = (
				80FBA43D1AA128B600887F25 /* LoginButton.swift */,
				80BACFAC1AA28E43000A3093 /* LoadMorePostsButton.swift */,
				80FE733A1AA35F39006453B6 /* PostDateLabel.swift */,
				80FE733C1AA35FF0006453B6 /* PostTitleLabel.swift */,
				80E342321AA38B7E00F9C050 /* PostLinkTitleLabel.swift */,
				80E342341AA38B9000F9C050 /* PostLinkSubtitleLabel.swift */,
				80FBA43E1AA128B600887F25 /* SegmentedControl.swift */,
				375327BB69C45DFF72DAE550 /* IBDesignableLabel.swift */,
				37532272363C8EFC61A18428 /* IBDesignableButton.swift */,
			);
			path = Controls;
			sourceTree = "<group>";
		};
		80FBA4411AA128C100887F25 /* Views */ = {
			isa = PBXGroup;
			children = (
				80FBA4441AA128C100887F25 /* UserProfileView.swift */,
				80B596501AC8B99F003C2DCD /* UserProfileView.xib */,
				80FBA4461AA128C100887F25 /* UserProfileViewSubviews.swift */,
				808FB27F1AA512790067C15B /* EmptyUserProfileView.swift */,
				80B5964D1AC8B99B003C2DCD /* EmptyUserProfileView.xib */,
				3753226AF8210C38142C8A50 /* EmptyUserProfileViewSubviews.swift */,
				809FDAC81AA4D78900BEB830 /* OverlayErrorView.swift */,
				80B5964A1AC8B994003C2DCD /* OverlayErrorView.xib */,
				809FDACC1AA4DD7E00BEB830 /* OverlayErrorViewSubviews.swift */,
				80BACFB61AA29FDA000A3093 /* LoadingProgressView.swift */,
				80BACFB01AA290A9000A3093 /* LoginScreenView.swift */,
				80BACFAE1AA28F9C000A3093 /* WelcomeScreenView.swift */,
				37532E51DCEBAC72103DE0B8 /* IBDesignableView.swift */,
				37532F48136918F472C88935 /* IBDesignableImageView.swift */,
			);
			path = Views;
			sourceTree = "<group>";
		};
		80FBA44C1AA1291500887F25 /* Sources */ = {
			isa = PBXGroup;
			children = (
				80FBA44D1AA1291500887F25 /* AppDelegate.swift */,
				80FBA4501AA1291500887F25 /* MainViewController.swift */,
				8034CBF01AC782FA0074F973 /* GenericTableViewController.swift */,
				80FBA44E1AA1291500887F25 /* FriendsTableViewController.swift */,
				80FBA4511AA1291500887F25 /* PostsTableViewController.swift */,
				80FBA44F1AA1291500887F25 /* LoginScreenViewController.swift */,
				80FBA4521AA1291500887F25 /* WelcomeScreenViewController.swift */,
				80BACFB41AA29C78000A3093 /* GenericNavigationViewController.swift */,
				37532465DCFF2754FB77D40D /* StoryboardSegues.swift */,
				808D45231AA4F7D100727D07 /* Protocols.swift */,
				80D731C71AC80F7D00C687E1 /* RemoteDebugServer.swift */,
			);
			path = Sources;
			sourceTree = "<group>";
		};
		80FF71381A9AAAF2005715BA /* Vendor */ = {
			isa = PBXGroup;
			children = (
				80FF71391A9AAAF2005715BA /* Ascender Fonts */,
			);
			path = Vendor;
			sourceTree = "<group>";
		};
		80FF71391A9AAAF2005715BA /* Ascender Fonts */ = {
			isa = PBXGroup;
			children = (
				80FF713A1A9AAAF2005715BA /* open-sans */,
			);
			path = "Ascender Fonts";
			sourceTree = "<group>";
		};
		80FF713A1A9AAAF2005715BA /* open-sans */ = {
			isa = PBXGroup;
			children = (
				80FF713B1A9AAAF2005715BA /* Apache License.txt */,
				80FF713C1A9AAAF2005715BA /* OpenSans-Bold.ttf */,
				80FF713D1A9AAAF2005715BA /* OpenSans-BoldItalic.ttf */,
				80FF713E1A9AAAF2005715BA /* OpenSans-ExtraBold.ttf */,
				80FF713F1A9AAAF2005715BA /* OpenSans-ExtraBoldItalic.ttf */,
				80FF71401A9AAAF2005715BA /* OpenSans-Italic.ttf */,
				80FF71411A9AAAF2005715BA /* OpenSans-Light.ttf */,
				80FF71421A9AAAF2005715BA /* OpenSans-LightItalic.ttf */,
				80FF71431A9AAAF2005715BA /* OpenSans-Regular.ttf */,
				80FF71441A9AAAF2005715BA /* OpenSans-Semibold.ttf */,
				80FF71451A9AAAF2005715BA /* OpenSans-SemiboldItalic.ttf */,
			);
			path = "open-sans";
			sourceTree = "<group>";
		};
		C5BAB5F31AC17FDD0086ED6C /* Generated */ = {
			isa = PBXGroup;
			children = (
				C5BAB5F41AC17FFF0086ED6C /* SketchStyleKit.swift */,
			);
			name = Generated;
			sourceTree = "<group>";
		};
/* End PBXGroup section */

/* Begin PBXHeadersBuildPhase section */
		8033134A1A74660100E54701 /* Headers */ = {
			isa = PBXHeadersBuildPhase;
			buildActionMask = 2147483647;
			files = (
			);
			runOnlyForDeploymentPostprocessing = 0;
		};
		8033136F1A74661500E54701 /* Headers */ = {
			isa = PBXHeadersBuildPhase;
			buildActionMask = 2147483647;
			files = (
			);
			runOnlyForDeploymentPostprocessing = 0;
		};
		80B16D691AC8A6300033725B /* Headers */ = {
			isa = PBXHeadersBuildPhase;
			buildActionMask = 2147483647;
			files = (
				80B16D711AC8A6300033725B /* NSLoggerClient.h in Headers */,
				80B16D8C1AC8A6A80033725B /* LoggerClient.h in Headers */,
				80B16D8D1AC8A6A80033725B /* LoggerCommon.h in Headers */,
			);
			runOnlyForDeploymentPostprocessing = 0;
		};
/* End PBXHeadersBuildPhase section */

/* Begin PBXNativeTarget section */
		8033134C1A74660100E54701 /* FBPVClasses */ = {
			isa = PBXNativeTarget;
			buildConfigurationList = 8033136A1A74660100E54701 /* Build configuration list for PBXNativeTarget "FBPVClasses" */;
			buildPhases = (
				80FB791B1ACA0AA000A670EB /* Check File Headers */,
				803313481A74660100E54701 /* Sources */,
				803313491A74660100E54701 /* Frameworks */,
				8033134A1A74660100E54701 /* Headers */,
				8033134B1A74660100E54701 /* Resources */,
			);
			buildRules = (
			);
			dependencies = (
				80B16D8F1AC8A7210033725B /* PBXTargetDependency */,
			);
			name = FBPVClasses;
			productName = FacebookProfileViewerClasses;
			productReference = 8033134D1A74660100E54701 /* FBPVClasses.framework */;
			productType = "com.apple.product-type.framework";
		};
		803313561A74660100E54701 /* FBPVClassesTests */ = {
			isa = PBXNativeTarget;
			buildConfigurationList = 8033136C1A74660100E54701 /* Build configuration list for PBXNativeTarget "FBPVClassesTests" */;
			buildPhases = (
				80FB791C1ACA0ACF00A670EB /* Check File Headers */,
				803313531A74660100E54701 /* Sources */,
				803313541A74660100E54701 /* Frameworks */,
				803313551A74660100E54701 /* Resources */,
			);
			buildRules = (
			);
			dependencies = (
				8033135A1A74660100E54701 /* PBXTargetDependency */,
				8033135C1A74660100E54701 /* PBXTargetDependency */,
			);
			name = FBPVClassesTests;
			productName = FacebookProfileViewerClassesTests;
			productReference = 803313571A74660100E54701 /* FBPVClassesTests.xctest */;
			productType = "com.apple.product-type.bundle.unit-test";
		};
		803313711A74661500E54701 /* FBPVUI */ = {
			isa = PBXNativeTarget;
			buildConfigurationList = 8033138B1A74661500E54701 /* Build configuration list for PBXNativeTarget "FBPVUI" */;
			buildPhases = (
				80FB791E1ACA0B4D00A670EB /* Check File Headers */,
				8033136D1A74661500E54701 /* Sources */,
				8033136E1A74661500E54701 /* Frameworks */,
				8033136F1A74661500E54701 /* Headers */,
				803313701A74661500E54701 /* Resources */,
			);
			buildRules = (
			);
			dependencies = (
			);
			name = FBPVUI;
			productName = FacebookProfileViewerUI;
			productReference = 803313721A74661500E54701 /* FBPVUI.framework */;
			productType = "com.apple.product-type.framework";
		};
		80B16D6B1AC8A6300033725B /* NSLoggerClient */ = {
			isa = PBXNativeTarget;
			buildConfigurationList = 80B16D851AC8A6300033725B /* Build configuration list for PBXNativeTarget "NSLoggerClient" */;
			buildPhases = (
				80FB791F1ACA0B6F00A670EB /* Check File Headers */,
				80B16D671AC8A6300033725B /* Sources */,
				80B16D681AC8A6300033725B /* Frameworks */,
				80B16D691AC8A6300033725B /* Headers */,
				80B16D6A1AC8A6300033725B /* Resources */,
			);
			buildRules = (
			);
			dependencies = (
			);
			name = NSLoggerClient;
			productName = NSLoggerClient;
			productReference = 80B16D6C1AC8A6300033725B /* NSLoggerClient.framework */;
			productType = "com.apple.product-type.framework";
		};
		80C3B0541A70506A0004CBDE /* FBPV */ = {
			isa = PBXNativeTarget;
			buildConfigurationList = 80C3B0771A70506A0004CBDE /* Build configuration list for PBXNativeTarget "FBPV" */;
			buildPhases = (
				80EA05A21ACA042A00CFFFB1 /* Check File Headers */,
				80C3B0511A70506A0004CBDE /* Sources */,
				80C3B0521A70506A0004CBDE /* Frameworks */,
				80C3B0531A70506A0004CBDE /* Resources */,
				8033136B1A74660100E54701 /* Embed Frameworks */,
			);
			buildRules = (
			);
			dependencies = (
				80493E971A8D4CAC00BDE2B8 /* PBXTargetDependency */,
				803313881A74661500E54701 /* PBXTargetDependency */,
			);
			name = FBPV;
			productName = FacebookProfileViewer;
			productReference = 80C3B0551A70506A0004CBDE /* FBPV.app */;
			productType = "com.apple.product-type.application";
		};
/* End PBXNativeTarget section */

/* Begin PBXProject section */
		80C3B04D1A70506A0004CBDE /* Project object */ = {
			isa = PBXProject;
			attributes = {
				LastUpgradeCheck = 0630;
				ORGANIZATIONNAME = WaveLabs;
				TargetAttributes = {
					8033134C1A74660100E54701 = {
						CreatedOnToolsVersion = 6.1.1;
					};
					803313561A74660100E54701 = {
						CreatedOnToolsVersion = 6.1.1;
						TestTargetID = 80C3B0541A70506A0004CBDE;
					};
					803313711A74661500E54701 = {
						CreatedOnToolsVersion = 6.1.1;
					};
					80B16D6B1AC8A6300033725B = {
						CreatedOnToolsVersion = 6.3;
					};
					80C3B0541A70506A0004CBDE = {
						CreatedOnToolsVersion = 6.1.1;
					};
				};
			};
			buildConfigurationList = 80C3B0501A70506A0004CBDE /* Build configuration list for PBXProject "FBPV" */;
			compatibilityVersion = "Xcode 3.2";
			developmentRegion = English;
			hasScannedForEncodings = 0;
			knownRegions = (
				en,
				Base,
			);
			mainGroup = 80C3B04C1A70506A0004CBDE;
			productRefGroup = 80C3B0561A70506A0004CBDE /* Products */;
			projectDirPath = "";
			projectRoot = "";
			targets = (
				80C3B0541A70506A0004CBDE /* FBPV */,
				8033134C1A74660100E54701 /* FBPVClasses */,
				803313561A74660100E54701 /* FBPVClassesTests */,
				803313711A74661500E54701 /* FBPVUI */,
				80B16D6B1AC8A6300033725B /* NSLoggerClient */,
			);
		};
/* End PBXProject section */

/* Begin PBXResourcesBuildPhase section */
		8033134B1A74660100E54701 /* Resources */ = {
			isa = PBXResourcesBuildPhase;
			buildActionMask = 2147483647;
			files = (
			);
			runOnlyForDeploymentPostprocessing = 0;
		};
		803313551A74660100E54701 /* Resources */ = {
			isa = PBXResourcesBuildPhase;
			buildActionMask = 2147483647;
			files = (
			);
			runOnlyForDeploymentPostprocessing = 0;
		};
		803313701A74661500E54701 /* Resources */ = {
			isa = PBXResourcesBuildPhase;
			buildActionMask = 2147483647;
			files = (
				80B5965A1AC8B9B2003C2DCD /* LinkWithoutPhotoPostTableViewCell.xib in Resources */,
				80B596481AC8B994003C2DCD /* OverlayErrorView.xib in Resources */,
				80B5965D1AC8B9B5003C2DCD /* FriendTableViewCell.xib in Resources */,
				80B596541AC8B9AA003C2DCD /* PhotoPostTableViewCell.xib in Resources */,
				80B5964B1AC8B99B003C2DCD /* EmptyUserProfileView.xib in Resources */,
				80B596571AC8B9AE003C2DCD /* LinkPostTableViewCell.xib in Resources */,
				80B5964E1AC8B99F003C2DCD /* UserProfileView.xib in Resources */,
				80B596511AC8B9A6003C2DCD /* StatusPostTableViewCell.xib in Resources */,
			);
			runOnlyForDeploymentPostprocessing = 0;
		};
		80B16D6A1AC8A6300033725B /* Resources */ = {
			isa = PBXResourcesBuildPhase;
			buildActionMask = 2147483647;
			files = (
			);
			runOnlyForDeploymentPostprocessing = 0;
		};
		80C3B0531A70506A0004CBDE /* Resources */ = {
			isa = PBXResourcesBuildPhase;
			buildActionMask = 2147483647;
			files = (
				C5AD127F1A97485700B1DE89 /* Settings.bundle in Resources */,
				80C3B0681A70506A0004CBDE /* LaunchScreen.xib in Resources */,
				80C3B0631A70506A0004CBDE /* Main.storyboard in Resources */,
				80B596451AC8B93D003C2DCD /* TestingView.xib in Resources */,
				80FF71461A9AAD0D005715BA /* Apache License.txt in Resources */,
				80FF71501A9AAD0D005715BA /* OpenSans-SemiboldItalic.ttf in Resources */,
				80FF714A1A9AAD0D005715BA /* OpenSans-ExtraBoldItalic.ttf in Resources */,
				80FF714D1A9AAD0D005715BA /* OpenSans-LightItalic.ttf in Resources */,
				80FF714B1A9AAD0D005715BA /* OpenSans-Italic.ttf in Resources */,
				80FF71471A9AAD0D005715BA /* OpenSans-Bold.ttf in Resources */,
				80FF71491A9AAD0D005715BA /* OpenSans-ExtraBold.ttf in Resources */,
				80FF71481A9AAD0D005715BA /* OpenSans-BoldItalic.ttf in Resources */,
				80FF714C1A9AAD0D005715BA /* OpenSans-Light.ttf in Resources */,
				80FF714E1A9AAD0D005715BA /* OpenSans-Regular.ttf in Resources */,
				80FF714F1A9AAD0D005715BA /* OpenSans-Semibold.ttf in Resources */,
				C5A31F431A9B4DAB00CC89D6 /* Media.xcassets in Resources */,
				80C3B0651A70506A0004CBDE /* AppIcons.xcassets in Resources */,
			);
			runOnlyForDeploymentPostprocessing = 0;
		};
/* End PBXResourcesBuildPhase section */

/* Begin PBXShellScriptBuildPhase section */
		80EA05A21ACA042A00CFFFB1 /* Check File Headers */ = {
			isa = PBXShellScriptBuildPhase;
			buildActionMask = 2147483647;
			files = (
			);
			inputPaths = (
			);
			name = "Check File Headers";
			outputPaths = (
			);
			runOnlyForDeploymentPostprocessing = 0;
			shellPath = /bin/sh;
			shellScript = "bash ${SRCROOT}/Scripts/CheckFileHeaders.command ${SRCROOT}/FBPV ${PROJECT_NAME}";
		};
		80FB791B1ACA0AA000A670EB /* Check File Headers */ = {
			isa = PBXShellScriptBuildPhase;
			buildActionMask = 2147483647;
			files = (
			);
			inputPaths = (
			);
			name = "Check File Headers";
			outputPaths = (
			);
			runOnlyForDeploymentPostprocessing = 0;
			shellPath = /bin/sh;
			shellScript = "bash ${SRCROOT}/Scripts/CheckFileHeaders.command ${SRCROOT}/Classes ${PROJECT_NAME}";
		};
		80FB791C1ACA0ACF00A670EB /* Check File Headers */ = {
			isa = PBXShellScriptBuildPhase;
			buildActionMask = 2147483647;
			files = (
			);
			inputPaths = (
			);
			name = "Check File Headers";
			outputPaths = (
			);
			runOnlyForDeploymentPostprocessing = 0;
			shellPath = /bin/sh;
			shellScript = "bash ${SRCROOT}/Scripts/CheckFileHeaders.command ${SRCROOT}/ClassesTests ${PROJECT_NAME}";
		};
		80FB791E1ACA0B4D00A670EB /* Check File Headers */ = {
			isa = PBXShellScriptBuildPhase;
			buildActionMask = 2147483647;
			files = (
			);
			inputPaths = (
			);
			name = "Check File Headers";
			outputPaths = (
			);
			runOnlyForDeploymentPostprocessing = 0;
			shellPath = /bin/sh;
			shellScript = "bash ${SRCROOT}/Scripts/CheckFileHeaders.command ${SRCROOT}/UI ${PROJECT_NAME}";
		};
		80FB791F1ACA0B6F00A670EB /* Check File Headers */ = {
			isa = PBXShellScriptBuildPhase;
			buildActionMask = 2147483647;
			files = (
			);
			inputPaths = (
			);
			name = "Check File Headers";
			outputPaths = (
			);
			runOnlyForDeploymentPostprocessing = 0;
			shellPath = /bin/sh;
			shellScript = "bash ${SRCROOT}/Scripts/CheckFileHeaders.command ${SRCROOT}/NSLoggerClient ${PROJECT_NAME}";
		};
/* End PBXShellScriptBuildPhase section */

/* Begin PBXSourcesBuildPhase section */
		803313481A74660100E54701 /* Sources */ = {
			isa = PBXSourcesBuildPhase;
			buildActionMask = 2147483647;
			files = (
				C58C7BE81A7FD36E007E3996 /* FacebookProfileLoadManager.swift in Sources */,
				C51980DD1A811F5300BE4861 /* FacebookFriendsLoadManager.swift in Sources */,
				C5921A301A923BBA00298543 /* Reflection.swift in Sources */,
				80CDE7BD1A8E242A00499B4E /* CoreDataHelper.swift in Sources */,
				8033139E1A746AE600E54701 /* FacebookEndpointManager.swift in Sources */,
				C5171BD61A837D000066E006 /* FacebookPostsLoadManager.swift in Sources */,
				807E28731A7AB703005DBF05 /* Logging.swift in Sources */,
				80CFEE961A7E986F00D47E62 /* AppState.swift in Sources */,
				375327E6D0AAA758F50864C7 /* NSDate.swift in Sources */,
				37532DB3E31FE65B805B14BA /* UIImage.swift in Sources */,
				37532A0A869EDD952EB97DCD /* NSFetchedResultsChangeType.swift in Sources */,
				37532D3DB270012D15E59D3E /* String.swift in Sources */,
				375320A8F3E094F2542339C4 /* NSError.swift in Sources */,
				37532D3228EEC8ED3257F81E /* UIApplication.swift in Sources */,
				3753245C458C32272993A7AA /* NSDictionary.swift in Sources */,
				375324DB613D5B1FFF83B99C /* NSFileManager.swift in Sources */,
				375326D0B9607E310EDD75A2 /* NSDateFormatter.swift in Sources */,
				37532C19E99F08B3CA22CD6A /* NSURL.swift in Sources */,
				375323727A0C11BD0F7A833A /* PostEntity.swift in Sources */,
				3753272F043A29F2A8DC6BEE /* ProfileEntity.swift in Sources */,
				375329553D6BD36B02816865 /* FriendEntity.swift in Sources */,
				80D4F5911AC612CA00E2783A /* FacebookProfileViewer.xcdatamodeld in Sources */,
			);
			runOnlyForDeploymentPostprocessing = 0;
		};
		803313531A74660100E54701 /* Sources */ = {
			isa = PBXSourcesBuildPhase;
			buildActionMask = 2147483647;
			files = (
				C566DE971A936EDD009117E5 /* CoreDataHelperProfileTests.swift in Sources */,
				C5F235571A935B0E00D8D28C /* CoreDataHelperPostsTests.swift in Sources */,
				C5171BD81A83818A0066E006 /* FacebookPostsLoadManagerTests.swift in Sources */,
				C51980DF1A81233A00BE4861 /* FacebookFriendsLoadManagerTests.swift in Sources */,
				C5921A2E1A920E6600298543 /* CoreDataHelperFriendsTests.swift in Sources */,
				803313611A74660100E54701 /* FacebookEndpointManagerTests.swift in Sources */,
				80FBA43B1AA1288200887F25 /* XCTestCase.swift in Sources */,
				C5A750701A80E1930089703F /* FacebookProfileLoadManagerTests.swift in Sources */,
			);
			runOnlyForDeploymentPostprocessing = 0;
		};
		8033136D1A74661500E54701 /* Sources */ = {
			isa = PBXSourcesBuildPhase;
			buildActionMask = 2147483647;
			files = (
				80FE73341AA34420006453B6 /* LinkWithoutPhotoPostTableViewCell.swift in Sources */,
				80BACFAB1AA262C4000A3093 /* UIView.swift in Sources */,
				80E342351AA38B9000F9C050 /* PostLinkSubtitleLabel.swift in Sources */,
				808FB2801AA512790067C15B /* EmptyUserProfileView.swift in Sources */,
				809FDAC91AA4D78900BEB830 /* OverlayErrorView.swift in Sources */,
				809FDACD1AA4DD7E00BEB830 /* OverlayErrorViewSubviews.swift in Sources */,
				807E28671A7A58A3005DBF05 /* NibDesignable.swift in Sources */,
				80BACFAF1AA28F9C000A3093 /* WelcomeScreenView.swift in Sources */,
				80BACFA91AA26196000A3093 /* IBDesignableHelper.swift in Sources */,
				80FBA43F1AA128B600887F25 /* LoginButton.swift in Sources */,
				80FE73391AA34801006453B6 /* UINib.swift in Sources */,
				8083DFD31AA12A65009FA37A /* FriendTableViewCell.swift in Sources */,
				8083DFD41AA12A65009FA37A /* LinkPostTableViewCell.swift in Sources */,
				80FBA4401AA128B600887F25 /* SegmentedControl.swift in Sources */,
				8083DFD61AA12A65009FA37A /* StatusPostTableViewCell.swift in Sources */,
				80BACFAD1AA28E43000A3093 /* LoadMorePostsButton.swift in Sources */,
				80FE733D1AA35FF0006453B6 /* PostTitleLabel.swift in Sources */,
				80E342371AA38C9300F9C050 /* GenericPostTableViewCell.swift in Sources */,
				80FBA44B1AA128C100887F25 /* UserProfileViewSubviews.swift in Sources */,
				80A9592D1AB21C7200F552FC /* IBDesignableTableViewCell.swift in Sources */,
				80E342331AA38B7E00F9C050 /* PostLinkTitleLabel.swift in Sources */,
				8083DFD51AA12A65009FA37A /* PhotoPostTableViewCell.swift in Sources */,
				80FBA4491AA128C100887F25 /* UserProfileView.swift in Sources */,
				80BACFB11AA290A9000A3093 /* LoginScreenView.swift in Sources */,
				80FE733B1AA35F39006453B6 /* PostDateLabel.swift in Sources */,
				80BACFB71AA29FDA000A3093 /* LoadingProgressView.swift in Sources */,
				8083DFD21AA129D1009FA37A /* UIColor.swift in Sources */,
				37532DE9F98552A8C392E866 /* IBDesignableButton.swift in Sources */,
				37532D397FDAA84C77C8BBBC /* IBDesignableLabel.swift in Sources */,
				37532EF80BE962E666CFBD95 /* IBDesignableView.swift in Sources */,
				37532D0EF1BE75498BABF26D /* IBDesignableImageView.swift in Sources */,
				C5BAB5F61AC180950086ED6C /* SketchStyleKit.swift in Sources */,
				3753280F9A9D923F22985153 /* EmptyUserProfileViewSubviews.swift in Sources */,
			);
			runOnlyForDeploymentPostprocessing = 0;
		};
		80B16D671AC8A6300033725B /* Sources */ = {
			isa = PBXSourcesBuildPhase;
			buildActionMask = 2147483647;
			files = (
				801707AE1AC8B53700A7CD1E /* LoggerClient.m in Sources */,
			);
			runOnlyForDeploymentPostprocessing = 0;
		};
		80C3B0511A70506A0004CBDE /* Sources */ = {
			isa = PBXSourcesBuildPhase;
			buildActionMask = 2147483647;
			files = (
				8034CBF11AC782FA0074F973 /* GenericTableViewController.swift in Sources */,
				80FBA4531AA1291500887F25 /* AppDelegate.swift in Sources */,
				80FBA4571AA1291500887F25 /* PostsTableViewController.swift in Sources */,
				80BACFB51AA29C78000A3093 /* GenericNavigationViewController.swift in Sources */,
				808D45241AA4F7D100727D07 /* Protocols.swift in Sources */,
				80FBA4561AA1291500887F25 /* MainViewController.swift in Sources */,
				80FBA4541AA1291500887F25 /* FriendsTableViewController.swift in Sources */,
				80FBA4581AA1291500887F25 /* WelcomeScreenViewController.swift in Sources */,
				80FBA4551AA1291500887F25 /* LoginScreenViewController.swift in Sources */,
				3753221360C8AEA53727C54F /* StoryboardSegues.swift in Sources */,
				80D731C81AC80F7D00C687E1 /* RemoteDebugServer.swift in Sources */,
			);
			runOnlyForDeploymentPostprocessing = 0;
		};
/* End PBXSourcesBuildPhase section */

/* Begin PBXTargetDependency section */
		8033135A1A74660100E54701 /* PBXTargetDependency */ = {
			isa = PBXTargetDependency;
			target = 8033134C1A74660100E54701 /* FBPVClasses */;
			targetProxy = 803313591A74660100E54701 /* PBXContainerItemProxy */;
		};
		8033135C1A74660100E54701 /* PBXTargetDependency */ = {
			isa = PBXTargetDependency;
			target = 80C3B0541A70506A0004CBDE /* FBPV */;
			targetProxy = 8033135B1A74660100E54701 /* PBXContainerItemProxy */;
		};
		803313881A74661500E54701 /* PBXTargetDependency */ = {
			isa = PBXTargetDependency;
			target = 803313711A74661500E54701 /* FBPVUI */;
			targetProxy = 803313871A74661500E54701 /* PBXContainerItemProxy */;
		};
		80493E971A8D4CAC00BDE2B8 /* PBXTargetDependency */ = {
			isa = PBXTargetDependency;
			target = 8033134C1A74660100E54701 /* FBPVClasses */;
			targetProxy = 80493E961A8D4CAC00BDE2B8 /* PBXContainerItemProxy */;
		};
		80B16D8F1AC8A7210033725B /* PBXTargetDependency */ = {
			isa = PBXTargetDependency;
			target = 80B16D6B1AC8A6300033725B /* NSLoggerClient */;
			targetProxy = 80B16D8E1AC8A7210033725B /* PBXContainerItemProxy */;
		};
/* End PBXTargetDependency section */

/* Begin PBXVariantGroup section */
		80B596471AC8B93D003C2DCD /* TestingView.xib */ = {
			isa = PBXVariantGroup;
			children = (
				80B596461AC8B93D003C2DCD /* Base */,
			);
			name = TestingView.xib;
			sourceTree = "<group>";
		};
		80B5964A1AC8B994003C2DCD /* OverlayErrorView.xib */ = {
			isa = PBXVariantGroup;
			children = (
				80B596491AC8B994003C2DCD /* Base */,
			);
			name = OverlayErrorView.xib;
			sourceTree = "<group>";
		};
		80B5964D1AC8B99B003C2DCD /* EmptyUserProfileView.xib */ = {
			isa = PBXVariantGroup;
			children = (
				80B5964C1AC8B99B003C2DCD /* Base */,
			);
			name = EmptyUserProfileView.xib;
			sourceTree = "<group>";
		};
		80B596501AC8B99F003C2DCD /* UserProfileView.xib */ = {
			isa = PBXVariantGroup;
			children = (
				80B5964F1AC8B99F003C2DCD /* Base */,
			);
			name = UserProfileView.xib;
			sourceTree = "<group>";
		};
		80B596531AC8B9A6003C2DCD /* StatusPostTableViewCell.xib */ = {
			isa = PBXVariantGroup;
			children = (
				80B596521AC8B9A6003C2DCD /* Base */,
			);
			name = StatusPostTableViewCell.xib;
			sourceTree = "<group>";
		};
		80B596561AC8B9AA003C2DCD /* PhotoPostTableViewCell.xib */ = {
			isa = PBXVariantGroup;
			children = (
				80B596551AC8B9AA003C2DCD /* Base */,
			);
			name = PhotoPostTableViewCell.xib;
			sourceTree = "<group>";
		};
		80B596591AC8B9AE003C2DCD /* LinkPostTableViewCell.xib */ = {
			isa = PBXVariantGroup;
			children = (
				80B596581AC8B9AE003C2DCD /* Base */,
			);
			name = LinkPostTableViewCell.xib;
			sourceTree = "<group>";
		};
		80B5965C1AC8B9B2003C2DCD /* LinkWithoutPhotoPostTableViewCell.xib */ = {
			isa = PBXVariantGroup;
			children = (
				80B5965B1AC8B9B2003C2DCD /* Base */,
			);
			name = LinkWithoutPhotoPostTableViewCell.xib;
			sourceTree = "<group>";
		};
		80B5965F1AC8B9B5003C2DCD /* FriendTableViewCell.xib */ = {
			isa = PBXVariantGroup;
			children = (
				80B5965E1AC8B9B5003C2DCD /* Base */,
			);
			name = FriendTableViewCell.xib;
			sourceTree = "<group>";
		};
		80C3B0611A70506A0004CBDE /* Main.storyboard */ = {
			isa = PBXVariantGroup;
			children = (
				80C3B0621A70506A0004CBDE /* Base */,
			);
			name = Main.storyboard;
			sourceTree = "<group>";
		};
		80C3B0661A70506A0004CBDE /* LaunchScreen.xib */ = {
			isa = PBXVariantGroup;
			children = (
				80C3B0671A70506A0004CBDE /* Base */,
			);
			name = LaunchScreen.xib;
			sourceTree = "<group>";
		};
/* End PBXVariantGroup section */

/* Begin XCBuildConfiguration section */
		803313661A74660100E54701 /* Debug */ = {
			isa = XCBuildConfiguration;
			buildSettings = {
				DYLIB_INSTALL_NAME_BASE = "@rpath";
				INFOPLIST_FILE = Classes/Info.plist;
				INSTALL_PATH = "$(LOCAL_LIBRARY_DIR)/Frameworks";
				LD_RUNPATH_SEARCH_PATHS = "$(inherited) @executable_path/Frameworks @loader_path/Frameworks";
				PRODUCT_NAME = "$(TARGET_NAME)";
				SKIP_INSTALL = YES;
			};
			name = Debug;
		};
		803313671A74660100E54701 /* Release */ = {
			isa = XCBuildConfiguration;
			buildSettings = {
				DYLIB_INSTALL_NAME_BASE = "@rpath";
				INFOPLIST_FILE = Classes/Info.plist;
				INSTALL_PATH = "$(LOCAL_LIBRARY_DIR)/Frameworks";
				LD_RUNPATH_SEARCH_PATHS = "$(inherited) @executable_path/Frameworks @loader_path/Frameworks";
				PRODUCT_NAME = "$(TARGET_NAME)";
				SKIP_INSTALL = YES;
			};
			name = Release;
		};
		803313681A74660100E54701 /* Debug */ = {
			isa = XCBuildConfiguration;
			buildSettings = {
				FRAMEWORK_SEARCH_PATHS = (
					"$(SDKROOT)/Developer/Library/Frameworks",
					"$(inherited)",
				);
				INFOPLIST_FILE = ClassesTests/Info.plist;
				LD_RUNPATH_SEARCH_PATHS = "$(inherited) @executable_path/Frameworks @loader_path/Frameworks";
				PRODUCT_NAME = "$(TARGET_NAME)";
				TEST_HOST = "$(BUILT_PRODUCTS_DIR)/FBPV.app/FBPV";
			};
			name = Debug;
		};
		803313691A74660100E54701 /* Release */ = {
			isa = XCBuildConfiguration;
			buildSettings = {
				FRAMEWORK_SEARCH_PATHS = (
					"$(SDKROOT)/Developer/Library/Frameworks",
					"$(inherited)",
				);
				INFOPLIST_FILE = ClassesTests/Info.plist;
				LD_RUNPATH_SEARCH_PATHS = "$(inherited) @executable_path/Frameworks @loader_path/Frameworks";
				PRODUCT_NAME = "$(TARGET_NAME)";
				TEST_HOST = "$(BUILT_PRODUCTS_DIR)/FBPV.app/FBPV";
			};
			name = Release;
		};
		8033138C1A74661500E54701 /* Debug */ = {
			isa = XCBuildConfiguration;
			buildSettings = {
				DYLIB_INSTALL_NAME_BASE = "@rpath";
				INFOPLIST_FILE = UI/Info.plist;
				INSTALL_PATH = "$(LOCAL_LIBRARY_DIR)/Frameworks";
				LD_RUNPATH_SEARCH_PATHS = "$(inherited) @executable_path/Frameworks @loader_path/Frameworks";
				PRODUCT_NAME = "$(TARGET_NAME)";
				SKIP_INSTALL = YES;
			};
			name = Debug;
		};
		8033138D1A74661500E54701 /* Release */ = {
			isa = XCBuildConfiguration;
			buildSettings = {
				DYLIB_INSTALL_NAME_BASE = "@rpath";
				INFOPLIST_FILE = UI/Info.plist;
				INSTALL_PATH = "$(LOCAL_LIBRARY_DIR)/Frameworks";
				LD_RUNPATH_SEARCH_PATHS = "$(inherited) @executable_path/Frameworks @loader_path/Frameworks";
				PRODUCT_NAME = "$(TARGET_NAME)";
				SKIP_INSTALL = YES;
			};
			name = Release;
		};
		80B16D7F1AC8A6300033725B /* Debug */ = {
			isa = XCBuildConfiguration;
			buildSettings = {
				CLANG_WARN_UNREACHABLE_CODE = YES;
				CURRENT_PROJECT_VERSION = 1;
				DEFINES_MODULE = YES;
				DYLIB_COMPATIBILITY_VERSION = 1;
				DYLIB_CURRENT_VERSION = 1;
				DYLIB_INSTALL_NAME_BASE = "@rpath";
				GCC_NO_COMMON_BLOCKS = YES;
				INFOPLIST_FILE = NSLoggerClient/Info.plist;
				INSTALL_PATH = "$(LOCAL_LIBRARY_DIR)/Frameworks";
				LD_RUNPATH_SEARCH_PATHS = "$(inherited) @executable_path/Frameworks @loader_path/Frameworks";
				PRODUCT_NAME = "$(TARGET_NAME)";
				SKIP_INSTALL = YES;
				VERSIONING_SYSTEM = "apple-generic";
				VERSION_INFO_PREFIX = "";
			};
			name = Debug;
		};
		80B16D801AC8A6300033725B /* Test */ = {
			isa = XCBuildConfiguration;
			buildSettings = {
				CLANG_WARN_UNREACHABLE_CODE = YES;
				CURRENT_PROJECT_VERSION = 1;
				DEFINES_MODULE = YES;
				DYLIB_COMPATIBILITY_VERSION = 1;
				DYLIB_CURRENT_VERSION = 1;
				DYLIB_INSTALL_NAME_BASE = "@rpath";
				GCC_NO_COMMON_BLOCKS = YES;
				INFOPLIST_FILE = NSLoggerClient/Info.plist;
				INSTALL_PATH = "$(LOCAL_LIBRARY_DIR)/Frameworks";
				LD_RUNPATH_SEARCH_PATHS = "$(inherited) @executable_path/Frameworks @loader_path/Frameworks";
				PRODUCT_NAME = "$(TARGET_NAME)";
				SKIP_INSTALL = YES;
				VERSIONING_SYSTEM = "apple-generic";
				VERSION_INFO_PREFIX = "";
			};
			name = Test;
		};
		80B16D811AC8A6300033725B /* Release */ = {
			isa = XCBuildConfiguration;
			buildSettings = {
				CLANG_WARN_UNREACHABLE_CODE = YES;
				CURRENT_PROJECT_VERSION = 1;
				DEFINES_MODULE = YES;
				DYLIB_COMPATIBILITY_VERSION = 1;
				DYLIB_CURRENT_VERSION = 1;
				DYLIB_INSTALL_NAME_BASE = "@rpath";
				GCC_NO_COMMON_BLOCKS = YES;
				INFOPLIST_FILE = NSLoggerClient/Info.plist;
				INSTALL_PATH = "$(LOCAL_LIBRARY_DIR)/Frameworks";
				LD_RUNPATH_SEARCH_PATHS = "$(inherited) @executable_path/Frameworks @loader_path/Frameworks";
				PRODUCT_NAME = "$(TARGET_NAME)";
				SKIP_INSTALL = YES;
				VERSIONING_SYSTEM = "apple-generic";
				VERSION_INFO_PREFIX = "";
			};
			name = Release;
		};
		80C3B0751A70506A0004CBDE /* Debug */ = {
			isa = XCBuildConfiguration;
			baseConfigurationReference = 8099BD891A9E902600DF7225 /* Common.xcconfig */;
			buildSettings = {
				"CODE_SIGN_IDENTITY[sdk=iphoneos*]" = "iPhone Developer";
				IPHONEOS_DEPLOYMENT_TARGET = 8.0;
				SDKROOT = iphoneos;
				SWIFT_INSTALL_OBJC_HEADER = NO;
			};
			name = Debug;
		};
		80C3B0761A70506A0004CBDE /* Release */ = {
			isa = XCBuildConfiguration;
			baseConfigurationReference = 8099BD891A9E902600DF7225 /* Common.xcconfig */;
			buildSettings = {
				"CODE_SIGN_IDENTITY[sdk=iphoneos*]" = "iPhone Developer";
				IPHONEOS_DEPLOYMENT_TARGET = 8.0;
				SDKROOT = iphoneos;
				SWIFT_INSTALL_OBJC_HEADER = NO;
			};
			name = Release;
		};
		80C3B0781A70506A0004CBDE /* Debug */ = {
			isa = XCBuildConfiguration;
			buildSettings = {
				ASSETCATALOG_COMPILER_APPICON_NAME = AppIcon;
				INFOPLIST_FILE = FBPV/Info.plist;
				LD_RUNPATH_SEARCH_PATHS = "$(inherited) @executable_path/Frameworks";
				PRODUCT_NAME = "$(TARGET_NAME)";
			};
			name = Debug;
		};
		80C3B0791A70506A0004CBDE /* Release */ = {
			isa = XCBuildConfiguration;
			buildSettings = {
				ASSETCATALOG_COMPILER_APPICON_NAME = AppIcon;
				INFOPLIST_FILE = FBPV/Info.plist;
				LD_RUNPATH_SEARCH_PATHS = "$(inherited) @executable_path/Frameworks";
				PRODUCT_NAME = "$(TARGET_NAME)";
			};
			name = Release;
		};
		C58C7BE21A7FBEC1007E3996 /* Test */ = {
			isa = XCBuildConfiguration;
			baseConfigurationReference = 8099BD891A9E902600DF7225 /* Common.xcconfig */;
			buildSettings = {
				"CODE_SIGN_IDENTITY[sdk=iphoneos*]" = "iPhone Developer";
				IPHONEOS_DEPLOYMENT_TARGET = 8.0;
				SDKROOT = iphoneos;
				SWIFT_INSTALL_OBJC_HEADER = NO;
			};
			name = Test;
		};
		C58C7BE31A7FBEC1007E3996 /* Test */ = {
			isa = XCBuildConfiguration;
			buildSettings = {
				ASSETCATALOG_COMPILER_APPICON_NAME = AppIcon;
				INFOPLIST_FILE = FBPV/Info.plist;
				LD_RUNPATH_SEARCH_PATHS = "$(inherited) @executable_path/Frameworks";
				PRODUCT_NAME = "$(TARGET_NAME)";
			};
			name = Test;
		};
		C58C7BE41A7FBEC1007E3996 /* Test */ = {
			isa = XCBuildConfiguration;
			buildSettings = {
				DYLIB_INSTALL_NAME_BASE = "@rpath";
				INFOPLIST_FILE = Classes/Info.plist;
				INSTALL_PATH = "$(LOCAL_LIBRARY_DIR)/Frameworks";
				LD_RUNPATH_SEARCH_PATHS = "$(inherited) @executable_path/Frameworks @loader_path/Frameworks";
				PRODUCT_NAME = "$(TARGET_NAME)";
				SKIP_INSTALL = YES;
			};
			name = Test;
		};
		C58C7BE51A7FBEC1007E3996 /* Test */ = {
			isa = XCBuildConfiguration;
			buildSettings = {
				FRAMEWORK_SEARCH_PATHS = (
					"$(SDKROOT)/Developer/Library/Frameworks",
					"$(inherited)",
				);
				INFOPLIST_FILE = ClassesTests/Info.plist;
				LD_RUNPATH_SEARCH_PATHS = "$(inherited) @executable_path/Frameworks @loader_path/Frameworks";
				PRODUCT_NAME = "$(TARGET_NAME)";
				TEST_HOST = "$(BUILT_PRODUCTS_DIR)/FBPV.app/FBPV";
			};
			name = Test;
		};
		C58C7BE61A7FBEC1007E3996 /* Test */ = {
			isa = XCBuildConfiguration;
			buildSettings = {
				DYLIB_INSTALL_NAME_BASE = "@rpath";
				INFOPLIST_FILE = UI/Info.plist;
				INSTALL_PATH = "$(LOCAL_LIBRARY_DIR)/Frameworks";
				LD_RUNPATH_SEARCH_PATHS = "$(inherited) @executable_path/Frameworks @loader_path/Frameworks";
				PRODUCT_NAME = "$(TARGET_NAME)";
				SKIP_INSTALL = YES;
			};
			name = Test;
		};
/* End XCBuildConfiguration section */

/* Begin XCConfigurationList section */
		8033136A1A74660100E54701 /* Build configuration list for PBXNativeTarget "FBPVClasses" */ = {
			isa = XCConfigurationList;
			buildConfigurations = (
				803313661A74660100E54701 /* Debug */,
				C58C7BE41A7FBEC1007E3996 /* Test */,
				803313671A74660100E54701 /* Release */,
			);
			defaultConfigurationIsVisible = 0;
			defaultConfigurationName = Release;
		};
		8033136C1A74660100E54701 /* Build configuration list for PBXNativeTarget "FBPVClassesTests" */ = {
			isa = XCConfigurationList;
			buildConfigurations = (
				803313681A74660100E54701 /* Debug */,
				C58C7BE51A7FBEC1007E3996 /* Test */,
				803313691A74660100E54701 /* Release */,
			);
			defaultConfigurationIsVisible = 0;
			defaultConfigurationName = Release;
		};
		8033138B1A74661500E54701 /* Build configuration list for PBXNativeTarget "FBPVUI" */ = {
			isa = XCConfigurationList;
			buildConfigurations = (
				8033138C1A74661500E54701 /* Debug */,
				C58C7BE61A7FBEC1007E3996 /* Test */,
				8033138D1A74661500E54701 /* Release */,
			);
			defaultConfigurationIsVisible = 0;
			defaultConfigurationName = Release;
		};
		80B16D851AC8A6300033725B /* Build configuration list for PBXNativeTarget "NSLoggerClient" */ = {
			isa = XCConfigurationList;
			buildConfigurations = (
				80B16D7F1AC8A6300033725B /* Debug */,
				80B16D801AC8A6300033725B /* Test */,
				80B16D811AC8A6300033725B /* Release */,
			);
			defaultConfigurationIsVisible = 0;
			defaultConfigurationName = Release;
		};
		80C3B0501A70506A0004CBDE /* Build configuration list for PBXProject "FBPV" */ = {
			isa = XCConfigurationList;
			buildConfigurations = (
				80C3B0751A70506A0004CBDE /* Debug */,
				C58C7BE21A7FBEC1007E3996 /* Test */,
				80C3B0761A70506A0004CBDE /* Release */,
			);
			defaultConfigurationIsVisible = 0;
			defaultConfigurationName = Release;
		};
		80C3B0771A70506A0004CBDE /* Build configuration list for PBXNativeTarget "FBPV" */ = {
			isa = XCConfigurationList;
			buildConfigurations = (
				80C3B0781A70506A0004CBDE /* Debug */,
				C58C7BE31A7FBEC1007E3996 /* Test */,
				80C3B0791A70506A0004CBDE /* Release */,
			);
			defaultConfigurationIsVisible = 0;
			defaultConfigurationName = Release;
		};
/* End XCConfigurationList section */

/* Begin XCVersionGroup section */
		80C3B05C1A70506A0004CBDE /* FacebookProfileViewer.xcdatamodeld */ = {
			isa = XCVersionGroup;
			children = (
				80C3B05D1A70506A0004CBDE /* FacebookProfileViewer.xcdatamodel */,
			);
			currentVersion = 80C3B05D1A70506A0004CBDE /* FacebookProfileViewer.xcdatamodel */;
			path = FacebookProfileViewer.xcdatamodeld;
			sourceTree = "<group>";
			versionGroupType = wrapper.xcdatamodel;
		};
/* End XCVersionGroup section */
	};
	rootObject = 80C3B04D1A70506A0004CBDE /* Project object */;
}
