<?xml version="1.0" encoding="UTF-8"?>
<Scheme
   LastUpgradeVersion = "0630"
   version = "1.3">
   <BuildAction
      parallelizeBuildables = "YES"
      buildImplicitDependencies = "YES">
   </BuildAction>
   <TestAction
      selectedDebuggerIdentifier = "Xcode.DebuggerFoundation.Debugger.LLDB"
      selectedLauncherIdentifier = "Xcode.DebuggerFoundation.Launcher.LLDB"
      shouldUseLaunchSchemeArgsEnv = "YES"
      buildConfiguration = "Test">
      <Testables>
         <TestableReference
            skipped = "NO">
            <BuildableReference
               BuildableIdentifier = "primary"
               BlueprintIdentifier = "803313561A74660100E54701"
               BuildableName = "FacebookProfileViewerClassesTests.xctest"
               BlueprintName = "FacebookProfileViewerClassesTests"
               ReferencedContainer = "container:FBPV.xcodeproj">
            </BuildableReference>
         </TestableReference>
      </Testables>
      <MacroExpansion>
         <BuildableReference
            BuildableIdentifier = "primary"
            BlueprintIdentifier = "80C3B0541A70506A0004CBDE"
            BuildableName = "FacebookProfileViewer.app"
            BlueprintName = "FacebookProfileViewer"
            ReferencedContainer = "container:FBPV.xcodeproj">
         </BuildableReference>
      </MacroExpansion>
   </TestAction>
   <LaunchAction
      selectedDebuggerIdentifier = "Xcode.DebuggerFoundation.Debugger.LLDB"
      selectedLauncherIdentifier = "Xcode.DebuggerFoundation.Launcher.LLDB"
      launchStyle = "0"
      useCustomWorkingDirectory = "NO"
      buildConfiguration = "Debug"
      ignoresPersistentStateOnLaunch = "NO"
      debugDocumentVersioning = "YES"
      allowLocationSimulation = "YES">
      <BuildableProductRunnable
         runnableDebuggingMode = "0">
         <BuildableReference
            BuildableIdentifier = "primary"
            BlueprintIdentifier = "80C3B0541A70506A0004CBDE"
            BuildableName = "FacebookProfileViewer.app"
            BlueprintName = "FacebookProfileViewer"
            ReferencedContainer = "container:FBPV.xcodeproj">
         </BuildableReference>
      </BuildableProductRunnable>
      <EnvironmentVariables>
         <EnvironmentVariable
            key = "XcodeColors"
            value = "YES"
            isEnabled = "NO">
         </EnvironmentVariable>
         <EnvironmentVariable
            key = "AWLIDEVersion"
            value = "$(XCODE_PRODUCT_BUILD_VERSION)"
            isEnabled = "YES">
         </EnvironmentVariable>
         <EnvironmentVariable
            key = "AWLInMemoryStore"
            value = "YES"
            isEnabled = "NO">
         </EnvironmentVariable>
         <EnvironmentVariable
            key = "AWLProfileAlwaysLoad"
            value = "YES"
            isEnabled = "NO">
         </EnvironmentVariable>
         <EnvironmentVariable
            key = "AWLPostsAlwaysLoad"
            value = "YES"
            isEnabled = "NO">
         </EnvironmentVariable>
         <EnvironmentVariable
            key = "AWLFriendsAlwaysLoad"
            value = "YES"
            isEnabled = "NO">
         </EnvironmentVariable>
      </EnvironmentVariables>
      <AdditionalOptions>
      </AdditionalOptions>
   </LaunchAction>
   <ProfileAction
      shouldUseLaunchSchemeArgsEnv = "YES"
      savedToolIdentifier = ""
      useCustomWorkingDirectory = "NO"
      buildConfiguration = "Release"
      debugDocumentVersioning = "YES">
      <BuildableProductRunnable
         runnableDebuggingMode = "0">
         <BuildableReference
            BuildableIdentifier = "primary"
            BlueprintIdentifier = "80C3B0541A70506A0004CBDE"
            BuildableName = "FacebookProfileViewer.app"
            BlueprintName = "FacebookProfileViewer"
            ReferencedContainer = "container:FBPV.xcodeproj">
         </BuildableReference>
      </BuildableProductRunnable>
   </ProfileAction>
   <AnalyzeAction
      buildConfiguration = "Debug">
   </AnalyzeAction>
   <ArchiveAction
      buildConfiguration = "Release"
      revealArchiveInOrganizer = "YES">
   </ArchiveAction>
</Scheme>
